{
  "version": 4,
  "terraform_version": "0.14.8",
  "serial": 132,
  "lineage": "e1064311-0b35-fd17-3f89-f505da1f93c8",
  "outputs": {},
  "resources": [
    {
      "module": "module.front_load_balancer",
      "mode": "data",
      "type": "aws_subnet",
      "name": "back1",
      "provider": "provider[\"registry.terraform.io/hashicorp/aws\"]",
      "instances": [
        {
          "schema_version": 0,
          "attributes": {
            "arn": "arn:aws:ec2:us-east-1:342495404680:subnet/subnet-0597f3a5c1b3581eb",
            "assign_ipv6_address_on_creation": false,
            "availability_zone": "us-east-1a",
            "availability_zone_id": "use1-az6",
            "available_ip_address_count": 251,
            "cidr_block": "10.0.2.0/24",
            "customer_owned_ipv4_pool": "",
            "default_for_az": false,
            "filter": [
              {
                "name": "tag:Name",
                "values": [
                  "develop-back-end-a"
                ]
              }
            ],
            "id": "subnet-0597f3a5c1b3581eb",
            "ipv6_cidr_block": null,
            "ipv6_cidr_block_association_id": null,
            "map_customer_owned_ip_on_launch": false,
            "map_public_ip_on_launch": false,
            "outpost_arn": "",
            "owner_id": "342495404680",
            "state": "available",
            "tags": {
              "Environment": "develop",
              "Name": "develop-back-end-a"
            },
            "vpc_id": "vpc-01437c51dba5d6f7f"
          },
          "sensitive_attributes": []
        }
      ]
    },
    {
      "module": "module.front_load_balancer",
      "mode": "data",
      "type": "aws_subnet",
      "name": "back2",
      "provider": "provider[\"registry.terraform.io/hashicorp/aws\"]",
      "instances": [
        {
          "schema_version": 0,
          "attributes": {
            "arn": "arn:aws:ec2:us-east-1:342495404680:subnet/subnet-0a49a61a345c08d6f",
            "assign_ipv6_address_on_creation": false,
            "availability_zone": "us-east-1b",
            "availability_zone_id": "use1-az1",
            "available_ip_address_count": 251,
            "cidr_block": "10.0.3.0/24",
            "customer_owned_ipv4_pool": "",
            "default_for_az": false,
            "filter": [
              {
                "name": "tag:Name",
                "values": [
                  "develop-back-end-b"
                ]
              }
            ],
            "id": "subnet-0a49a61a345c08d6f",
            "ipv6_cidr_block": null,
            "ipv6_cidr_block_association_id": null,
            "map_customer_owned_ip_on_launch": false,
            "map_public_ip_on_launch": false,
            "outpost_arn": "",
            "owner_id": "342495404680",
            "state": "available",
            "tags": {
              "Environment": "develop",
              "Name": "develop-back-end-b"
            },
            "vpc_id": "vpc-01437c51dba5d6f7f"
          },
          "sensitive_attributes": []
        }
      ]
    },
    {
      "module": "module.front_load_balancer",
      "mode": "data",
      "type": "aws_subnet",
      "name": "front1",
      "provider": "provider[\"registry.terraform.io/hashicorp/aws\"]",
      "instances": [
        {
          "schema_version": 0,
          "attributes": {
            "arn": "arn:aws:ec2:us-east-1:342495404680:subnet/subnet-0916458a7cb909750",
            "assign_ipv6_address_on_creation": false,
            "availability_zone": "us-east-1a",
            "availability_zone_id": "use1-az6",
            "available_ip_address_count": 251,
            "cidr_block": "10.0.0.0/24",
            "customer_owned_ipv4_pool": "",
            "default_for_az": false,
            "filter": [
              {
                "name": "tag:Name",
                "values": [
                  "develop-front-end-a"
                ]
              }
            ],
            "id": "subnet-0916458a7cb909750",
            "ipv6_cidr_block": null,
            "ipv6_cidr_block_association_id": null,
            "map_customer_owned_ip_on_launch": false,
            "map_public_ip_on_launch": false,
            "outpost_arn": "",
            "owner_id": "342495404680",
            "state": "available",
            "tags": {
              "Environment": "develop",
              "Name": "develop-front-end-a"
            },
            "vpc_id": "vpc-01437c51dba5d6f7f"
          },
          "sensitive_attributes": []
        }
      ]
    },
    {
      "module": "module.front_load_balancer",
      "mode": "data",
      "type": "aws_subnet",
      "name": "front2",
      "provider": "provider[\"registry.terraform.io/hashicorp/aws\"]",
      "instances": [
        {
          "schema_version": 0,
          "attributes": {
            "arn": "arn:aws:ec2:us-east-1:342495404680:subnet/subnet-024d855c692a00c12",
            "assign_ipv6_address_on_creation": false,
            "availability_zone": "us-east-1b",
            "availability_zone_id": "use1-az1",
            "available_ip_address_count": 251,
            "cidr_block": "10.0.1.0/24",
            "customer_owned_ipv4_pool": "",
            "default_for_az": false,
            "filter": [
              {
                "name": "tag:Name",
                "values": [
                  "develop-front-end-b"
                ]
              }
            ],
            "id": "subnet-024d855c692a00c12",
            "ipv6_cidr_block": null,
            "ipv6_cidr_block_association_id": null,
            "map_customer_owned_ip_on_launch": false,
            "map_public_ip_on_launch": false,
            "outpost_arn": "",
            "owner_id": "342495404680",
            "state": "available",
            "tags": {
              "Environment": "develop",
              "Name": "develop-front-end-b"
            },
            "vpc_id": "vpc-01437c51dba5d6f7f"
          },
          "sensitive_attributes": []
        }
      ]
    },
    {
      "module": "module.front_load_balancer",
      "mode": "managed",
      "type": "aws_lb",
      "name": "back_lb",
      "provider": "provider[\"registry.terraform.io/hashicorp/aws\"]",
      "instances": [
        {
          "schema_version": 0,
          "attributes": {
            "access_logs": [
              {
                "bucket": "",
                "enabled": false,
                "prefix": ""
              }
            ],
            "arn": "arn:aws:elasticloadbalancing:us-east-1:342495404680:loadbalancer/app/develop-Back-end-balancer/83e22674bebb9c60",
            "arn_suffix": "app/develop-Back-end-balancer/83e22674bebb9c60",
            "customer_owned_ipv4_pool": "",
            "dns_name": "internal-develop-Back-end-balancer-932005133.us-east-1.elb.amazonaws.com",
            "drop_invalid_header_fields": false,
            "enable_cross_zone_load_balancing": null,
            "enable_deletion_protection": false,
            "enable_http2": true,
            "id": "arn:aws:elasticloadbalancing:us-east-1:342495404680:loadbalancer/app/develop-Back-end-balancer/83e22674bebb9c60",
            "idle_timeout": 60,
            "internal": true,
            "ip_address_type": "ipv4",
            "load_balancer_type": "application",
            "name": "develop-Back-end-balancer",
            "name_prefix": null,
            "security_groups": [
              "sg-0a841dbb167ff315e"
            ],
            "subnet_mapping": [
              {
                "allocation_id": "",
                "ipv6_address": "",
                "outpost_id": "",
                "private_ipv4_address": "",
                "subnet_id": "subnet-0597f3a5c1b3581eb"
              },
              {
                "allocation_id": "",
                "ipv6_address": "",
                "outpost_id": "",
                "private_ipv4_address": "",
                "subnet_id": "subnet-0a49a61a345c08d6f"
              }
            ],
            "subnets": [
              "subnet-0597f3a5c1b3581eb",
              "subnet-0a49a61a345c08d6f"
            ],
            "tags": {
              "Environment": "develop",
              "Name": "develop-Back-end-balancer"
            },
            "timeouts": null,
            "vpc_id": "vpc-01437c51dba5d6f7f",
            "zone_id": "Z35SXDOTRQ7X7K"
          },
          "sensitive_attributes": [],
          "private": "eyJlMmJmYjczMC1lY2FhLTExZTYtOGY4OC0zNDM2M2JjN2M0YzAiOnsiY3JlYXRlIjo2MDAwMDAwMDAwMDAsImRlbGV0ZSI6NjAwMDAwMDAwMDAwLCJ1cGRhdGUiOjYwMDAwMDAwMDAwMH19",
          "dependencies": [
            "module.front_load_balancer.data.aws_subnet.back1",
            "module.front_load_balancer.data.aws_subnet.back2",
            "module.vpc.aws_internet_gateway.internet_gateway",
            "module.vpc.aws_subnet.subnet",
            "module.vpc.aws_vpc.mainVPC"
          ]
        }
      ]
    },
    {
      "module": "module.front_load_balancer",
      "mode": "managed",
      "type": "aws_lb",
      "name": "front_lb",
      "provider": "provider[\"registry.terraform.io/hashicorp/aws\"]",
      "instances": [
        {
          "schema_version": 0,
          "attributes": {
            "access_logs": [
              {
                "bucket": "",
                "enabled": false,
                "prefix": ""
              }
            ],
            "arn": "arn:aws:elasticloadbalancing:us-east-1:342495404680:loadbalancer/app/develop-Front-load-balancer/a117485ad4780721",
            "arn_suffix": "app/develop-Front-load-balancer/a117485ad4780721",
            "customer_owned_ipv4_pool": "",
            "dns_name": "develop-Front-load-balancer-314482475.us-east-1.elb.amazonaws.com",
            "drop_invalid_header_fields": false,
            "enable_cross_zone_load_balancing": null,
            "enable_deletion_protection": false,
            "enable_http2": true,
            "id": "arn:aws:elasticloadbalancing:us-east-1:342495404680:loadbalancer/app/develop-Front-load-balancer/a117485ad4780721",
            "idle_timeout": 60,
            "internal": false,
            "ip_address_type": "ipv4",
            "load_balancer_type": "application",
            "name": "develop-Front-load-balancer",
            "name_prefix": null,
            "security_groups": [
              "sg-0a841dbb167ff315e"
            ],
            "subnet_mapping": [
              {
                "allocation_id": "",
                "ipv6_address": "",
                "outpost_id": "",
                "private_ipv4_address": "",
                "subnet_id": "subnet-024d855c692a00c12"
              },
              {
                "allocation_id": "",
                "ipv6_address": "",
                "outpost_id": "",
                "private_ipv4_address": "",
                "subnet_id": "subnet-0916458a7cb909750"
              }
            ],
            "subnets": [
              "subnet-024d855c692a00c12",
              "subnet-0916458a7cb909750"
            ],
            "tags": {
              "Environment": "develop",
              "Name": "develop-Front-load-balancer"
            },
            "timeouts": null,
            "vpc_id": "vpc-01437c51dba5d6f7f",
            "zone_id": "Z35SXDOTRQ7X7K"
          },
          "sensitive_attributes": [],
          "private": "eyJlMmJmYjczMC1lY2FhLTExZTYtOGY4OC0zNDM2M2JjN2M0YzAiOnsiY3JlYXRlIjo2MDAwMDAwMDAwMDAsImRlbGV0ZSI6NjAwMDAwMDAwMDAwLCJ1cGRhdGUiOjYwMDAwMDAwMDAwMH19",
          "dependencies": [
            "module.front_load_balancer.data.aws_subnet.front1",
            "module.front_load_balancer.data.aws_subnet.front2",
            "module.vpc.aws_internet_gateway.internet_gateway",
            "module.vpc.aws_subnet.subnet",
            "module.vpc.aws_vpc.mainVPC"
          ]
        }
      ]
    },
    {
      "module": "module.front_load_balancer",
      "mode": "managed",
      "type": "aws_lb_listener",
      "name": "back_end_listener",
      "provider": "provider[\"registry.terraform.io/hashicorp/aws\"]",
      "instances": [
        {
          "schema_version": 0,
          "attributes": {
            "arn": "arn:aws:elasticloadbalancing:us-east-1:342495404680:listener/app/develop-Back-end-balancer/83e22674bebb9c60/5cd1fbbcefcabff8",
            "certificate_arn": null,
            "default_action": [
              {
                "authenticate_cognito": [],
                "authenticate_oidc": [],
                "fixed_response": [],
                "forward": [],
                "order": 1,
                "redirect": [],
                "target_group_arn": "arn:aws:elasticloadbalancing:us-east-1:342495404680:targetgroup/develop-back-lb-group/ba0cf5b1d6026934",
                "type": "forward"
              }
            ],
            "id": "arn:aws:elasticloadbalancing:us-east-1:342495404680:listener/app/develop-Back-end-balancer/83e22674bebb9c60/5cd1fbbcefcabff8",
            "load_balancer_arn": "arn:aws:elasticloadbalancing:us-east-1:342495404680:loadbalancer/app/develop-Back-end-balancer/83e22674bebb9c60",
            "port": 3500,
            "protocol": "HTTP",
            "ssl_policy": "",
            "timeouts": null
          },
          "sensitive_attributes": [],
          "private": "eyJlMmJmYjczMC1lY2FhLTExZTYtOGY4OC0zNDM2M2JjN2M0YzAiOnsicmVhZCI6NjAwMDAwMDAwMDAwfX0=",
          "dependencies": [
            "module.front_load_balancer.aws_lb.back_lb",
            "module.front_load_balancer.aws_lb_target_group.back-end-machines",
            "module.front_load_balancer.data.aws_subnet.back1",
            "module.front_load_balancer.data.aws_subnet.back2",
            "module.vpc.aws_internet_gateway.internet_gateway",
            "module.vpc.aws_subnet.subnet",
            "module.vpc.aws_vpc.mainVPC"
          ]
        }
      ]
    },
    {
      "module": "module.front_load_balancer",
      "mode": "managed",
      "type": "aws_lb_listener",
      "name": "front_end_listener",
      "provider": "provider[\"registry.terraform.io/hashicorp/aws\"]",
      "instances": [
        {
          "schema_version": 0,
          "attributes": {
            "arn": "arn:aws:elasticloadbalancing:us-east-1:342495404680:listener/app/develop-Front-load-balancer/a117485ad4780721/0bba0b9e91ce5293",
            "certificate_arn": null,
            "default_action": [
              {
                "authenticate_cognito": [],
                "authenticate_oidc": [],
                "fixed_response": [],
                "forward": [],
                "order": 1,
                "redirect": [],
                "target_group_arn": "arn:aws:elasticloadbalancing:us-east-1:342495404680:targetgroup/develop-front-lb-group/e653e9df8f54d846",
                "type": "forward"
              }
            ],
            "id": "arn:aws:elasticloadbalancing:us-east-1:342495404680:listener/app/develop-Front-load-balancer/a117485ad4780721/0bba0b9e91ce5293",
            "load_balancer_arn": "arn:aws:elasticloadbalancing:us-east-1:342495404680:loadbalancer/app/develop-Front-load-balancer/a117485ad4780721",
            "port": 3500,
            "protocol": "HTTP",
            "ssl_policy": "",
            "timeouts": null
          },
          "sensitive_attributes": [],
          "private": "eyJlMmJmYjczMC1lY2FhLTExZTYtOGY4OC0zNDM2M2JjN2M0YzAiOnsicmVhZCI6NjAwMDAwMDAwMDAwfX0=",
          "dependencies": [
            "module.front_load_balancer.aws_lb.front_lb",
            "module.front_load_balancer.aws_lb_target_group.front-end-machines",
            "module.front_load_balancer.data.aws_subnet.front1",
            "module.front_load_balancer.data.aws_subnet.front2",
            "module.vpc.aws_internet_gateway.internet_gateway",
            "module.vpc.aws_subnet.subnet",
            "module.vpc.aws_vpc.mainVPC"
          ]
        }
      ]
    },
    {
      "module": "module.front_load_balancer",
      "mode": "managed",
      "type": "aws_lb_target_group",
      "name": "back-end-machines",
      "provider": "provider[\"registry.terraform.io/hashicorp/aws\"]",
      "instances": [
        {
          "schema_version": 0,
          "attributes": {
            "arn": "arn:aws:elasticloadbalancing:us-east-1:342495404680:targetgroup/develop-back-lb-group/ba0cf5b1d6026934",
            "arn_suffix": "targetgroup/develop-back-lb-group/ba0cf5b1d6026934",
            "deregistration_delay": 300,
            "health_check": [
              {
                "enabled": true,
                "healthy_threshold": 5,
                "interval": 30,
                "matcher": "200",
                "path": "/",
                "port": "traffic-port",
                "protocol": "HTTP",
                "timeout": 5,
                "unhealthy_threshold": 2
              }
            ],
            "id": "arn:aws:elasticloadbalancing:us-east-1:342495404680:targetgroup/develop-back-lb-group/ba0cf5b1d6026934",
            "lambda_multi_value_headers_enabled": false,
            "load_balancing_algorithm_type": "round_robin",
            "name": "develop-back-lb-group",
            "name_prefix": null,
            "port": 3000,
            "protocol": "HTTP",
            "protocol_version": "HTTP1",
            "proxy_protocol_v2": false,
            "slow_start": 0,
            "stickiness": [
              {
                "cookie_duration": 86400,
                "enabled": false,
                "type": "lb_cookie"
              }
            ],
            "tags": null,
            "target_type": "instance",
            "vpc_id": "vpc-01437c51dba5d6f7f"
          },
          "sensitive_attributes": [],
          "private": "bnVsbA==",
          "dependencies": [
            "module.vpc.aws_internet_gateway.internet_gateway",
            "module.vpc.aws_subnet.subnet",
            "module.vpc.aws_vpc.mainVPC"
          ]
        }
      ]
    },
    {
      "module": "module.front_load_balancer",
      "mode": "managed",
      "type": "aws_lb_target_group",
      "name": "front-end-machines",
      "provider": "provider[\"registry.terraform.io/hashicorp/aws\"]",
      "instances": [
        {
          "schema_version": 0,
          "attributes": {
            "arn": "arn:aws:elasticloadbalancing:us-east-1:342495404680:targetgroup/develop-front-lb-group/e653e9df8f54d846",
            "arn_suffix": "targetgroup/develop-front-lb-group/e653e9df8f54d846",
            "deregistration_delay": 300,
            "health_check": [
              {
                "enabled": true,
                "healthy_threshold": 5,
                "interval": 30,
                "matcher": "200",
                "path": "/",
                "port": "traffic-port",
                "protocol": "HTTP",
                "timeout": 5,
                "unhealthy_threshold": 2
              }
            ],
            "id": "arn:aws:elasticloadbalancing:us-east-1:342495404680:targetgroup/develop-front-lb-group/e653e9df8f54d846",
            "lambda_multi_value_headers_enabled": false,
            "load_balancing_algorithm_type": "round_robin",
            "name": "develop-front-lb-group",
            "name_prefix": null,
            "port": 3000,
            "protocol": "HTTP",
            "protocol_version": "HTTP1",
            "proxy_protocol_v2": false,
            "slow_start": 0,
            "stickiness": [
              {
                "cookie_duration": 86400,
                "enabled": false,
                "type": "lb_cookie"
              }
            ],
            "tags": null,
            "target_type": "instance",
            "vpc_id": "vpc-01437c51dba5d6f7f"
          },
          "sensitive_attributes": [],
          "private": "bnVsbA==",
          "dependencies": [
            "module.vpc.aws_internet_gateway.internet_gateway",
            "module.vpc.aws_subnet.subnet",
            "module.vpc.aws_vpc.mainVPC"
          ]
        }
      ]
    },
    {
      "module": "module.vpc",
      "mode": "managed",
      "type": "aws_internet_gateway",
      "name": "internet_gateway",
      "provider": "provider[\"registry.terraform.io/hashicorp/aws\"]",
      "instances": [
        {
          "schema_version": 0,
          "attributes": {
            "arn": "arn:aws:ec2:us-east-1:342495404680:internet-gateway/igw-01767aa9d2685dc09",
            "id": "igw-01767aa9d2685dc09",
            "owner_id": "342495404680",
            "tags": {
              "Name": "develop-internet-gateway"
            },
            "vpc_id": "vpc-01437c51dba5d6f7f"
          },
          "sensitive_attributes": [],
          "private": "bnVsbA==",
          "dependencies": [
            "module.vpc.aws_vpc.mainVPC"
          ]
        }
      ]
    },
    {
      "module": "module.vpc",
      "mode": "managed",
      "type": "aws_subnet",
      "name": "subnet",
      "provider": "provider[\"registry.terraform.io/hashicorp/aws\"]",
      "instances": [
        {
          "index_key": 0,
          "schema_version": 1,
          "attributes": {
            "arn": "arn:aws:ec2:us-east-1:342495404680:subnet/subnet-0916458a7cb909750",
            "assign_ipv6_address_on_creation": false,
            "availability_zone": "us-east-1a",
            "availability_zone_id": "use1-az6",
            "cidr_block": "10.0.0.0/24",
            "customer_owned_ipv4_pool": "",
            "id": "subnet-0916458a7cb909750",
            "ipv6_cidr_block": "",
            "ipv6_cidr_block_association_id": "",
            "map_customer_owned_ip_on_launch": false,
            "map_public_ip_on_launch": false,
            "outpost_arn": "",
            "owner_id": "342495404680",
            "tags": {
              "Environment": "develop",
              "Name": "develop-front-end-a"
            },
            "tags_all": {
              "Environment": "develop",
              "Name": "develop-front-end-a"
            },
            "timeouts": null,
            "vpc_id": "vpc-01437c51dba5d6f7f"
          },
          "sensitive_attributes": [],
          "private": "eyJlMmJmYjczMC1lY2FhLTExZTYtOGY4OC0zNDM2M2JjN2M0YzAiOnsiY3JlYXRlIjo2MDAwMDAwMDAwMDAsImRlbGV0ZSI6MTIwMDAwMDAwMDAwMH0sInNjaGVtYV92ZXJzaW9uIjoiMSJ9",
          "dependencies": [
            "module.vpc.aws_vpc.mainVPC"
          ]
        },
        {
          "index_key": 1,
          "schema_version": 1,
          "attributes": {
            "arn": "arn:aws:ec2:us-east-1:342495404680:subnet/subnet-024d855c692a00c12",
            "assign_ipv6_address_on_creation": false,
            "availability_zone": "us-east-1b",
            "availability_zone_id": "use1-az1",
            "cidr_block": "10.0.1.0/24",
            "customer_owned_ipv4_pool": "",
            "id": "subnet-024d855c692a00c12",
            "ipv6_cidr_block": "",
            "ipv6_cidr_block_association_id": "",
            "map_customer_owned_ip_on_launch": false,
            "map_public_ip_on_launch": false,
            "outpost_arn": "",
            "owner_id": "342495404680",
            "tags": {
              "Environment": "develop",
              "Name": "develop-front-end-b"
            },
            "tags_all": {
              "Environment": "develop",
              "Name": "develop-front-end-b"
            },
            "timeouts": null,
            "vpc_id": "vpc-01437c51dba5d6f7f"
          },
          "sensitive_attributes": [],
          "private": "eyJlMmJmYjczMC1lY2FhLTExZTYtOGY4OC0zNDM2M2JjN2M0YzAiOnsiY3JlYXRlIjo2MDAwMDAwMDAwMDAsImRlbGV0ZSI6MTIwMDAwMDAwMDAwMH0sInNjaGVtYV92ZXJzaW9uIjoiMSJ9",
          "dependencies": [
            "module.vpc.aws_vpc.mainVPC"
          ]
        },
        {
          "index_key": 2,
          "schema_version": 1,
          "attributes": {
            "arn": "arn:aws:ec2:us-east-1:342495404680:subnet/subnet-0597f3a5c1b3581eb",
            "assign_ipv6_address_on_creation": false,
            "availability_zone": "us-east-1a",
            "availability_zone_id": "use1-az6",
            "cidr_block": "10.0.2.0/24",
            "customer_owned_ipv4_pool": "",
            "id": "subnet-0597f3a5c1b3581eb",
            "ipv6_cidr_block": "",
            "ipv6_cidr_block_association_id": "",
            "map_customer_owned_ip_on_launch": false,
            "map_public_ip_on_launch": false,
            "outpost_arn": "",
            "owner_id": "342495404680",
            "tags": {
              "Environment": "develop",
              "Name": "develop-back-end-a"
            },
            "tags_all": {
              "Environment": "develop",
              "Name": "develop-back-end-a"
            },
            "timeouts": null,
            "vpc_id": "vpc-01437c51dba5d6f7f"
          },
          "sensitive_attributes": [],
          "private": "eyJlMmJmYjczMC1lY2FhLTExZTYtOGY4OC0zNDM2M2JjN2M0YzAiOnsiY3JlYXRlIjo2MDAwMDAwMDAwMDAsImRlbGV0ZSI6MTIwMDAwMDAwMDAwMH0sInNjaGVtYV92ZXJzaW9uIjoiMSJ9",
          "dependencies": [
            "module.vpc.aws_vpc.mainVPC"
          ]
        },
        {
          "index_key": 3,
          "schema_version": 1,
          "attributes": {
            "arn": "arn:aws:ec2:us-east-1:342495404680:subnet/subnet-0a49a61a345c08d6f",
            "assign_ipv6_address_on_creation": false,
            "availability_zone": "us-east-1b",
            "availability_zone_id": "use1-az1",
            "cidr_block": "10.0.3.0/24",
            "customer_owned_ipv4_pool": "",
            "id": "subnet-0a49a61a345c08d6f",
            "ipv6_cidr_block": "",
            "ipv6_cidr_block_association_id": "",
            "map_customer_owned_ip_on_launch": false,
            "map_public_ip_on_launch": false,
            "outpost_arn": "",
            "owner_id": "342495404680",
            "tags": {
              "Environment": "develop",
              "Name": "develop-back-end-b"
            },
            "tags_all": {
              "Environment": "develop",
              "Name": "develop-back-end-b"
            },
            "timeouts": null,
            "vpc_id": "vpc-01437c51dba5d6f7f"
          },
          "sensitive_attributes": [],
          "private": "eyJlMmJmYjczMC1lY2FhLTExZTYtOGY4OC0zNDM2M2JjN2M0YzAiOnsiY3JlYXRlIjo2MDAwMDAwMDAwMDAsImRlbGV0ZSI6MTIwMDAwMDAwMDAwMH0sInNjaGVtYV92ZXJzaW9uIjoiMSJ9",
          "dependencies": [
            "module.vpc.aws_vpc.mainVPC"
          ]
        },
        {
          "index_key": 4,
          "schema_version": 1,
          "attributes": {
            "arn": "arn:aws:ec2:us-east-1:342495404680:subnet/subnet-04cdf335862ab5e08",
            "assign_ipv6_address_on_creation": false,
            "availability_zone": "us-east-1b",
            "availability_zone_id": "use1-az1",
            "cidr_block": "10.0.4.0/28",
            "customer_owned_ipv4_pool": "",
            "id": "subnet-04cdf335862ab5e08",
            "ipv6_cidr_block": "",
            "ipv6_cidr_block_association_id": "",
            "map_customer_owned_ip_on_launch": false,
            "map_public_ip_on_launch": false,
            "outpost_arn": "",
            "owner_id": "342495404680",
            "tags": {
              "Environment": "develop",
              "Name": "develop-database"
            },
            "tags_all": {
              "Environment": "develop",
              "Name": "develop-database"
            },
            "timeouts": null,
            "vpc_id": "vpc-01437c51dba5d6f7f"
          },
          "sensitive_attributes": [],
          "private": "eyJlMmJmYjczMC1lY2FhLTExZTYtOGY4OC0zNDM2M2JjN2M0YzAiOnsiY3JlYXRlIjo2MDAwMDAwMDAwMDAsImRlbGV0ZSI6MTIwMDAwMDAwMDAwMH0sInNjaGVtYV92ZXJzaW9uIjoiMSJ9",
          "dependencies": [
            "module.vpc.aws_vpc.mainVPC"
          ]
        }
      ]
    },
    {
      "module": "module.vpc",
      "mode": "managed",
      "type": "aws_vpc",
      "name": "mainVPC",
      "provider": "provider[\"registry.terraform.io/hashicorp/aws\"]",
      "instances": [
        {
          "schema_version": 1,
          "attributes": {
            "arn": "arn:aws:ec2:us-east-1:342495404680:vpc/vpc-01437c51dba5d6f7f",
            "assign_generated_ipv6_cidr_block": false,
            "cidr_block": "10.0.0.0/16",
            "default_network_acl_id": "acl-0a2f8841ae52c935c",
            "default_route_table_id": "rtb-08e83a2c2f4457577",
            "default_security_group_id": "sg-0a841dbb167ff315e",
            "dhcp_options_id": "dopt-92bbd1e8",
            "enable_classiclink": false,
            "enable_classiclink_dns_support": false,
            "enable_dns_hostnames": false,
            "enable_dns_support": true,
            "id": "vpc-01437c51dba5d6f7f",
            "instance_tenancy": "default",
            "ipv6_association_id": "",
            "ipv6_cidr_block": "",
            "main_route_table_id": "rtb-08e83a2c2f4457577",
            "owner_id": "342495404680",
            "tags": {
              "Environment": "develop",
              "Name": "develop-life-project-vpc"
            },
            "tags_all": {
              "Environment": "develop",
              "Name": "develop-life-project-vpc"
            }
          },
          "sensitive_attributes": [],
          "private": "eyJzY2hlbWFfdmVyc2lvbiI6IjEifQ=="
        }
      ]
    }
  ]
}
