{
  "version": 4,
  "terraform_version": "0.14.8",
  "serial": 318,
  "lineage": "1a9c5139-2f99-b3d2-d696-e2a8be25aeb6",
  "outputs": {},
  "resources": [
    {
      "module": "module.BastionHost",
      "mode": "data",
      "type": "aws_ami",
      "name": "ubuntu",
      "provider": "provider[\"registry.terraform.io/hashicorp/aws\"]",
      "instances": [
        {
          "schema_version": 0,
          "attributes": {
            "architecture": "x86_64",
            "arn": "arn:aws:ec2:us-east-1::image/ami-0fa37863afb290840",
            "block_device_mappings": [
              {
                "device_name": "/dev/sda1",
                "ebs": {
                  "delete_on_termination": "true",
                  "encrypted": "false",
                  "iops": "0",
                  "snapshot_id": "snap-08dcc63a77cdebe56",
                  "throughput": "0",
                  "volume_size": "8",
                  "volume_type": "gp2"
                },
                "no_device": "",
                "virtual_name": ""
              },
              {
                "device_name": "/dev/sdb",
                "ebs": {},
                "no_device": "",
                "virtual_name": "ephemeral0"
              },
              {
                "device_name": "/dev/sdc",
                "ebs": {},
                "no_device": "",
                "virtual_name": "ephemeral1"
              }
            ],
            "creation_date": "2021-03-16T00:50:17.000Z",
            "description": "Canonical, Ubuntu, 20.04 LTS, amd64 focal image build on 2021-03-15",
            "ena_support": true,
            "executable_users": null,
            "filter": [
              {
                "name": "name",
                "values": [
                  "ubuntu/images/hvm-ssd/ubuntu-focal-20.04-amd64-server-*"
                ]
              },
              {
                "name": "virtualization-type",
                "values": [
                  "hvm"
                ]
              }
            ],
            "hypervisor": "xen",
            "id": "ami-0fa37863afb290840",
            "image_id": "ami-0fa37863afb290840",
            "image_location": "099720109477/ubuntu/images/hvm-ssd/ubuntu-focal-20.04-amd64-server-20210315",
            "image_owner_alias": null,
            "image_type": "machine",
            "kernel_id": null,
            "most_recent": true,
            "name": "ubuntu/images/hvm-ssd/ubuntu-focal-20.04-amd64-server-20210315",
            "name_regex": null,
            "owner_id": "099720109477",
            "owners": [
              "099720109477"
            ],
            "platform": null,
            "platform_details": "Linux/UNIX",
            "product_codes": [],
            "public": true,
            "ramdisk_id": null,
            "root_device_name": "/dev/sda1",
            "root_device_type": "ebs",
            "root_snapshot_id": "snap-08dcc63a77cdebe56",
            "sriov_net_support": "simple",
            "state": "available",
            "state_reason": {
              "code": "UNSET",
              "message": "UNSET"
            },
            "tags": {},
            "usage_operation": "RunInstances",
            "virtualization_type": "hvm"
          },
          "sensitive_attributes": []
        }
      ]
    },
    {
      "module": "module.BastionHost",
      "mode": "data",
      "type": "aws_subnet",
      "name": "BastionHostNet",
      "provider": "provider[\"registry.terraform.io/hashicorp/aws\"]",
      "instances": [
        {
          "schema_version": 0,
          "attributes": {
            "arn": "arn:aws:ec2:us-east-1:342495404680:subnet/subnet-0628836c7b21fe4c2",
            "assign_ipv6_address_on_creation": false,
            "availability_zone": "us-east-1a",
            "availability_zone_id": "use1-az6",
            "available_ip_address_count": 11,
            "cidr_block": "10.0.4.32/28",
            "customer_owned_ipv4_pool": "",
            "default_for_az": false,
            "filter": [
              {
                "name": "tag:Name",
                "values": [
                  "develop-bastion-host"
                ]
              }
            ],
            "id": "subnet-0628836c7b21fe4c2",
            "ipv6_cidr_block": null,
            "ipv6_cidr_block_association_id": null,
            "map_customer_owned_ip_on_launch": false,
            "map_public_ip_on_launch": false,
            "outpost_arn": "",
            "owner_id": "342495404680",
            "state": "available",
            "tags": {
              "Environment": "develop",
              "Name": "develop-bastion-host"
            },
            "vpc_id": "vpc-05ec3be55885ad567"
          },
          "sensitive_attributes": []
        }
      ]
    },
    {
      "module": "module.BastionHost",
      "mode": "managed",
      "type": "aws_instance",
      "name": "BastionHost",
      "provider": "provider[\"registry.terraform.io/hashicorp/aws\"]",
      "instances": [
        {
          "schema_version": 1,
          "attributes": {
            "ami": "ami-013f17f36f8b1fefb",
            "arn": "arn:aws:ec2:us-east-1:342495404680:instance/i-0076b6664610feb6a",
            "associate_public_ip_address": true,
            "availability_zone": "us-east-1a",
            "cpu_core_count": 2,
            "cpu_threads_per_core": 1,
            "credit_specification": [
              {
                "cpu_credits": "standard"
              }
            ],
            "disable_api_termination": false,
            "ebs_block_device": [],
            "ebs_optimized": false,
            "enclave_options": [
              {
                "enabled": false
              }
            ],
            "ephemeral_block_device": [],
            "get_password_data": false,
            "hibernation": false,
            "host_id": null,
            "iam_instance_profile": "",
            "id": "i-0076b6664610feb6a",
            "instance_initiated_shutdown_behavior": null,
            "instance_state": "running",
            "instance_type": "t2.medium",
            "ipv6_address_count": 0,
            "ipv6_addresses": [],
            "key_name": "develop-BastionHost-key",
            "metadata_options": [
              {
                "http_endpoint": "enabled",
                "http_put_response_hop_limit": 1,
                "http_tokens": "optional"
              }
            ],
            "monitoring": false,
            "network_interface": [],
            "outpost_arn": "",
            "password_data": "",
            "placement_group": "",
            "primary_network_interface_id": "eni-06b2ecef0c345ffeb",
            "private_dns": "ip-10-0-4-38.ec2.internal",
            "private_ip": "10.0.4.38",
            "public_dns": "",
            "public_ip": "54.162.153.13",
            "root_block_device": [
              {
                "delete_on_termination": true,
                "device_name": "/dev/sda1",
                "encrypted": false,
                "iops": 100,
                "kms_key_id": "",
                "tags": {},
                "throughput": 0,
                "volume_id": "vol-0c0ef2a2eff54007f",
                "volume_size": 8,
                "volume_type": "gp2"
              }
            ],
            "secondary_private_ips": [],
            "security_groups": [
              "sg-0c3715403329500cb"
            ],
            "source_dest_check": true,
            "subnet_id": "subnet-0628836c7b21fe4c2",
            "tags": {
              "Environment": "develop",
              "Name": "develop-BastionHost"
            },
            "tenancy": "default",
            "timeouts": null,
            "user_data": "ae3a0d4ce1d275efc5bcdfc8d1e591e6e2d4d37f",
            "user_data_base64": null,
            "volume_tags": null,
            "vpc_security_group_ids": [
              "sg-0c3715403329500cb"
            ]
          },
          "sensitive_attributes": [],
          "private": "eyJlMmJmYjczMC1lY2FhLTExZTYtOGY4OC0zNDM2M2JjN2M0YzAiOnsiY3JlYXRlIjo2MDAwMDAwMDAwMDAsImRlbGV0ZSI6MTIwMDAwMDAwMDAwMCwidXBkYXRlIjo2MDAwMDAwMDAwMDB9LCJzY2hlbWFfdmVyc2lvbiI6IjEifQ==",
          "dependencies": [
            "module.BastionHost.aws_key_pair.BastionHost",
            "module.BastionHost.aws_security_group.bastion_host_gp",
            "module.BastionHost.data.aws_subnet.BastionHostNet",
            "module.vpc.aws_db_subnet_group.db_subnet",
            "module.vpc.aws_default_route_table.route_table",
            "module.vpc.aws_internet_gateway.internet_gateway",
            "module.vpc.aws_subnet.subnet",
            "module.vpc.aws_vpc.mainVPC"
          ]
        }
      ]
    },
    {
      "module": "module.BastionHost",
      "mode": "managed",
      "type": "aws_key_pair",
      "name": "BastionHost",
      "provider": "provider[\"registry.terraform.io/hashicorp/aws\"]",
      "instances": [
        {
          "schema_version": 1,
          "attributes": {
            "arn": "arn:aws:ec2:us-east-1:342495404680:key-pair/develop-BastionHost-key",
            "fingerprint": "21:dc:e2:24:38:73:20:6b:5c:f6:81:6c:32:61:b9:85",
            "id": "develop-BastionHost-key",
            "key_name": "develop-BastionHost-key",
            "key_name_prefix": null,
            "key_pair_id": "key-044a6ebcc06a6fa98",
            "public_key": "ssh-rsa AAAAB3NzaC1yc2EAAAADAQABAAABAQCjm+q8+H8vVG3bHUI/yXmW50k3Na5eN9I7wJdrTM9H0e3Tnrft+Xg6bH4buzmCRo082FIy77BZQUK5IOuWDSD9wjPYFYzbLj+ibSFcZLT6ATov3EY65RPMLaY8O6TnD2alosncL1camioEfUJB+IBzzVwELojd66UzT0VT30Z0XaFmiXM7OWkau1wW9Ab6IUAIs9tm0cRoBlAKtP23IhQ7ovL9WEe7CWYLt6rUsUbL0DVGCmSR9Xgmo3WagqE/PdP8upjkvoGJnAk3EiBPBM/KyX8oTDjyTXL5t0C10SYvewoIkIzshdqWoIc2vjNEkc/L3joAvervxGqRlA2s2vFR juand@DESKTOP-O461ERP",
            "tags": null
          },
          "sensitive_attributes": [],
          "private": "eyJzY2hlbWFfdmVyc2lvbiI6IjEifQ==",
          "dependencies": [
            "module.vpc.aws_db_subnet_group.db_subnet",
            "module.vpc.aws_default_route_table.route_table",
            "module.vpc.aws_internet_gateway.internet_gateway",
            "module.vpc.aws_subnet.subnet",
            "module.vpc.aws_vpc.mainVPC"
          ]
        }
      ]
    },
    {
      "module": "module.BastionHost",
      "mode": "managed",
      "type": "aws_security_group",
      "name": "bastion_host_gp",
      "provider": "provider[\"registry.terraform.io/hashicorp/aws\"]",
      "instances": [
        {
          "schema_version": 1,
          "attributes": {
            "arn": "arn:aws:ec2:us-east-1:342495404680:security-group/sg-0c3715403329500cb",
            "description": "Bastion Host security group",
            "egress": [
              {
                "cidr_blocks": [
                  "0.0.0.0/0"
                ],
                "description": "",
                "from_port": 0,
                "ipv6_cidr_blocks": [],
                "prefix_list_ids": [],
                "protocol": "-1",
                "security_groups": [],
                "self": false,
                "to_port": 0
              }
            ],
            "id": "sg-0c3715403329500cb",
            "ingress": [
              {
                "cidr_blocks": [
                  "0.0.0.0/0"
                ],
                "description": "jenkins",
                "from_port": 8080,
                "ipv6_cidr_blocks": [],
                "prefix_list_ids": [],
                "protocol": "tcp",
                "security_groups": [],
                "self": false,
                "to_port": 8080
              },
              {
                "cidr_blocks": [
                  "0.0.0.0/0"
                ],
                "description": "ssh",
                "from_port": 22,
                "ipv6_cidr_blocks": [],
                "prefix_list_ids": [],
                "protocol": "tcp",
                "security_groups": [],
                "self": false,
                "to_port": 22
              }
            ],
            "name": "BastionHost Security Group",
            "name_prefix": "",
            "owner_id": "342495404680",
            "revoke_rules_on_delete": false,
            "tags": {
              "Environment": "develop",
              "Name": "develop-BastionHost-SG"
            },
            "timeouts": null,
            "vpc_id": "vpc-05ec3be55885ad567"
          },
          "sensitive_attributes": [],
          "private": "eyJlMmJmYjczMC1lY2FhLTExZTYtOGY4OC0zNDM2M2JjN2M0YzAiOnsiY3JlYXRlIjo2MDAwMDAwMDAwMDAsImRlbGV0ZSI6NjAwMDAwMDAwMDAwfSwic2NoZW1hX3ZlcnNpb24iOiIxIn0=",
          "dependencies": [
            "module.vpc.aws_db_subnet_group.db_subnet",
            "module.vpc.aws_default_route_table.route_table",
            "module.vpc.aws_internet_gateway.internet_gateway",
            "module.vpc.aws_subnet.subnet",
            "module.vpc.aws_vpc.mainVPC"
          ]
        }
      ]
    },
    {
      "module": "module.Database",
      "mode": "managed",
      "type": "aws_db_instance",
      "name": "default",
      "provider": "provider[\"registry.terraform.io/hashicorp/aws\"]",
      "instances": [
        {
          "schema_version": 1,
          "attributes": {
            "address": "terraform-20210323042046911000000001.c4kx0bmqhjaj.us-east-1.rds.amazonaws.com",
            "allocated_storage": 100,
            "allow_major_version_upgrade": null,
            "apply_immediately": null,
            "arn": "arn:aws:rds:us-east-1:342495404680:db:terraform-20210323042046911000000001",
            "auto_minor_version_upgrade": true,
            "availability_zone": "us-east-1b",
            "backup_retention_period": 0,
            "backup_window": "09:05-09:35",
            "ca_cert_identifier": "rds-ca-2019",
            "character_set_name": null,
            "copy_tags_to_snapshot": false,
            "db_subnet_group_name": "main",
            "delete_automated_backups": true,
            "deletion_protection": false,
            "domain": "",
            "domain_iam_role_name": "",
            "enabled_cloudwatch_logs_exports": [],
            "endpoint": "terraform-20210323042046911000000001.c4kx0bmqhjaj.us-east-1.rds.amazonaws.com:5432",
            "engine": "postgres",
            "engine_version": "12.5",
            "final_snapshot_identifier": null,
            "hosted_zone_id": "Z2R2ITUGPM61AM",
            "iam_database_authentication_enabled": false,
            "id": "terraform-20210323042046911000000001",
            "identifier": "terraform-20210323042046911000000001",
            "identifier_prefix": null,
            "instance_class": "db.t2.small",
            "iops": 0,
            "kms_key_id": "",
            "latest_restorable_time": "0001-01-01T00:00:00Z",
            "license_model": "postgresql-license",
            "maintenance_window": "fri:06:26-fri:06:56",
            "max_allocated_storage": 0,
            "monitoring_interval": 0,
            "monitoring_role_arn": "",
            "multi_az": false,
            "name": "developLifeProjectDatabase",
            "option_group_name": "default:postgres-12",
            "parameter_group_name": "default.postgres12",
            "password": "?\u0026J7z5MmSfmxbg!$g\u0026",
            "performance_insights_enabled": false,
            "performance_insights_kms_key_id": "",
            "performance_insights_retention_period": 0,
            "port": 5432,
            "publicly_accessible": false,
            "replicas": [],
            "replicate_source_db": "",
            "resource_id": "db-YZJA3LAW37L6LIF3T2AR3RTEAA",
            "restore_to_point_in_time": [],
            "s3_import": [],
            "security_group_names": [],
            "skip_final_snapshot": true,
            "snapshot_identifier": null,
            "status": "available",
            "storage_encrypted": false,
            "storage_type": "gp2",
            "tags": {},
            "timeouts": null,
            "timezone": "",
            "username": "LifeProjectUser",
            "vpc_security_group_ids": [
              "sg-0cf091ae5dcd2f3ca"
            ]
          },
          "sensitive_attributes": [
            [
              {
                "type": "get_attr",
                "value": "password"
              }
            ],
            [
              {
                "type": "get_attr",
                "value": "username"
              }
            ]
          ],
          "private": "eyJlMmJmYjczMC1lY2FhLTExZTYtOGY4OC0zNDM2M2JjN2M0YzAiOnsiY3JlYXRlIjoyNDAwMDAwMDAwMDAwLCJkZWxldGUiOjM2MDAwMDAwMDAwMDAsInVwZGF0ZSI6NDgwMDAwMDAwMDAwMH0sInNjaGVtYV92ZXJzaW9uIjoiMSJ9",
          "dependencies": [
            "module.vpc.aws_db_subnet_group.db_subnet",
            "module.vpc.aws_default_route_table.route_table",
            "module.vpc.aws_internet_gateway.internet_gateway",
            "module.vpc.aws_subnet.subnet",
            "module.vpc.aws_vpc.mainVPC"
          ]
        }
      ]
    },
    {
      "module": "module.front_load_balancer",
      "mode": "data",
      "type": "aws_subnet",
      "name": "back1",
      "provider": "provider[\"registry.terraform.io/hashicorp/aws\"]",
      "instances": [
        {
          "schema_version": 0,
          "attributes": {
            "arn": "arn:aws:ec2:us-east-1:342495404680:subnet/subnet-0277e80446f74c7dc",
            "assign_ipv6_address_on_creation": false,
            "availability_zone": "us-east-1a",
            "availability_zone_id": "use1-az6",
            "available_ip_address_count": 251,
            "cidr_block": "10.0.2.0/24",
            "customer_owned_ipv4_pool": "",
            "default_for_az": false,
            "filter": [
              {
                "name": "tag:Name",
                "values": [
                  "develop-back-end-a"
                ]
              }
            ],
            "id": "subnet-0277e80446f74c7dc",
            "ipv6_cidr_block": null,
            "ipv6_cidr_block_association_id": null,
            "map_customer_owned_ip_on_launch": false,
            "map_public_ip_on_launch": false,
            "outpost_arn": "",
            "owner_id": "342495404680",
            "state": "available",
            "tags": {
              "Environment": "develop",
              "Name": "develop-back-end-a"
            },
            "vpc_id": "vpc-05ec3be55885ad567"
          },
          "sensitive_attributes": []
        }
      ]
    },
    {
      "module": "module.front_load_balancer",
      "mode": "data",
      "type": "aws_subnet",
      "name": "back2",
      "provider": "provider[\"registry.terraform.io/hashicorp/aws\"]",
      "instances": [
        {
          "schema_version": 0,
          "attributes": {
            "arn": "arn:aws:ec2:us-east-1:342495404680:subnet/subnet-0f9bcc77c92d41e83",
            "assign_ipv6_address_on_creation": false,
            "availability_zone": "us-east-1b",
            "availability_zone_id": "use1-az1",
            "available_ip_address_count": 251,
            "cidr_block": "10.0.3.0/24",
            "customer_owned_ipv4_pool": "",
            "default_for_az": false,
            "filter": [
              {
                "name": "tag:Name",
                "values": [
                  "develop-back-end-b"
                ]
              }
            ],
            "id": "subnet-0f9bcc77c92d41e83",
            "ipv6_cidr_block": null,
            "ipv6_cidr_block_association_id": null,
            "map_customer_owned_ip_on_launch": false,
            "map_public_ip_on_launch": false,
            "outpost_arn": "",
            "owner_id": "342495404680",
            "state": "available",
            "tags": {
              "Environment": "develop",
              "Name": "develop-back-end-b"
            },
            "vpc_id": "vpc-05ec3be55885ad567"
          },
          "sensitive_attributes": []
        }
      ]
    },
    {
      "module": "module.front_load_balancer",
      "mode": "data",
      "type": "aws_subnet",
      "name": "front1",
      "provider": "provider[\"registry.terraform.io/hashicorp/aws\"]",
      "instances": [
        {
          "schema_version": 0,
          "attributes": {
            "arn": "arn:aws:ec2:us-east-1:342495404680:subnet/subnet-0e8064ddf158bad29",
            "assign_ipv6_address_on_creation": false,
            "availability_zone": "us-east-1a",
            "availability_zone_id": "use1-az6",
            "available_ip_address_count": 251,
            "cidr_block": "10.0.0.0/24",
            "customer_owned_ipv4_pool": "",
            "default_for_az": false,
            "filter": [
              {
                "name": "tag:Name",
                "values": [
                  "develop-front-end-a"
                ]
              }
            ],
            "id": "subnet-0e8064ddf158bad29",
            "ipv6_cidr_block": null,
            "ipv6_cidr_block_association_id": null,
            "map_customer_owned_ip_on_launch": false,
            "map_public_ip_on_launch": false,
            "outpost_arn": "",
            "owner_id": "342495404680",
            "state": "available",
            "tags": {
              "Environment": "develop",
              "Name": "develop-front-end-a"
            },
            "vpc_id": "vpc-05ec3be55885ad567"
          },
          "sensitive_attributes": []
        }
      ]
    },
    {
      "module": "module.front_load_balancer",
      "mode": "data",
      "type": "aws_subnet",
      "name": "front2",
      "provider": "provider[\"registry.terraform.io/hashicorp/aws\"]",
      "instances": [
        {
          "schema_version": 0,
          "attributes": {
            "arn": "arn:aws:ec2:us-east-1:342495404680:subnet/subnet-0414525a30b3e8dec",
            "assign_ipv6_address_on_creation": false,
            "availability_zone": "us-east-1b",
            "availability_zone_id": "use1-az1",
            "available_ip_address_count": 251,
            "cidr_block": "10.0.1.0/24",
            "customer_owned_ipv4_pool": "",
            "default_for_az": false,
            "filter": [
              {
                "name": "tag:Name",
                "values": [
                  "develop-front-end-b"
                ]
              }
            ],
            "id": "subnet-0414525a30b3e8dec",
            "ipv6_cidr_block": null,
            "ipv6_cidr_block_association_id": null,
            "map_customer_owned_ip_on_launch": false,
            "map_public_ip_on_launch": false,
            "outpost_arn": "",
            "owner_id": "342495404680",
            "state": "available",
            "tags": {
              "Environment": "develop",
              "Name": "develop-front-end-b"
            },
            "vpc_id": "vpc-05ec3be55885ad567"
          },
          "sensitive_attributes": []
        }
      ]
    },
    {
      "module": "module.front_load_balancer",
      "mode": "managed",
      "type": "aws_lb",
      "name": "back_lb",
      "provider": "provider[\"registry.terraform.io/hashicorp/aws\"]",
      "instances": [
        {
          "schema_version": 0,
          "attributes": {
            "access_logs": [
              {
                "bucket": "",
                "enabled": false,
                "prefix": ""
              }
            ],
            "arn": "arn:aws:elasticloadbalancing:us-east-1:342495404680:loadbalancer/app/develop-Back-end-balancer/a2a7ef876284bc06",
            "arn_suffix": "app/develop-Back-end-balancer/a2a7ef876284bc06",
            "customer_owned_ipv4_pool": "",
            "dns_name": "internal-develop-Back-end-balancer-671367337.us-east-1.elb.amazonaws.com",
            "drop_invalid_header_fields": false,
            "enable_cross_zone_load_balancing": null,
            "enable_deletion_protection": false,
            "enable_http2": true,
            "id": "arn:aws:elasticloadbalancing:us-east-1:342495404680:loadbalancer/app/develop-Back-end-balancer/a2a7ef876284bc06",
            "idle_timeout": 60,
            "internal": true,
            "ip_address_type": "ipv4",
            "load_balancer_type": "application",
            "name": "develop-Back-end-balancer",
            "name_prefix": null,
            "security_groups": [
              "sg-0cf091ae5dcd2f3ca"
            ],
            "subnet_mapping": [
              {
                "allocation_id": "",
                "ipv6_address": "",
                "outpost_id": "",
                "private_ipv4_address": "",
                "subnet_id": "subnet-0277e80446f74c7dc"
              },
              {
                "allocation_id": "",
                "ipv6_address": "",
                "outpost_id": "",
                "private_ipv4_address": "",
                "subnet_id": "subnet-0f9bcc77c92d41e83"
              }
            ],
            "subnets": [
              "subnet-0277e80446f74c7dc",
              "subnet-0f9bcc77c92d41e83"
            ],
            "tags": {
              "Environment": "develop",
              "Name": "develop-Back-end-balancer"
            },
            "timeouts": null,
            "vpc_id": "vpc-05ec3be55885ad567",
            "zone_id": "Z35SXDOTRQ7X7K"
          },
          "sensitive_attributes": [],
          "private": "eyJlMmJmYjczMC1lY2FhLTExZTYtOGY4OC0zNDM2M2JjN2M0YzAiOnsiY3JlYXRlIjo2MDAwMDAwMDAwMDAsImRlbGV0ZSI6NjAwMDAwMDAwMDAwLCJ1cGRhdGUiOjYwMDAwMDAwMDAwMH19",
          "dependencies": [
            "module.front_load_balancer.data.aws_subnet.back1",
            "module.front_load_balancer.data.aws_subnet.back2",
            "module.vpc.aws_db_subnet_group.db_subnet",
            "module.vpc.aws_default_route_table.route_table",
            "module.vpc.aws_internet_gateway.internet_gateway",
            "module.vpc.aws_subnet.subnet",
            "module.vpc.aws_vpc.mainVPC"
          ]
        }
      ]
    },
    {
      "module": "module.front_load_balancer",
      "mode": "managed",
      "type": "aws_lb",
      "name": "front_lb",
      "provider": "provider[\"registry.terraform.io/hashicorp/aws\"]",
      "instances": [
        {
          "schema_version": 0,
          "attributes": {
            "access_logs": [
              {
                "bucket": "",
                "enabled": false,
                "prefix": ""
              }
            ],
            "arn": "arn:aws:elasticloadbalancing:us-east-1:342495404680:loadbalancer/app/develop-Front-load-balancer/9ce33c09677f2d41",
            "arn_suffix": "app/develop-Front-load-balancer/9ce33c09677f2d41",
            "customer_owned_ipv4_pool": "",
            "dns_name": "develop-Front-load-balancer-1677539908.us-east-1.elb.amazonaws.com",
            "drop_invalid_header_fields": false,
            "enable_cross_zone_load_balancing": null,
            "enable_deletion_protection": false,
            "enable_http2": true,
            "id": "arn:aws:elasticloadbalancing:us-east-1:342495404680:loadbalancer/app/develop-Front-load-balancer/9ce33c09677f2d41",
            "idle_timeout": 60,
            "internal": false,
            "ip_address_type": "ipv4",
            "load_balancer_type": "application",
            "name": "develop-Front-load-balancer",
            "name_prefix": null,
            "security_groups": [
              "sg-0cf091ae5dcd2f3ca"
            ],
            "subnet_mapping": [
              {
                "allocation_id": "",
                "ipv6_address": "",
                "outpost_id": "",
                "private_ipv4_address": "",
                "subnet_id": "subnet-0414525a30b3e8dec"
              },
              {
                "allocation_id": "",
                "ipv6_address": "",
                "outpost_id": "",
                "private_ipv4_address": "",
                "subnet_id": "subnet-0e8064ddf158bad29"
              }
            ],
            "subnets": [
              "subnet-0414525a30b3e8dec",
              "subnet-0e8064ddf158bad29"
            ],
            "tags": {
              "Environment": "develop",
              "Name": "develop-Front-load-balancer"
            },
            "timeouts": null,
            "vpc_id": "vpc-05ec3be55885ad567",
            "zone_id": "Z35SXDOTRQ7X7K"
          },
          "sensitive_attributes": [],
          "private": "eyJlMmJmYjczMC1lY2FhLTExZTYtOGY4OC0zNDM2M2JjN2M0YzAiOnsiY3JlYXRlIjo2MDAwMDAwMDAwMDAsImRlbGV0ZSI6NjAwMDAwMDAwMDAwLCJ1cGRhdGUiOjYwMDAwMDAwMDAwMH19",
          "dependencies": [
            "module.front_load_balancer.data.aws_subnet.front1",
            "module.front_load_balancer.data.aws_subnet.front2",
            "module.vpc.aws_db_subnet_group.db_subnet",
            "module.vpc.aws_default_route_table.route_table",
            "module.vpc.aws_internet_gateway.internet_gateway",
            "module.vpc.aws_subnet.subnet",
            "module.vpc.aws_vpc.mainVPC"
          ]
        }
      ]
    },
    {
      "module": "module.front_load_balancer",
      "mode": "managed",
      "type": "aws_lb_listener",
      "name": "back_end_listener",
      "provider": "provider[\"registry.terraform.io/hashicorp/aws\"]",
      "instances": [
        {
          "schema_version": 0,
          "attributes": {
            "arn": "arn:aws:elasticloadbalancing:us-east-1:342495404680:listener/app/develop-Back-end-balancer/a2a7ef876284bc06/0012736c2669d0ec",
            "certificate_arn": null,
            "default_action": [
              {
                "authenticate_cognito": [],
                "authenticate_oidc": [],
                "fixed_response": [],
                "forward": [],
                "order": 1,
                "redirect": [],
                "target_group_arn": "arn:aws:elasticloadbalancing:us-east-1:342495404680:targetgroup/develop-back-lb-group/e12af229e4720fd6",
                "type": "forward"
              }
            ],
            "id": "arn:aws:elasticloadbalancing:us-east-1:342495404680:listener/app/develop-Back-end-balancer/a2a7ef876284bc06/0012736c2669d0ec",
            "load_balancer_arn": "arn:aws:elasticloadbalancing:us-east-1:342495404680:loadbalancer/app/develop-Back-end-balancer/a2a7ef876284bc06",
            "port": 3500,
            "protocol": "HTTP",
            "ssl_policy": "",
            "timeouts": null
          },
          "sensitive_attributes": [],
          "private": "eyJlMmJmYjczMC1lY2FhLTExZTYtOGY4OC0zNDM2M2JjN2M0YzAiOnsicmVhZCI6NjAwMDAwMDAwMDAwfX0=",
          "dependencies": [
            "module.front_load_balancer.aws_lb.back_lb",
            "module.front_load_balancer.aws_lb_target_group.back-end-machines",
            "module.front_load_balancer.data.aws_subnet.back1",
            "module.front_load_balancer.data.aws_subnet.back2",
            "module.vpc.aws_db_subnet_group.db_subnet",
            "module.vpc.aws_default_route_table.route_table",
            "module.vpc.aws_internet_gateway.internet_gateway",
            "module.vpc.aws_subnet.subnet",
            "module.vpc.aws_vpc.mainVPC"
          ]
        }
      ]
    },
    {
      "module": "module.front_load_balancer",
      "mode": "managed",
      "type": "aws_lb_listener",
      "name": "front_end_listener",
      "provider": "provider[\"registry.terraform.io/hashicorp/aws\"]",
      "instances": [
        {
          "schema_version": 0,
          "attributes": {
            "arn": "arn:aws:elasticloadbalancing:us-east-1:342495404680:listener/app/develop-Front-load-balancer/9ce33c09677f2d41/990e1fdd69fcf97e",
            "certificate_arn": null,
            "default_action": [
              {
                "authenticate_cognito": [],
                "authenticate_oidc": [],
                "fixed_response": [],
                "forward": [],
                "order": 1,
                "redirect": [],
                "target_group_arn": "arn:aws:elasticloadbalancing:us-east-1:342495404680:targetgroup/develop-front-lb-group/b4763266ff947292",
                "type": "forward"
              }
            ],
            "id": "arn:aws:elasticloadbalancing:us-east-1:342495404680:listener/app/develop-Front-load-balancer/9ce33c09677f2d41/990e1fdd69fcf97e",
            "load_balancer_arn": "arn:aws:elasticloadbalancing:us-east-1:342495404680:loadbalancer/app/develop-Front-load-balancer/9ce33c09677f2d41",
            "port": 3000,
            "protocol": "HTTP",
            "ssl_policy": "",
            "timeouts": null
          },
          "sensitive_attributes": [],
          "private": "eyJlMmJmYjczMC1lY2FhLTExZTYtOGY4OC0zNDM2M2JjN2M0YzAiOnsicmVhZCI6NjAwMDAwMDAwMDAwfX0=",
          "dependencies": [
            "module.front_load_balancer.aws_lb.front_lb",
            "module.front_load_balancer.aws_lb_target_group.front-end-machines",
            "module.front_load_balancer.data.aws_subnet.front1",
            "module.front_load_balancer.data.aws_subnet.front2",
            "module.vpc.aws_db_subnet_group.db_subnet",
            "module.vpc.aws_default_route_table.route_table",
            "module.vpc.aws_internet_gateway.internet_gateway",
            "module.vpc.aws_subnet.subnet",
            "module.vpc.aws_vpc.mainVPC"
          ]
        }
      ]
    },
    {
      "module": "module.front_load_balancer",
      "mode": "managed",
      "type": "aws_lb_target_group",
      "name": "back-end-machines",
      "provider": "provider[\"registry.terraform.io/hashicorp/aws\"]",
      "instances": [
        {
          "schema_version": 0,
          "attributes": {
            "arn": "arn:aws:elasticloadbalancing:us-east-1:342495404680:targetgroup/develop-back-lb-group/e12af229e4720fd6",
            "arn_suffix": "targetgroup/develop-back-lb-group/e12af229e4720fd6",
            "deregistration_delay": 300,
            "health_check": [
              {
                "enabled": true,
                "healthy_threshold": 5,
                "interval": 30,
                "matcher": "200",
                "path": "/",
                "port": "traffic-port",
                "protocol": "HTTP",
                "timeout": 5,
                "unhealthy_threshold": 2
              }
            ],
            "id": "arn:aws:elasticloadbalancing:us-east-1:342495404680:targetgroup/develop-back-lb-group/e12af229e4720fd6",
            "lambda_multi_value_headers_enabled": false,
            "load_balancing_algorithm_type": "round_robin",
            "name": "develop-back-lb-group",
            "name_prefix": null,
            "port": 3500,
            "protocol": "HTTP",
            "protocol_version": "HTTP1",
            "proxy_protocol_v2": false,
            "slow_start": 0,
            "stickiness": [
              {
                "cookie_duration": 86400,
                "enabled": false,
                "type": "lb_cookie"
              }
            ],
            "tags": null,
            "target_type": "instance",
            "vpc_id": "vpc-05ec3be55885ad567"
          },
          "sensitive_attributes": [],
          "private": "bnVsbA==",
          "dependencies": [
            "module.vpc.aws_db_subnet_group.db_subnet",
            "module.vpc.aws_default_route_table.route_table",
            "module.vpc.aws_internet_gateway.internet_gateway",
            "module.vpc.aws_subnet.subnet",
            "module.vpc.aws_vpc.mainVPC"
          ]
        }
      ]
    },
    {
      "module": "module.front_load_balancer",
      "mode": "managed",
      "type": "aws_lb_target_group",
      "name": "front-end-machines",
      "provider": "provider[\"registry.terraform.io/hashicorp/aws\"]",
      "instances": [
        {
          "schema_version": 0,
          "attributes": {
            "arn": "arn:aws:elasticloadbalancing:us-east-1:342495404680:targetgroup/develop-front-lb-group/b4763266ff947292",
            "arn_suffix": "targetgroup/develop-front-lb-group/b4763266ff947292",
            "deregistration_delay": 300,
            "health_check": [
              {
                "enabled": true,
                "healthy_threshold": 5,
                "interval": 30,
                "matcher": "200",
                "path": "/",
                "port": "traffic-port",
                "protocol": "HTTP",
                "timeout": 5,
                "unhealthy_threshold": 2
              }
            ],
            "id": "arn:aws:elasticloadbalancing:us-east-1:342495404680:targetgroup/develop-front-lb-group/b4763266ff947292",
            "lambda_multi_value_headers_enabled": false,
            "load_balancing_algorithm_type": "round_robin",
            "name": "develop-front-lb-group",
            "name_prefix": null,
            "port": 3000,
            "protocol": "HTTP",
            "protocol_version": "HTTP1",
            "proxy_protocol_v2": false,
            "slow_start": 0,
            "stickiness": [
              {
                "cookie_duration": 86400,
                "enabled": false,
                "type": "lb_cookie"
              }
            ],
            "tags": null,
            "target_type": "instance",
            "vpc_id": "vpc-05ec3be55885ad567"
          },
          "sensitive_attributes": [],
          "private": "bnVsbA==",
          "dependencies": [
            "module.vpc.aws_db_subnet_group.db_subnet",
            "module.vpc.aws_default_route_table.route_table",
            "module.vpc.aws_internet_gateway.internet_gateway",
            "module.vpc.aws_subnet.subnet",
            "module.vpc.aws_vpc.mainVPC"
          ]
        }
      ]
    },
    {
      "module": "module.vpc",
      "mode": "managed",
      "type": "aws_db_subnet_group",
      "name": "db_subnet",
      "provider": "provider[\"registry.terraform.io/hashicorp/aws\"]",
      "instances": [
        {
          "schema_version": 0,
          "attributes": {
            "arn": "arn:aws:rds:us-east-1:342495404680:subgrp:main",
            "description": "Managed by Terraform",
            "id": "main",
            "name": "main",
            "name_prefix": null,
            "subnet_ids": [
              "subnet-01e1387d88d31af89",
              "subnet-09f2ce8a16ab43c52"
            ],
            "tags": {
              "Environment": "develop",
              "Name": "develop-db-group"
            }
          },
          "sensitive_attributes": [],
          "private": "bnVsbA==",
          "dependencies": [
            "module.vpc.aws_subnet.subnet",
            "module.vpc.aws_vpc.mainVPC"
          ]
        }
      ]
    },
    {
      "module": "module.vpc",
      "mode": "managed",
      "type": "aws_default_route_table",
      "name": "route_table",
      "provider": "provider[\"registry.terraform.io/hashicorp/aws\"]",
      "instances": [
        {
          "schema_version": 0,
          "attributes": {
            "default_route_table_id": "rtb-074ef6f1024ab9cd5",
            "id": "rtb-074ef6f1024ab9cd5",
            "owner_id": "342495404680",
            "propagating_vgws": [],
            "route": [
              {
                "cidr_block": "0.0.0.0/0",
                "egress_only_gateway_id": "",
                "gateway_id": "igw-0a456ddf1d92546da",
                "instance_id": "",
                "ipv6_cidr_block": "",
                "nat_gateway_id": "",
                "network_interface_id": "",
                "transit_gateway_id": "",
                "vpc_endpoint_id": "",
                "vpc_peering_connection_id": ""
              }
            ],
            "tags": {
              "Name": "develop-internet-gateway"
            },
            "vpc_id": "vpc-05ec3be55885ad567"
          },
          "sensitive_attributes": [],
          "private": "bnVsbA==",
          "dependencies": [
            "module.vpc.aws_internet_gateway.internet_gateway",
            "module.vpc.aws_vpc.mainVPC"
          ]
        }
      ]
    },
    {
      "module": "module.vpc",
      "mode": "managed",
      "type": "aws_internet_gateway",
      "name": "internet_gateway",
      "provider": "provider[\"registry.terraform.io/hashicorp/aws\"]",
      "instances": [
        {
          "schema_version": 0,
          "attributes": {
            "arn": "arn:aws:ec2:us-east-1:342495404680:internet-gateway/igw-0a456ddf1d92546da",
            "id": "igw-0a456ddf1d92546da",
            "owner_id": "342495404680",
            "tags": {
              "Name": "develop-internet-gateway"
            },
            "vpc_id": "vpc-05ec3be55885ad567"
          },
          "sensitive_attributes": [],
          "private": "bnVsbA==",
          "dependencies": [
            "module.vpc.aws_vpc.mainVPC"
          ]
        }
      ]
    },
    {
      "module": "module.vpc",
      "mode": "managed",
      "type": "aws_subnet",
      "name": "subnet",
      "provider": "provider[\"registry.terraform.io/hashicorp/aws\"]",
      "instances": [
        {
          "index_key": 0,
          "schema_version": 1,
          "attributes": {
            "arn": "arn:aws:ec2:us-east-1:342495404680:subnet/subnet-0e8064ddf158bad29",
            "assign_ipv6_address_on_creation": false,
            "availability_zone": "us-east-1a",
            "availability_zone_id": "use1-az6",
            "cidr_block": "10.0.0.0/24",
            "customer_owned_ipv4_pool": "",
            "id": "subnet-0e8064ddf158bad29",
            "ipv6_cidr_block": "",
            "ipv6_cidr_block_association_id": "",
            "map_customer_owned_ip_on_launch": false,
            "map_public_ip_on_launch": false,
            "outpost_arn": "",
            "owner_id": "342495404680",
            "tags": {
              "Environment": "develop",
              "Name": "develop-front-end-a"
            },
            "tags_all": {
              "Environment": "develop",
              "Name": "develop-front-end-a"
            },
            "timeouts": null,
            "vpc_id": "vpc-05ec3be55885ad567"
          },
          "sensitive_attributes": [],
          "private": "eyJlMmJmYjczMC1lY2FhLTExZTYtOGY4OC0zNDM2M2JjN2M0YzAiOnsiY3JlYXRlIjo2MDAwMDAwMDAwMDAsImRlbGV0ZSI6MTIwMDAwMDAwMDAwMH0sInNjaGVtYV92ZXJzaW9uIjoiMSJ9",
          "dependencies": [
            "module.vpc.aws_vpc.mainVPC"
          ]
        },
        {
          "index_key": 1,
          "schema_version": 1,
          "attributes": {
            "arn": "arn:aws:ec2:us-east-1:342495404680:subnet/subnet-0414525a30b3e8dec",
            "assign_ipv6_address_on_creation": false,
            "availability_zone": "us-east-1b",
            "availability_zone_id": "use1-az1",
            "cidr_block": "10.0.1.0/24",
            "customer_owned_ipv4_pool": "",
            "id": "subnet-0414525a30b3e8dec",
            "ipv6_cidr_block": "",
            "ipv6_cidr_block_association_id": "",
            "map_customer_owned_ip_on_launch": false,
            "map_public_ip_on_launch": false,
            "outpost_arn": "",
            "owner_id": "342495404680",
            "tags": {
              "Environment": "develop",
              "Name": "develop-front-end-b"
            },
            "tags_all": {
              "Environment": "develop",
              "Name": "develop-front-end-b"
            },
            "timeouts": null,
            "vpc_id": "vpc-05ec3be55885ad567"
          },
          "sensitive_attributes": [],
          "private": "eyJlMmJmYjczMC1lY2FhLTExZTYtOGY4OC0zNDM2M2JjN2M0YzAiOnsiY3JlYXRlIjo2MDAwMDAwMDAwMDAsImRlbGV0ZSI6MTIwMDAwMDAwMDAwMH0sInNjaGVtYV92ZXJzaW9uIjoiMSJ9",
          "dependencies": [
            "module.vpc.aws_vpc.mainVPC"
          ]
        },
        {
          "index_key": 2,
          "schema_version": 1,
          "attributes": {
            "arn": "arn:aws:ec2:us-east-1:342495404680:subnet/subnet-0277e80446f74c7dc",
            "assign_ipv6_address_on_creation": false,
            "availability_zone": "us-east-1a",
            "availability_zone_id": "use1-az6",
            "cidr_block": "10.0.2.0/24",
            "customer_owned_ipv4_pool": "",
            "id": "subnet-0277e80446f74c7dc",
            "ipv6_cidr_block": "",
            "ipv6_cidr_block_association_id": "",
            "map_customer_owned_ip_on_launch": false,
            "map_public_ip_on_launch": false,
            "outpost_arn": "",
            "owner_id": "342495404680",
            "tags": {
              "Environment": "develop",
              "Name": "develop-back-end-a"
            },
            "tags_all": {
              "Environment": "develop",
              "Name": "develop-back-end-a"
            },
            "timeouts": null,
            "vpc_id": "vpc-05ec3be55885ad567"
          },
          "sensitive_attributes": [],
          "private": "eyJlMmJmYjczMC1lY2FhLTExZTYtOGY4OC0zNDM2M2JjN2M0YzAiOnsiY3JlYXRlIjo2MDAwMDAwMDAwMDAsImRlbGV0ZSI6MTIwMDAwMDAwMDAwMH0sInNjaGVtYV92ZXJzaW9uIjoiMSJ9",
          "dependencies": [
            "module.vpc.aws_vpc.mainVPC"
          ]
        },
        {
          "index_key": 3,
          "schema_version": 1,
          "attributes": {
            "arn": "arn:aws:ec2:us-east-1:342495404680:subnet/subnet-0f9bcc77c92d41e83",
            "assign_ipv6_address_on_creation": false,
            "availability_zone": "us-east-1b",
            "availability_zone_id": "use1-az1",
            "cidr_block": "10.0.3.0/24",
            "customer_owned_ipv4_pool": "",
            "id": "subnet-0f9bcc77c92d41e83",
            "ipv6_cidr_block": "",
            "ipv6_cidr_block_association_id": "",
            "map_customer_owned_ip_on_launch": false,
            "map_public_ip_on_launch": false,
            "outpost_arn": "",
            "owner_id": "342495404680",
            "tags": {
              "Environment": "develop",
              "Name": "develop-back-end-b"
            },
            "tags_all": {
              "Environment": "develop",
              "Name": "develop-back-end-b"
            },
            "timeouts": null,
            "vpc_id": "vpc-05ec3be55885ad567"
          },
          "sensitive_attributes": [],
          "private": "eyJlMmJmYjczMC1lY2FhLTExZTYtOGY4OC0zNDM2M2JjN2M0YzAiOnsiY3JlYXRlIjo2MDAwMDAwMDAwMDAsImRlbGV0ZSI6MTIwMDAwMDAwMDAwMH0sInNjaGVtYV92ZXJzaW9uIjoiMSJ9",
          "dependencies": [
            "module.vpc.aws_vpc.mainVPC"
          ]
        },
        {
          "index_key": 4,
          "schema_version": 1,
          "attributes": {
            "arn": "arn:aws:ec2:us-east-1:342495404680:subnet/subnet-01e1387d88d31af89",
            "assign_ipv6_address_on_creation": false,
            "availability_zone": "us-east-1b",
            "availability_zone_id": "use1-az1",
            "cidr_block": "10.0.4.0/28",
            "customer_owned_ipv4_pool": "",
            "id": "subnet-01e1387d88d31af89",
            "ipv6_cidr_block": "",
            "ipv6_cidr_block_association_id": "",
            "map_customer_owned_ip_on_launch": false,
            "map_public_ip_on_launch": false,
            "outpost_arn": "",
            "owner_id": "342495404680",
            "tags": {
              "Environment": "develop",
              "Name": "develop-database-1"
            },
            "tags_all": {
              "Environment": "develop",
              "Name": "develop-database-1"
            },
            "timeouts": null,
            "vpc_id": "vpc-05ec3be55885ad567"
          },
          "sensitive_attributes": [],
          "private": "eyJlMmJmYjczMC1lY2FhLTExZTYtOGY4OC0zNDM2M2JjN2M0YzAiOnsiY3JlYXRlIjo2MDAwMDAwMDAwMDAsImRlbGV0ZSI6MTIwMDAwMDAwMDAwMH0sInNjaGVtYV92ZXJzaW9uIjoiMSJ9",
          "dependencies": [
            "module.vpc.aws_vpc.mainVPC"
          ]
        },
        {
          "index_key": 5,
          "schema_version": 1,
          "attributes": {
            "arn": "arn:aws:ec2:us-east-1:342495404680:subnet/subnet-09f2ce8a16ab43c52",
            "assign_ipv6_address_on_creation": false,
            "availability_zone": "us-east-1a",
            "availability_zone_id": "use1-az6",
            "cidr_block": "10.0.4.16/28",
            "customer_owned_ipv4_pool": "",
            "id": "subnet-09f2ce8a16ab43c52",
            "ipv6_cidr_block": "",
            "ipv6_cidr_block_association_id": "",
            "map_customer_owned_ip_on_launch": false,
            "map_public_ip_on_launch": false,
            "outpost_arn": "",
            "owner_id": "342495404680",
            "tags": {
              "Environment": "develop",
              "Name": "develop-database-2"
            },
            "tags_all": {
              "Environment": "develop",
              "Name": "develop-database-2"
            },
            "timeouts": null,
            "vpc_id": "vpc-05ec3be55885ad567"
          },
          "sensitive_attributes": [],
          "private": "eyJlMmJmYjczMC1lY2FhLTExZTYtOGY4OC0zNDM2M2JjN2M0YzAiOnsiY3JlYXRlIjo2MDAwMDAwMDAwMDAsImRlbGV0ZSI6MTIwMDAwMDAwMDAwMH0sInNjaGVtYV92ZXJzaW9uIjoiMSJ9",
          "dependencies": [
            "module.vpc.aws_vpc.mainVPC"
          ]
        },
        {
          "index_key": 6,
          "schema_version": 1,
          "attributes": {
            "arn": "arn:aws:ec2:us-east-1:342495404680:subnet/subnet-0628836c7b21fe4c2",
            "assign_ipv6_address_on_creation": false,
            "availability_zone": "us-east-1a",
            "availability_zone_id": "use1-az6",
            "cidr_block": "10.0.4.32/28",
            "customer_owned_ipv4_pool": "",
            "id": "subnet-0628836c7b21fe4c2",
            "ipv6_cidr_block": "",
            "ipv6_cidr_block_association_id": "",
            "map_customer_owned_ip_on_launch": false,
            "map_public_ip_on_launch": false,
            "outpost_arn": "",
            "owner_id": "342495404680",
            "tags": {
              "Environment": "develop",
              "Name": "develop-bastion-host"
            },
            "tags_all": {
              "Environment": "develop",
              "Name": "develop-bastion-host"
            },
            "timeouts": null,
            "vpc_id": "vpc-05ec3be55885ad567"
          },
          "sensitive_attributes": [],
          "private": "eyJlMmJmYjczMC1lY2FhLTExZTYtOGY4OC0zNDM2M2JjN2M0YzAiOnsiY3JlYXRlIjo2MDAwMDAwMDAwMDAsImRlbGV0ZSI6MTIwMDAwMDAwMDAwMH0sInNjaGVtYV92ZXJzaW9uIjoiMSJ9",
          "dependencies": [
            "module.vpc.aws_vpc.mainVPC"
          ]
        }
      ]
    },
    {
      "module": "module.vpc",
      "mode": "managed",
      "type": "aws_vpc",
      "name": "mainVPC",
      "provider": "provider[\"registry.terraform.io/hashicorp/aws\"]",
      "instances": [
        {
          "schema_version": 1,
          "attributes": {
            "arn": "arn:aws:ec2:us-east-1:342495404680:vpc/vpc-05ec3be55885ad567",
            "assign_generated_ipv6_cidr_block": false,
            "cidr_block": "10.0.0.0/16",
            "default_network_acl_id": "acl-06746e622f23f0dda",
            "default_route_table_id": "rtb-074ef6f1024ab9cd5",
            "default_security_group_id": "sg-0cf091ae5dcd2f3ca",
            "dhcp_options_id": "dopt-92bbd1e8",
            "enable_classiclink": false,
            "enable_classiclink_dns_support": false,
            "enable_dns_hostnames": false,
            "enable_dns_support": true,
            "id": "vpc-05ec3be55885ad567",
            "instance_tenancy": "default",
            "ipv6_association_id": "",
            "ipv6_cidr_block": "",
            "main_route_table_id": "rtb-074ef6f1024ab9cd5",
            "owner_id": "342495404680",
            "tags": {
              "Environment": "develop",
              "Name": "develop-life-project-vpc"
            },
            "tags_all": {
              "Environment": "develop",
              "Name": "develop-life-project-vpc"
            }
          },
          "sensitive_attributes": [],
          "private": "eyJzY2hlbWFfdmVyc2lvbiI6IjEifQ=="
        }
      ]
    }
  ]
}
