{
  "version": 4,
  "terraform_version": "0.14.8",
  "serial": 320,
  "lineage": "938a4a17-4d75-ba9e-6637-a2d2c72ee966",
  "outputs": {},
  "resources": [
    {
      "module": "module.BastionHost",
      "mode": "data",
      "type": "aws_ami",
      "name": "ubuntu",
      "provider": "provider[\"registry.terraform.io/hashicorp/aws\"]",
      "instances": [
        {
          "schema_version": 0,
          "attributes": {
            "architecture": "x86_64",
            "arn": "arn:aws:ec2:us-east-1::image/ami-04cc2b0ad9e30a9c8",
            "block_device_mappings": [
              {
                "device_name": "/dev/sda1",
                "ebs": {
                  "delete_on_termination": "true",
                  "encrypted": "false",
                  "iops": "0",
                  "snapshot_id": "snap-0304459b7d19fe186",
                  "throughput": "0",
                  "volume_size": "8",
                  "volume_type": "gp2"
                },
                "no_device": "",
                "virtual_name": ""
              },
              {
                "device_name": "/dev/sdb",
                "ebs": {},
                "no_device": "",
                "virtual_name": "ephemeral0"
              },
              {
                "device_name": "/dev/sdc",
                "ebs": {},
                "no_device": "",
                "virtual_name": "ephemeral1"
              }
            ],
            "creation_date": "2021-03-25T23:30:46.000Z",
            "description": "Canonical, Ubuntu, 20.04 LTS, amd64 focal image build on 2021-03-25",
            "ena_support": true,
            "executable_users": null,
            "filter": [
              {
                "name": "name",
                "values": [
                  "ubuntu/images/hvm-ssd/ubuntu-focal-20.04-amd64-server-*"
                ]
              },
              {
                "name": "virtualization-type",
                "values": [
                  "hvm"
                ]
              }
            ],
            "hypervisor": "xen",
            "id": "ami-04cc2b0ad9e30a9c8",
            "image_id": "ami-04cc2b0ad9e30a9c8",
            "image_location": "099720109477/ubuntu/images/hvm-ssd/ubuntu-focal-20.04-amd64-server-20210325",
            "image_owner_alias": null,
            "image_type": "machine",
            "kernel_id": null,
            "most_recent": true,
            "name": "ubuntu/images/hvm-ssd/ubuntu-focal-20.04-amd64-server-20210325",
            "name_regex": null,
            "owner_id": "099720109477",
            "owners": [
              "099720109477"
            ],
            "platform": null,
            "platform_details": "Linux/UNIX",
            "product_codes": [],
            "public": true,
            "ramdisk_id": null,
            "root_device_name": "/dev/sda1",
            "root_device_type": "ebs",
            "root_snapshot_id": "snap-0304459b7d19fe186",
            "sriov_net_support": "simple",
            "state": "available",
            "state_reason": {
              "code": "UNSET",
              "message": "UNSET"
            },
            "tags": {},
            "usage_operation": "RunInstances",
            "virtualization_type": "hvm"
          },
          "sensitive_attributes": []
        }
      ]
    },
    {
      "module": "module.BastionHost",
      "mode": "data",
      "type": "aws_subnet",
      "name": "BastionHostNet",
      "provider": "provider[\"registry.terraform.io/hashicorp/aws\"]",
      "instances": [
        {
          "schema_version": 0,
          "attributes": {
            "arn": "arn:aws:ec2:us-east-1:342495404680:subnet/subnet-0ddf562bbf1f837d6",
            "assign_ipv6_address_on_creation": false,
            "availability_zone": "us-east-1a",
            "availability_zone_id": "use1-az6",
            "available_ip_address_count": 10,
            "cidr_block": "10.0.4.32/28",
            "customer_owned_ipv4_pool": "",
            "default_for_az": false,
            "filter": [
              {
                "name": "tag:Name",
                "values": [
                  "prod-bastion-host"
                ]
              }
            ],
            "id": "subnet-0ddf562bbf1f837d6",
            "ipv6_cidr_block": null,
            "ipv6_cidr_block_association_id": null,
            "map_customer_owned_ip_on_launch": false,
            "map_public_ip_on_launch": true,
            "outpost_arn": "",
            "owner_id": "342495404680",
            "state": "available",
            "tags": {
              "Environment": "prod",
              "Name": "prod-bastion-host"
            },
            "vpc_id": "vpc-0dc73e600eb6d5123"
          },
          "sensitive_attributes": []
        }
      ]
    },
    {
      "module": "module.BastionHost",
      "mode": "managed",
      "type": "aws_instance",
      "name": "BastionHost",
      "provider": "provider[\"registry.terraform.io/hashicorp/aws\"]",
      "instances": [
        {
          "schema_version": 1,
          "attributes": {
            "ami": "ami-013f17f36f8b1fefb",
            "arn": "arn:aws:ec2:us-east-1:342495404680:instance/i-054fcd8c647969e6e",
            "associate_public_ip_address": true,
            "availability_zone": "us-east-1a",
            "cpu_core_count": 2,
            "cpu_threads_per_core": 1,
            "credit_specification": [
              {
                "cpu_credits": "standard"
              }
            ],
            "disable_api_termination": false,
            "ebs_block_device": [],
            "ebs_optimized": false,
            "enclave_options": [
              {
                "enabled": false
              }
            ],
            "ephemeral_block_device": [],
            "get_password_data": false,
            "hibernation": false,
            "host_id": null,
            "iam_instance_profile": "",
            "id": "i-054fcd8c647969e6e",
            "instance_initiated_shutdown_behavior": null,
            "instance_state": "running",
            "instance_type": "t2.medium",
            "ipv6_address_count": 0,
            "ipv6_addresses": [],
            "key_name": "prod-BastionHost-key",
            "metadata_options": [
              {
                "http_endpoint": "enabled",
                "http_put_response_hop_limit": 1,
                "http_tokens": "optional"
              }
            ],
            "monitoring": false,
            "network_interface": [],
            "outpost_arn": "",
            "password_data": "",
            "placement_group": "",
            "primary_network_interface_id": "eni-0edf5490629f372c0",
            "private_dns": "ip-10-0-4-40.ec2.internal",
            "private_ip": "10.0.4.40",
            "public_dns": "",
            "public_ip": "35.168.14.231",
            "root_block_device": [
              {
                "delete_on_termination": true,
                "device_name": "/dev/sda1",
                "encrypted": false,
                "iops": 100,
                "kms_key_id": "",
                "tags": {},
                "throughput": 0,
                "volume_id": "vol-0840c816b28ec5fc6",
                "volume_size": 8,
                "volume_type": "gp2"
              }
            ],
            "secondary_private_ips": [],
            "security_groups": [
              "sg-0c4ad002e785a394c"
            ],
            "source_dest_check": true,
            "subnet_id": "subnet-0ddf562bbf1f837d6",
            "tags": {
              "Environment": "prod",
              "Name": "prod-BastionHost"
            },
            "tenancy": "default",
            "timeouts": null,
            "user_data": "f2f8ce30dbecfda21380c760508540197a84b8e0",
            "user_data_base64": null,
            "volume_tags": null,
            "vpc_security_group_ids": [
              "sg-0c4ad002e785a394c"
            ]
          },
          "sensitive_attributes": [],
          "private": "eyJlMmJmYjczMC1lY2FhLTExZTYtOGY4OC0zNDM2M2JjN2M0YzAiOnsiY3JlYXRlIjo2MDAwMDAwMDAwMDAsImRlbGV0ZSI6MTIwMDAwMDAwMDAwMCwidXBkYXRlIjo2MDAwMDAwMDAwMDB9LCJzY2hlbWFfdmVyc2lvbiI6IjEifQ==",
          "dependencies": [
            "module.BastionHost.aws_key_pair.BastionHost",
            "module.BastionHost.aws_security_group.bastion_host_gp",
            "module.BastionHost.data.aws_subnet.BastionHostNet",
            "module.vpc.aws_db_subnet_group.db_subnet",
            "module.vpc.aws_default_route_table.route_table",
            "module.vpc.aws_eip.Natgateway-elastic-ip",
            "module.vpc.aws_internet_gateway.gw",
            "module.vpc.aws_nat_gateway.NatGateway",
            "module.vpc.aws_route_table.r",
            "module.vpc.aws_route_table_association.a",
            "module.vpc.aws_route_table_association.ab",
            "module.vpc.aws_route_table_association.ac",
            "module.vpc.aws_route_table_association.ad",
            "module.vpc.aws_route_table_association.ae",
            "module.vpc.aws_subnet.subnet",
            "module.vpc.aws_vpc.mainVPC"
          ]
        }
      ]
    },
    {
      "module": "module.BastionHost",
      "mode": "managed",
      "type": "aws_key_pair",
      "name": "BastionHost",
      "provider": "provider[\"registry.terraform.io/hashicorp/aws\"]",
      "instances": [
        {
          "schema_version": 1,
          "attributes": {
            "arn": "arn:aws:ec2:us-east-1:342495404680:key-pair/prod-BastionHost-key",
            "fingerprint": "21:dc:e2:24:38:73:20:6b:5c:f6:81:6c:32:61:b9:85",
            "id": "prod-BastionHost-key",
            "key_name": "prod-BastionHost-key",
            "key_name_prefix": null,
            "key_pair_id": "key-03f10ec6cf639a573",
            "public_key": "ssh-rsa AAAAB3NzaC1yc2EAAAADAQABAAABAQCjm+q8+H8vVG3bHUI/yXmW50k3Na5eN9I7wJdrTM9H0e3Tnrft+Xg6bH4buzmCRo082FIy77BZQUK5IOuWDSD9wjPYFYzbLj+ibSFcZLT6ATov3EY65RPMLaY8O6TnD2alosncL1camioEfUJB+IBzzVwELojd66UzT0VT30Z0XaFmiXM7OWkau1wW9Ab6IUAIs9tm0cRoBlAKtP23IhQ7ovL9WEe7CWYLt6rUsUbL0DVGCmSR9Xgmo3WagqE/PdP8upjkvoGJnAk3EiBPBM/KyX8oTDjyTXL5t0C10SYvewoIkIzshdqWoIc2vjNEkc/L3joAvervxGqRlA2s2vFR juand@DESKTOP-O461ERP",
            "tags": null
          },
          "sensitive_attributes": [],
          "private": "eyJzY2hlbWFfdmVyc2lvbiI6IjEifQ==",
          "dependencies": [
            "module.vpc.aws_db_subnet_group.db_subnet",
            "module.vpc.aws_default_route_table.route_table",
            "module.vpc.aws_eip.Natgateway-elastic-ip",
            "module.vpc.aws_internet_gateway.gw",
            "module.vpc.aws_nat_gateway.NatGateway",
            "module.vpc.aws_route_table.r",
            "module.vpc.aws_route_table_association.a",
            "module.vpc.aws_route_table_association.ab",
            "module.vpc.aws_route_table_association.ac",
            "module.vpc.aws_route_table_association.ad",
            "module.vpc.aws_route_table_association.ae",
            "module.vpc.aws_subnet.subnet",
            "module.vpc.aws_vpc.mainVPC"
          ]
        }
      ]
    },
    {
      "module": "module.BastionHost",
      "mode": "managed",
      "type": "aws_security_group",
      "name": "bastion_host_gp",
      "provider": "provider[\"registry.terraform.io/hashicorp/aws\"]",
      "instances": [
        {
          "schema_version": 1,
          "attributes": {
            "arn": "arn:aws:ec2:us-east-1:342495404680:security-group/sg-0c4ad002e785a394c",
            "description": "Bastion Host security group",
            "egress": [
              {
                "cidr_blocks": [
                  "0.0.0.0/0"
                ],
                "description": "",
                "from_port": 0,
                "ipv6_cidr_blocks": [],
                "prefix_list_ids": [],
                "protocol": "-1",
                "security_groups": [],
                "self": false,
                "to_port": 0
              }
            ],
            "id": "sg-0c4ad002e785a394c",
            "ingress": [
              {
                "cidr_blocks": [
                  "0.0.0.0/0"
                ],
                "description": "Salt ",
                "from_port": 4505,
                "ipv6_cidr_blocks": [],
                "prefix_list_ids": [],
                "protocol": "tcp",
                "security_groups": [],
                "self": false,
                "to_port": 4506
              },
              {
                "cidr_blocks": [
                  "0.0.0.0/0"
                ],
                "description": "jenkins",
                "from_port": 8080,
                "ipv6_cidr_blocks": [],
                "prefix_list_ids": [],
                "protocol": "tcp",
                "security_groups": [],
                "self": false,
                "to_port": 8080
              },
              {
                "cidr_blocks": [
                  "0.0.0.0/0"
                ],
                "description": "ssh",
                "from_port": 22,
                "ipv6_cidr_blocks": [],
                "prefix_list_ids": [],
                "protocol": "tcp",
                "security_groups": [],
                "self": false,
                "to_port": 22
              }
            ],
            "name": "BastionHost Security Group",
            "name_prefix": "",
            "owner_id": "342495404680",
            "revoke_rules_on_delete": false,
            "tags": {
              "Environment": "prod",
              "Name": "prod-BastionHost-SG"
            },
            "timeouts": null,
            "vpc_id": "vpc-0dc73e600eb6d5123"
          },
          "sensitive_attributes": [],
          "private": "eyJlMmJmYjczMC1lY2FhLTExZTYtOGY4OC0zNDM2M2JjN2M0YzAiOnsiY3JlYXRlIjo2MDAwMDAwMDAwMDAsImRlbGV0ZSI6NjAwMDAwMDAwMDAwfSwic2NoZW1hX3ZlcnNpb24iOiIxIn0=",
          "dependencies": [
            "module.vpc.aws_db_subnet_group.db_subnet",
            "module.vpc.aws_default_route_table.route_table",
            "module.vpc.aws_eip.Natgateway-elastic-ip",
            "module.vpc.aws_internet_gateway.gw",
            "module.vpc.aws_nat_gateway.NatGateway",
            "module.vpc.aws_route_table.r",
            "module.vpc.aws_route_table_association.a",
            "module.vpc.aws_route_table_association.ab",
            "module.vpc.aws_route_table_association.ac",
            "module.vpc.aws_route_table_association.ad",
            "module.vpc.aws_route_table_association.ae",
            "module.vpc.aws_subnet.subnet",
            "module.vpc.aws_vpc.mainVPC"
          ]
        }
      ]
    },
    {
      "module": "module.Database",
      "mode": "managed",
      "type": "aws_db_instance",
      "name": "default",
      "provider": "provider[\"registry.terraform.io/hashicorp/aws\"]",
      "instances": [
        {
          "schema_version": 1,
          "attributes": {
            "address": "terraform-20210401174332229800000001.c4kx0bmqhjaj.us-east-1.rds.amazonaws.com",
            "allocated_storage": 100,
            "allow_major_version_upgrade": null,
            "apply_immediately": null,
            "arn": "arn:aws:rds:us-east-1:342495404680:db:terraform-20210401174332229800000001",
            "auto_minor_version_upgrade": true,
            "availability_zone": "us-east-1b",
            "backup_retention_period": 0,
            "backup_window": "03:59-04:29",
            "ca_cert_identifier": "rds-ca-2019",
            "character_set_name": null,
            "copy_tags_to_snapshot": false,
            "db_subnet_group_name": "db_subnet",
            "delete_automated_backups": true,
            "deletion_protection": false,
            "domain": "",
            "domain_iam_role_name": "",
            "enabled_cloudwatch_logs_exports": null,
            "endpoint": "terraform-20210401174332229800000001.c4kx0bmqhjaj.us-east-1.rds.amazonaws.com:5432",
            "engine": "postgres",
            "engine_version": "12.5",
            "final_snapshot_identifier": null,
            "hosted_zone_id": "Z2R2ITUGPM61AM",
            "iam_database_authentication_enabled": false,
            "id": "terraform-20210401174332229800000001",
            "identifier": "terraform-20210401174332229800000001",
            "identifier_prefix": null,
            "instance_class": "db.t2.small",
            "iops": 0,
            "kms_key_id": "",
            "latest_restorable_time": "0001-01-01T00:00:00Z",
            "license_model": "postgresql-license",
            "maintenance_window": "sun:04:39-sun:05:09",
            "max_allocated_storage": 0,
            "monitoring_interval": 0,
            "monitoring_role_arn": "",
            "multi_az": false,
            "name": "prodLifeProjectDatabase",
            "option_group_name": "default:postgres-12",
            "parameter_group_name": "default.postgres12",
            "password": "Patipuna1",
            "performance_insights_enabled": false,
            "performance_insights_kms_key_id": "",
            "performance_insights_retention_period": 0,
            "port": 5432,
            "publicly_accessible": false,
            "replicas": [],
            "replicate_source_db": "",
            "resource_id": "db-AADEGABNM3NYVRFY2AQWQMLQAU",
            "restore_to_point_in_time": [],
            "s3_import": [],
            "security_group_names": null,
            "skip_final_snapshot": true,
            "snapshot_identifier": null,
            "status": "available",
            "storage_encrypted": false,
            "storage_type": "gp2",
            "tags": null,
            "timeouts": null,
            "timezone": "",
            "username": "LifeProjectUser",
            "vpc_security_group_ids": [
              "sg-06a0e46c2ec633bfc"
            ]
          },
          "sensitive_attributes": [
            [
              {
                "type": "get_attr",
                "value": "username"
              }
            ],
            [
              {
                "type": "get_attr",
                "value": "password"
              }
            ]
          ],
          "private": "eyJlMmJmYjczMC1lY2FhLTExZTYtOGY4OC0zNDM2M2JjN2M0YzAiOnsiY3JlYXRlIjoyNDAwMDAwMDAwMDAwLCJkZWxldGUiOjM2MDAwMDAwMDAwMDAsInVwZGF0ZSI6NDgwMDAwMDAwMDAwMH0sInNjaGVtYV92ZXJzaW9uIjoiMSJ9",
          "dependencies": [
            "module.Database.aws_security_group.db_security_group",
            "module.vpc.aws_db_subnet_group.db_subnet",
            "module.vpc.aws_default_route_table.route_table",
            "module.vpc.aws_eip.Natgateway-elastic-ip",
            "module.vpc.aws_internet_gateway.gw",
            "module.vpc.aws_nat_gateway.NatGateway",
            "module.vpc.aws_route_table.r",
            "module.vpc.aws_route_table_association.a",
            "module.vpc.aws_route_table_association.ab",
            "module.vpc.aws_route_table_association.ac",
            "module.vpc.aws_route_table_association.ad",
            "module.vpc.aws_route_table_association.ae",
            "module.vpc.aws_subnet.subnet",
            "module.vpc.aws_vpc.mainVPC"
          ]
        }
      ]
    },
    {
      "module": "module.Database",
      "mode": "managed",
      "type": "aws_security_group",
      "name": "db_security_group",
      "provider": "provider[\"registry.terraform.io/hashicorp/aws\"]",
      "instances": [
        {
          "schema_version": 1,
          "attributes": {
            "arn": "arn:aws:ec2:us-east-1:342495404680:security-group/sg-06a0e46c2ec633bfc",
            "description": "RDS Host security group",
            "egress": [],
            "id": "sg-06a0e46c2ec633bfc",
            "ingress": [
              {
                "cidr_blocks": [
                  "10.0.2.0/24",
                  "10.0.3.0/24"
                ],
                "description": "",
                "from_port": 5432,
                "ipv6_cidr_blocks": [],
                "prefix_list_ids": [],
                "protocol": "tcp",
                "security_groups": [],
                "self": false,
                "to_port": 5432
              }
            ],
            "name": "RDS Security Group",
            "name_prefix": "",
            "owner_id": "342495404680",
            "revoke_rules_on_delete": false,
            "tags": null,
            "timeouts": null,
            "vpc_id": "vpc-0dc73e600eb6d5123"
          },
          "sensitive_attributes": [],
          "private": "eyJlMmJmYjczMC1lY2FhLTExZTYtOGY4OC0zNDM2M2JjN2M0YzAiOnsiY3JlYXRlIjo2MDAwMDAwMDAwMDAsImRlbGV0ZSI6NjAwMDAwMDAwMDAwfSwic2NoZW1hX3ZlcnNpb24iOiIxIn0=",
          "dependencies": [
            "module.vpc.aws_db_subnet_group.db_subnet",
            "module.vpc.aws_default_route_table.route_table",
            "module.vpc.aws_eip.Natgateway-elastic-ip",
            "module.vpc.aws_internet_gateway.gw",
            "module.vpc.aws_nat_gateway.NatGateway",
            "module.vpc.aws_route_table.r",
            "module.vpc.aws_route_table_association.a",
            "module.vpc.aws_route_table_association.ab",
            "module.vpc.aws_route_table_association.ac",
            "module.vpc.aws_route_table_association.ad",
            "module.vpc.aws_route_table_association.ae",
            "module.vpc.aws_subnet.subnet",
            "module.vpc.aws_vpc.mainVPC"
          ]
        }
      ]
    },
    {
      "module": "module.Project_ASG",
      "mode": "managed",
      "type": "aws_autoscaling_attachment",
      "name": "asg_attachment_Back",
      "provider": "provider[\"registry.terraform.io/hashicorp/aws\"]",
      "instances": [
        {
          "schema_version": 0,
          "attributes": {
            "alb_target_group_arn": "arn:aws:elasticloadbalancing:us-east-1:342495404680:targetgroup/prod-back-lb-group/cd77d619884ad24c",
            "autoscaling_group_name": "tf-asg-20210401174404364000000006",
            "elb": null,
            "id": "tf-asg-20210401174404364000000006-20210401174448625300000008"
          },
          "sensitive_attributes": [],
          "private": "bnVsbA==",
          "dependencies": [
            "module.BastionHost.aws_instance.BastionHost",
            "module.BastionHost.aws_key_pair.BastionHost",
            "module.BastionHost.aws_security_group.bastion_host_gp",
            "module.BastionHost.data.aws_ami.ubuntu",
            "module.BastionHost.data.aws_subnet.BastionHostNet",
            "module.Project_ASG.aws_autoscaling_group.Back-AutoScaling-group",
            "module.Project_ASG.aws_launch_template.launchTemplateBackend",
            "module.Project_ASG.aws_security_group.back_host_gp",
            "module.front_load_balancer.aws_lb_target_group.back-end-machines",
            "module.vpc.aws_db_subnet_group.db_subnet",
            "module.vpc.aws_default_route_table.route_table",
            "module.vpc.aws_eip.Natgateway-elastic-ip",
            "module.vpc.aws_internet_gateway.gw",
            "module.vpc.aws_nat_gateway.NatGateway",
            "module.vpc.aws_route_table.r",
            "module.vpc.aws_route_table_association.a",
            "module.vpc.aws_route_table_association.ab",
            "module.vpc.aws_route_table_association.ac",
            "module.vpc.aws_route_table_association.ad",
            "module.vpc.aws_route_table_association.ae",
            "module.vpc.aws_subnet.subnet",
            "module.vpc.aws_vpc.mainVPC"
          ]
        }
      ]
    },
    {
      "module": "module.Project_ASG",
      "mode": "managed",
      "type": "aws_autoscaling_attachment",
      "name": "asg_attachment_Front",
      "provider": "provider[\"registry.terraform.io/hashicorp/aws\"]",
      "instances": [
        {
          "schema_version": 0,
          "attributes": {
            "alb_target_group_arn": "arn:aws:elasticloadbalancing:us-east-1:342495404680:targetgroup/prod-front-lb-group/b7af0f710b3e1bdf",
            "autoscaling_group_name": "tf-asg-20210401174404373700000007",
            "elb": null,
            "id": "tf-asg-20210401174404373700000007-20210401174448656100000009"
          },
          "sensitive_attributes": [],
          "private": "bnVsbA==",
          "dependencies": [
            "module.BastionHost.aws_instance.BastionHost",
            "module.BastionHost.aws_key_pair.BastionHost",
            "module.BastionHost.aws_security_group.bastion_host_gp",
            "module.BastionHost.data.aws_ami.ubuntu",
            "module.BastionHost.data.aws_subnet.BastionHostNet",
            "module.Project_ASG.aws_autoscaling_group.Front-AutoScaling-group",
            "module.Project_ASG.aws_launch_template.launchTemplateFront",
            "module.Project_ASG.aws_security_group.front_host_gp",
            "module.front_load_balancer.aws_lb_target_group.front-end-machines",
            "module.vpc.aws_db_subnet_group.db_subnet",
            "module.vpc.aws_default_route_table.route_table",
            "module.vpc.aws_eip.Natgateway-elastic-ip",
            "module.vpc.aws_internet_gateway.gw",
            "module.vpc.aws_nat_gateway.NatGateway",
            "module.vpc.aws_route_table.r",
            "module.vpc.aws_route_table_association.a",
            "module.vpc.aws_route_table_association.ab",
            "module.vpc.aws_route_table_association.ac",
            "module.vpc.aws_route_table_association.ad",
            "module.vpc.aws_route_table_association.ae",
            "module.vpc.aws_subnet.subnet",
            "module.vpc.aws_vpc.mainVPC"
          ]
        }
      ]
    },
    {
      "module": "module.Project_ASG",
      "mode": "managed",
      "type": "aws_autoscaling_group",
      "name": "Back-AutoScaling-group",
      "provider": "provider[\"registry.terraform.io/hashicorp/aws\"]",
      "instances": [
        {
          "schema_version": 0,
          "attributes": {
            "arn": "arn:aws:autoscaling:us-east-1:342495404680:autoScalingGroup:1897f0a7-78f9-4897-a7ef-68c040300f99:autoScalingGroupName/tf-asg-20210401174404364000000006",
            "availability_zones": [
              "us-east-1a",
              "us-east-1b"
            ],
            "capacity_rebalance": false,
            "default_cooldown": 300,
            "desired_capacity": 2,
            "enabled_metrics": null,
            "force_delete": false,
            "health_check_grace_period": 300,
            "health_check_type": "EC2",
            "id": "tf-asg-20210401174404364000000006",
            "initial_lifecycle_hook": [],
            "instance_refresh": [],
            "launch_configuration": "",
            "launch_template": [
              {
                "id": "lt-0d3ae2f46edbb511c",
                "name": "prod-back-end-machines20210401174402795800000002",
                "version": "$Latest"
              }
            ],
            "load_balancers": null,
            "max_instance_lifetime": 0,
            "max_size": 100,
            "metrics_granularity": "1Minute",
            "min_elb_capacity": null,
            "min_size": 1,
            "mixed_instances_policy": [],
            "name": "tf-asg-20210401174404364000000006",
            "name_prefix": null,
            "placement_group": "",
            "protect_from_scale_in": false,
            "service_linked_role_arn": "arn:aws:iam::342495404680:role/aws-service-role/autoscaling.amazonaws.com/AWSServiceRoleForAutoScaling",
            "suspended_processes": null,
            "tag": [],
            "tags": [
              {
                "Environment": "prod",
                "Name": "prod-back-end-machines"
              }
            ],
            "target_group_arns": null,
            "termination_policies": null,
            "timeouts": null,
            "vpc_zone_identifier": [
              "subnet-097b034579afe2593",
              "subnet-0bd6454fcb8b3a34e"
            ],
            "wait_for_capacity_timeout": "10m",
            "wait_for_elb_capacity": null
          },
          "sensitive_attributes": [],
          "private": "eyJlMmJmYjczMC1lY2FhLTExZTYtOGY4OC0zNDM2M2JjN2M0YzAiOnsiZGVsZXRlIjo2MDAwMDAwMDAwMDB9fQ==",
          "dependencies": [
            "module.BastionHost.aws_instance.BastionHost",
            "module.BastionHost.aws_key_pair.BastionHost",
            "module.BastionHost.aws_security_group.bastion_host_gp",
            "module.BastionHost.data.aws_ami.ubuntu",
            "module.BastionHost.data.aws_subnet.BastionHostNet",
            "module.Project_ASG.aws_launch_template.launchTemplateBackend",
            "module.Project_ASG.aws_security_group.back_host_gp",
            "module.vpc.aws_db_subnet_group.db_subnet",
            "module.vpc.aws_default_route_table.route_table",
            "module.vpc.aws_eip.Natgateway-elastic-ip",
            "module.vpc.aws_internet_gateway.gw",
            "module.vpc.aws_nat_gateway.NatGateway",
            "module.vpc.aws_route_table.r",
            "module.vpc.aws_route_table_association.a",
            "module.vpc.aws_route_table_association.ab",
            "module.vpc.aws_route_table_association.ac",
            "module.vpc.aws_route_table_association.ad",
            "module.vpc.aws_route_table_association.ae",
            "module.vpc.aws_subnet.subnet",
            "module.vpc.aws_vpc.mainVPC"
          ]
        }
      ]
    },
    {
      "module": "module.Project_ASG",
      "mode": "managed",
      "type": "aws_autoscaling_group",
      "name": "Front-AutoScaling-group",
      "provider": "provider[\"registry.terraform.io/hashicorp/aws\"]",
      "instances": [
        {
          "schema_version": 0,
          "attributes": {
            "arn": "arn:aws:autoscaling:us-east-1:342495404680:autoScalingGroup:0a4d32f0-9966-433b-89fd-027708b0d507:autoScalingGroupName/tf-asg-20210401174404373700000007",
            "availability_zones": [
              "us-east-1a",
              "us-east-1b"
            ],
            "capacity_rebalance": false,
            "default_cooldown": 300,
            "desired_capacity": 2,
            "enabled_metrics": null,
            "force_delete": false,
            "health_check_grace_period": 300,
            "health_check_type": "EC2",
            "id": "tf-asg-20210401174404373700000007",
            "initial_lifecycle_hook": [],
            "instance_refresh": [],
            "launch_configuration": "",
            "launch_template": [
              {
                "id": "lt-0413dbedf172987f1",
                "name": "prod-front-end-machines20210401174402919900000004",
                "version": "$Latest"
              }
            ],
            "load_balancers": null,
            "max_instance_lifetime": 0,
            "max_size": 100,
            "metrics_granularity": "1Minute",
            "min_elb_capacity": null,
            "min_size": 1,
            "mixed_instances_policy": [],
            "name": "tf-asg-20210401174404373700000007",
            "name_prefix": null,
            "placement_group": "",
            "protect_from_scale_in": false,
            "service_linked_role_arn": "arn:aws:iam::342495404680:role/aws-service-role/autoscaling.amazonaws.com/AWSServiceRoleForAutoScaling",
            "suspended_processes": null,
            "tag": [],
            "tags": [
              {
                "Environment": "prod",
                "Name": "prodfront-end-machines"
              }
            ],
            "target_group_arns": null,
            "termination_policies": null,
            "timeouts": null,
            "vpc_zone_identifier": [
              "subnet-080fd48bab4c81bbb",
              "subnet-0aeac1d454309f112"
            ],
            "wait_for_capacity_timeout": "10m",
            "wait_for_elb_capacity": null
          },
          "sensitive_attributes": [],
          "private": "eyJlMmJmYjczMC1lY2FhLTExZTYtOGY4OC0zNDM2M2JjN2M0YzAiOnsiZGVsZXRlIjo2MDAwMDAwMDAwMDB9fQ==",
          "dependencies": [
            "module.BastionHost.aws_instance.BastionHost",
            "module.BastionHost.aws_key_pair.BastionHost",
            "module.BastionHost.aws_security_group.bastion_host_gp",
            "module.BastionHost.data.aws_ami.ubuntu",
            "module.BastionHost.data.aws_subnet.BastionHostNet",
            "module.Project_ASG.aws_launch_template.launchTemplateFront",
            "module.Project_ASG.aws_security_group.front_host_gp",
            "module.vpc.aws_db_subnet_group.db_subnet",
            "module.vpc.aws_default_route_table.route_table",
            "module.vpc.aws_eip.Natgateway-elastic-ip",
            "module.vpc.aws_internet_gateway.gw",
            "module.vpc.aws_nat_gateway.NatGateway",
            "module.vpc.aws_route_table.r",
            "module.vpc.aws_route_table_association.a",
            "module.vpc.aws_route_table_association.ab",
            "module.vpc.aws_route_table_association.ac",
            "module.vpc.aws_route_table_association.ad",
            "module.vpc.aws_route_table_association.ae",
            "module.vpc.aws_subnet.subnet",
            "module.vpc.aws_vpc.mainVPC"
          ]
        }
      ]
    },
    {
      "module": "module.Project_ASG",
      "mode": "managed",
      "type": "aws_launch_template",
      "name": "launchTemplateBackend",
      "provider": "provider[\"registry.terraform.io/hashicorp/aws\"]",
      "instances": [
        {
          "schema_version": 0,
          "attributes": {
            "arn": "arn:aws:ec2:us-east-1:342495404680:launch-template/lt-0d3ae2f46edbb511c",
            "block_device_mappings": [],
            "capacity_reservation_specification": [],
            "cpu_options": [],
            "credit_specification": [],
            "default_version": 1,
            "description": "",
            "disable_api_termination": false,
            "ebs_optimized": "",
            "elastic_gpu_specifications": [],
            "elastic_inference_accelerator": [],
            "enclave_options": [],
            "hibernation_options": [],
            "iam_instance_profile": [],
            "id": "lt-0d3ae2f46edbb511c",
            "image_id": "ami-013f17f36f8b1fefb",
            "instance_initiated_shutdown_behavior": "",
            "instance_market_options": [],
            "instance_type": "t2.small",
            "kernel_id": "",
            "key_name": "prod-BastionHost-key",
            "latest_version": 1,
            "license_specification": [],
            "metadata_options": [],
            "monitoring": [],
            "name": "prod-back-end-machines20210401174402795800000002",
            "name_prefix": "prod-back-end-machines",
            "network_interfaces": [],
            "placement": [],
            "ram_disk_id": "",
            "security_group_names": null,
            "tag_specifications": [],
            "tags": null,
            "update_default_version": null,
            "user_data": "IyEvYmluL2Jhc2gNCnN1ZG8gYXB0LWdldCB1cGRhdGUNCnN1ZG8gYXB0LWdldCB1cGdyYWRlIC15DQpzdWRvIGNhdCA8PCBTdHJpbmdOYW1lID4+IC5zc2gvYXV0aG9yaXplZF9rZXlzDQpzc2gtcnNhIEFBQUFCM056YUMxeWMyRUFBQUFEQVFBQkFBQUJBUUNqbStxOCtIOHZWRzNiSFVJL3lYbVc1MGszTmE1ZU45STd3SmRyVE05SDBlM1RucmZ0K1hnNmJINGJ1em1DUm8wODJGSXk3N0JaUVVLNUlPdVdEU0Q5d2pQWUZZemJMaitpYlNGY1pMVDZBVG92M0VZNjVSUE1MYVk4TzZUbkQyYWxvc25jTDFjYW1pb0VmVUpCK0lCenpWd0VMb2pkNjZVelQwVlQzMFowWGFGbWlYTTdPV2thdTF3VzlBYjZJVUFJczl0bTBjUm9CbEFLdFAyM0loUTdvdkw5V0VlN0NXWUx0NnJVc1ViTDBEVkdDbVNSOVhnbW8zV2FncUUvUGRQOHVwamt2b0dKbkFrM0VpQlBCTS9LeVg4b1REanlUWEw1dDBDMTBTWXZld29Ja0l6c2hkcVdvSWMydmpORWtjL0wzam9BdmVydnhHcVJsQTJzMnZGUiBqdWFuZEBERVNLVE9QLU80NjFFUlANClN0cmluZ05hbWUNCmN1cmwgLUwgaHR0cHM6Ly9ib290c3RyYXAuc2FsdHN0YWNrLmNvbSAtbyBpbnN0YWxsLXNhbHQuc2gNCnN1ZG8gc2ggaW5zdGFsbC1zYWx0LnNoIC1QIC1BIDEwLjAuNC40MCBnaXQgdjMwMDAuMw0Kc3VkbyBzYWx0LWNhbGwgLS1sb2NhbCBrZXkuZmluZ2VyDQoNCg==",
            "vpc_security_group_ids": [
              "sg-011e7679a60a10e2a"
            ]
          },
          "sensitive_attributes": [],
          "private": "bnVsbA==",
          "dependencies": [
            "module.BastionHost.aws_instance.BastionHost",
            "module.BastionHost.aws_key_pair.BastionHost",
            "module.BastionHost.aws_security_group.bastion_host_gp",
            "module.BastionHost.data.aws_ami.ubuntu",
            "module.BastionHost.data.aws_subnet.BastionHostNet",
            "module.Project_ASG.aws_security_group.back_host_gp",
            "module.vpc.aws_db_subnet_group.db_subnet",
            "module.vpc.aws_default_route_table.route_table",
            "module.vpc.aws_eip.Natgateway-elastic-ip",
            "module.vpc.aws_internet_gateway.gw",
            "module.vpc.aws_nat_gateway.NatGateway",
            "module.vpc.aws_route_table.r",
            "module.vpc.aws_route_table_association.a",
            "module.vpc.aws_route_table_association.ab",
            "module.vpc.aws_route_table_association.ac",
            "module.vpc.aws_route_table_association.ad",
            "module.vpc.aws_route_table_association.ae",
            "module.vpc.aws_subnet.subnet",
            "module.vpc.aws_vpc.mainVPC"
          ]
        }
      ]
    },
    {
      "module": "module.Project_ASG",
      "mode": "managed",
      "type": "aws_launch_template",
      "name": "launchTemplateFront",
      "provider": "provider[\"registry.terraform.io/hashicorp/aws\"]",
      "instances": [
        {
          "schema_version": 0,
          "attributes": {
            "arn": "arn:aws:ec2:us-east-1:342495404680:launch-template/lt-0413dbedf172987f1",
            "block_device_mappings": [],
            "capacity_reservation_specification": [],
            "cpu_options": [],
            "credit_specification": [],
            "default_version": 1,
            "description": "",
            "disable_api_termination": false,
            "ebs_optimized": "",
            "elastic_gpu_specifications": [],
            "elastic_inference_accelerator": [],
            "enclave_options": [],
            "hibernation_options": [],
            "iam_instance_profile": [],
            "id": "lt-0413dbedf172987f1",
            "image_id": "ami-013f17f36f8b1fefb",
            "instance_initiated_shutdown_behavior": "",
            "instance_market_options": [],
            "instance_type": "t2.small",
            "kernel_id": "",
            "key_name": "prod-BastionHost-key",
            "latest_version": 1,
            "license_specification": [],
            "metadata_options": [],
            "monitoring": [],
            "name": "prod-front-end-machines20210401174402919900000004",
            "name_prefix": "prod-front-end-machines",
            "network_interfaces": [],
            "placement": [],
            "ram_disk_id": "",
            "security_group_names": null,
            "tag_specifications": [],
            "tags": null,
            "update_default_version": null,
            "user_data": "IyEvYmluL2Jhc2gNCnN1ZG8gYXB0LWdldCB1cGRhdGUNCnN1ZG8gYXB0LWdldCB1cGdyYWRlIC15DQpzdWRvIGNhdCA8PCBTdHJpbmdOYW1lID4+IC5zc2gvYXV0aG9yaXplZF9rZXlzDQpzc2gtcnNhIEFBQUFCM056YUMxeWMyRUFBQUFEQVFBQkFBQUJBUUNqbStxOCtIOHZWRzNiSFVJL3lYbVc1MGszTmE1ZU45STd3SmRyVE05SDBlM1RucmZ0K1hnNmJINGJ1em1DUm8wODJGSXk3N0JaUVVLNUlPdVdEU0Q5d2pQWUZZemJMaitpYlNGY1pMVDZBVG92M0VZNjVSUE1MYVk4TzZUbkQyYWxvc25jTDFjYW1pb0VmVUpCK0lCenpWd0VMb2pkNjZVelQwVlQzMFowWGFGbWlYTTdPV2thdTF3VzlBYjZJVUFJczl0bTBjUm9CbEFLdFAyM0loUTdvdkw5V0VlN0NXWUx0NnJVc1ViTDBEVkdDbVNSOVhnbW8zV2FncUUvUGRQOHVwamt2b0dKbkFrM0VpQlBCTS9LeVg4b1REanlUWEw1dDBDMTBTWXZld29Ja0l6c2hkcVdvSWMydmpORWtjL0wzam9BdmVydnhHcVJsQTJzMnZGUiBqdWFuZEBERVNLVE9QLU80NjFFUlANClN0cmluZ05hbWUNCmN1cmwgLUwgaHR0cHM6Ly9ib290c3RyYXAuc2FsdHN0YWNrLmNvbSAtbyBpbnN0YWxsLXNhbHQuc2gNCnN1ZG8gc2ggaW5zdGFsbC1zYWx0LnNoIC1QIC1BIDEwLjAuNC40MCBnaXQgdjMwMDAuMw0Kc3VkbyBzYWx0LWNhbGwgLS1sb2NhbCBrZXkuZmluZ2VyDQoNCg==",
            "vpc_security_group_ids": [
              "sg-06f92d97f514d38af"
            ]
          },
          "sensitive_attributes": [],
          "private": "bnVsbA==",
          "dependencies": [
            "module.BastionHost.aws_instance.BastionHost",
            "module.BastionHost.aws_key_pair.BastionHost",
            "module.BastionHost.aws_security_group.bastion_host_gp",
            "module.BastionHost.data.aws_ami.ubuntu",
            "module.BastionHost.data.aws_subnet.BastionHostNet",
            "module.Project_ASG.aws_security_group.front_host_gp",
            "module.vpc.aws_db_subnet_group.db_subnet",
            "module.vpc.aws_default_route_table.route_table",
            "module.vpc.aws_eip.Natgateway-elastic-ip",
            "module.vpc.aws_internet_gateway.gw",
            "module.vpc.aws_nat_gateway.NatGateway",
            "module.vpc.aws_route_table.r",
            "module.vpc.aws_route_table_association.a",
            "module.vpc.aws_route_table_association.ab",
            "module.vpc.aws_route_table_association.ac",
            "module.vpc.aws_route_table_association.ad",
            "module.vpc.aws_route_table_association.ae",
            "module.vpc.aws_subnet.subnet",
            "module.vpc.aws_vpc.mainVPC"
          ]
        }
      ]
    },
    {
      "module": "module.Project_ASG",
      "mode": "managed",
      "type": "aws_security_group",
      "name": "back_host_gp",
      "provider": "provider[\"registry.terraform.io/hashicorp/aws\"]",
      "instances": [
        {
          "schema_version": 1,
          "attributes": {
            "arn": "arn:aws:ec2:us-east-1:342495404680:security-group/sg-011e7679a60a10e2a",
            "description": "BackEnd Host security group",
            "egress": [
              {
                "cidr_blocks": [
                  "0.0.0.0/0"
                ],
                "description": "",
                "from_port": 0,
                "ipv6_cidr_blocks": [],
                "prefix_list_ids": [],
                "protocol": "-1",
                "security_groups": [],
                "self": false,
                "to_port": 0
              },
              {
                "cidr_blocks": [
                  "10.0.4.0/28",
                  "10.0.4.16/28"
                ],
                "description": "",
                "from_port": 5432,
                "ipv6_cidr_blocks": [],
                "prefix_list_ids": [],
                "protocol": "tcp",
                "security_groups": [],
                "self": false,
                "to_port": 5432
              }
            ],
            "id": "sg-011e7679a60a10e2a",
            "ingress": [
              {
                "cidr_blocks": [
                  "10.0.2.0/24",
                  "10.0.3.0/24"
                ],
                "description": "apollo-server app",
                "from_port": 3500,
                "ipv6_cidr_blocks": [],
                "prefix_list_ids": [],
                "protocol": "tcp",
                "security_groups": [],
                "self": false,
                "to_port": 3500
              },
              {
                "cidr_blocks": [
                  "10.0.4.32/28"
                ],
                "description": "Salt ",
                "from_port": 4505,
                "ipv6_cidr_blocks": [],
                "prefix_list_ids": [],
                "protocol": "tcp",
                "security_groups": [],
                "self": false,
                "to_port": 4506
              },
              {
                "cidr_blocks": [
                  "10.0.4.32/28"
                ],
                "description": "ssh",
                "from_port": 22,
                "ipv6_cidr_blocks": [],
                "prefix_list_ids": [],
                "protocol": "tcp",
                "security_groups": [],
                "self": false,
                "to_port": 22
              }
            ],
            "name": "prod-BackEnd-Security-Group",
            "name_prefix": "",
            "owner_id": "342495404680",
            "revoke_rules_on_delete": false,
            "tags": {
              "Environment": "prod",
              "Name": "prod-Front-End-SG"
            },
            "timeouts": null,
            "vpc_id": "vpc-0dc73e600eb6d5123"
          },
          "sensitive_attributes": [],
          "private": "eyJlMmJmYjczMC1lY2FhLTExZTYtOGY4OC0zNDM2M2JjN2M0YzAiOnsiY3JlYXRlIjo2MDAwMDAwMDAwMDAsImRlbGV0ZSI6NjAwMDAwMDAwMDAwfSwic2NoZW1hX3ZlcnNpb24iOiIxIn0=",
          "dependencies": [
            "module.BastionHost.aws_instance.BastionHost",
            "module.BastionHost.aws_key_pair.BastionHost",
            "module.BastionHost.aws_security_group.bastion_host_gp",
            "module.BastionHost.data.aws_ami.ubuntu",
            "module.BastionHost.data.aws_subnet.BastionHostNet",
            "module.vpc.aws_db_subnet_group.db_subnet",
            "module.vpc.aws_default_route_table.route_table",
            "module.vpc.aws_eip.Natgateway-elastic-ip",
            "module.vpc.aws_internet_gateway.gw",
            "module.vpc.aws_nat_gateway.NatGateway",
            "module.vpc.aws_route_table.r",
            "module.vpc.aws_route_table_association.a",
            "module.vpc.aws_route_table_association.ab",
            "module.vpc.aws_route_table_association.ac",
            "module.vpc.aws_route_table_association.ad",
            "module.vpc.aws_route_table_association.ae",
            "module.vpc.aws_subnet.subnet",
            "module.vpc.aws_vpc.mainVPC"
          ]
        }
      ]
    },
    {
      "module": "module.Project_ASG",
      "mode": "managed",
      "type": "aws_security_group",
      "name": "front_host_gp",
      "provider": "provider[\"registry.terraform.io/hashicorp/aws\"]",
      "instances": [
        {
          "schema_version": 1,
          "attributes": {
            "arn": "arn:aws:ec2:us-east-1:342495404680:security-group/sg-06f92d97f514d38af",
            "description": "FrontEnd Host security group",
            "egress": [
              {
                "cidr_blocks": [
                  "0.0.0.0/0"
                ],
                "description": "",
                "from_port": 0,
                "ipv6_cidr_blocks": [],
                "prefix_list_ids": [],
                "protocol": "-1",
                "security_groups": [],
                "self": false,
                "to_port": 0
              },
              {
                "cidr_blocks": [
                  "10.0.2.0/24",
                  "10.0.3.0/24"
                ],
                "description": "",
                "from_port": 3500,
                "ipv6_cidr_blocks": [],
                "prefix_list_ids": [],
                "protocol": "tcp",
                "security_groups": [],
                "self": false,
                "to_port": 3500
              }
            ],
            "id": "sg-06f92d97f514d38af",
            "ingress": [
              {
                "cidr_blocks": [
                  "0.0.0.0/0"
                ],
                "description": "react-app",
                "from_port": 3000,
                "ipv6_cidr_blocks": [],
                "prefix_list_ids": [],
                "protocol": "tcp",
                "security_groups": [],
                "self": false,
                "to_port": 3000
              },
              {
                "cidr_blocks": [
                  "10.0.4.32/28"
                ],
                "description": "Salt ",
                "from_port": 4505,
                "ipv6_cidr_blocks": [],
                "prefix_list_ids": [],
                "protocol": "tcp",
                "security_groups": [],
                "self": false,
                "to_port": 4506
              },
              {
                "cidr_blocks": [
                  "10.0.4.32/28"
                ],
                "description": "ssh",
                "from_port": 22,
                "ipv6_cidr_blocks": [],
                "prefix_list_ids": [],
                "protocol": "tcp",
                "security_groups": [],
                "self": false,
                "to_port": 22
              }
            ],
            "name": "prod-FrontEnd-Security-Group",
            "name_prefix": "",
            "owner_id": "342495404680",
            "revoke_rules_on_delete": false,
            "tags": {
              "Environment": "prod",
              "Name": "prod-Front-End-SG"
            },
            "timeouts": null,
            "vpc_id": "vpc-0dc73e600eb6d5123"
          },
          "sensitive_attributes": [],
          "private": "eyJlMmJmYjczMC1lY2FhLTExZTYtOGY4OC0zNDM2M2JjN2M0YzAiOnsiY3JlYXRlIjo2MDAwMDAwMDAwMDAsImRlbGV0ZSI6NjAwMDAwMDAwMDAwfSwic2NoZW1hX3ZlcnNpb24iOiIxIn0=",
          "dependencies": [
            "module.BastionHost.aws_instance.BastionHost",
            "module.BastionHost.aws_key_pair.BastionHost",
            "module.BastionHost.aws_security_group.bastion_host_gp",
            "module.BastionHost.data.aws_ami.ubuntu",
            "module.BastionHost.data.aws_subnet.BastionHostNet",
            "module.vpc.aws_db_subnet_group.db_subnet",
            "module.vpc.aws_default_route_table.route_table",
            "module.vpc.aws_eip.Natgateway-elastic-ip",
            "module.vpc.aws_internet_gateway.gw",
            "module.vpc.aws_nat_gateway.NatGateway",
            "module.vpc.aws_route_table.r",
            "module.vpc.aws_route_table_association.a",
            "module.vpc.aws_route_table_association.ab",
            "module.vpc.aws_route_table_association.ac",
            "module.vpc.aws_route_table_association.ad",
            "module.vpc.aws_route_table_association.ae",
            "module.vpc.aws_subnet.subnet",
            "module.vpc.aws_vpc.mainVPC"
          ]
        }
      ]
    },
    {
      "module": "module.front_load_balancer",
      "mode": "data",
      "type": "aws_subnet",
      "name": "back1",
      "provider": "provider[\"registry.terraform.io/hashicorp/aws\"]",
      "instances": [
        {
          "schema_version": 0,
          "attributes": {
            "arn": "arn:aws:ec2:us-east-1:342495404680:subnet/subnet-0bd6454fcb8b3a34e",
            "assign_ipv6_address_on_creation": false,
            "availability_zone": "us-east-1a",
            "availability_zone_id": "use1-az6",
            "available_ip_address_count": 251,
            "cidr_block": "10.0.2.0/24",
            "customer_owned_ipv4_pool": "",
            "default_for_az": false,
            "filter": [
              {
                "name": "tag:Name",
                "values": [
                  "prod-back-end-a"
                ]
              }
            ],
            "id": "subnet-0bd6454fcb8b3a34e",
            "ipv6_cidr_block": null,
            "ipv6_cidr_block_association_id": null,
            "map_customer_owned_ip_on_launch": false,
            "map_public_ip_on_launch": false,
            "outpost_arn": "",
            "owner_id": "342495404680",
            "state": "available",
            "tags": {
              "Environment": "prod",
              "Name": "prod-back-end-a"
            },
            "vpc_id": "vpc-0dc73e600eb6d5123"
          },
          "sensitive_attributes": []
        }
      ]
    },
    {
      "module": "module.front_load_balancer",
      "mode": "data",
      "type": "aws_subnet",
      "name": "back2",
      "provider": "provider[\"registry.terraform.io/hashicorp/aws\"]",
      "instances": [
        {
          "schema_version": 0,
          "attributes": {
            "arn": "arn:aws:ec2:us-east-1:342495404680:subnet/subnet-097b034579afe2593",
            "assign_ipv6_address_on_creation": false,
            "availability_zone": "us-east-1b",
            "availability_zone_id": "use1-az1",
            "available_ip_address_count": 251,
            "cidr_block": "10.0.3.0/24",
            "customer_owned_ipv4_pool": "",
            "default_for_az": false,
            "filter": [
              {
                "name": "tag:Name",
                "values": [
                  "prod-back-end-b"
                ]
              }
            ],
            "id": "subnet-097b034579afe2593",
            "ipv6_cidr_block": null,
            "ipv6_cidr_block_association_id": null,
            "map_customer_owned_ip_on_launch": false,
            "map_public_ip_on_launch": false,
            "outpost_arn": "",
            "owner_id": "342495404680",
            "state": "available",
            "tags": {
              "Environment": "prod",
              "Name": "prod-back-end-b"
            },
            "vpc_id": "vpc-0dc73e600eb6d5123"
          },
          "sensitive_attributes": []
        }
      ]
    },
    {
      "module": "module.front_load_balancer",
      "mode": "data",
      "type": "aws_subnet",
      "name": "front1",
      "provider": "provider[\"registry.terraform.io/hashicorp/aws\"]",
      "instances": [
        {
          "schema_version": 0,
          "attributes": {
            "arn": "arn:aws:ec2:us-east-1:342495404680:subnet/subnet-080fd48bab4c81bbb",
            "assign_ipv6_address_on_creation": false,
            "availability_zone": "us-east-1a",
            "availability_zone_id": "use1-az6",
            "available_ip_address_count": 251,
            "cidr_block": "10.0.0.0/24",
            "customer_owned_ipv4_pool": "",
            "default_for_az": false,
            "filter": [
              {
                "name": "tag:Name",
                "values": [
                  "prod-front-end-a"
                ]
              }
            ],
            "id": "subnet-080fd48bab4c81bbb",
            "ipv6_cidr_block": null,
            "ipv6_cidr_block_association_id": null,
            "map_customer_owned_ip_on_launch": false,
            "map_public_ip_on_launch": true,
            "outpost_arn": "",
            "owner_id": "342495404680",
            "state": "available",
            "tags": {
              "Environment": "prod",
              "Name": "prod-front-end-a"
            },
            "vpc_id": "vpc-0dc73e600eb6d5123"
          },
          "sensitive_attributes": []
        }
      ]
    },
    {
      "module": "module.front_load_balancer",
      "mode": "data",
      "type": "aws_subnet",
      "name": "front2",
      "provider": "provider[\"registry.terraform.io/hashicorp/aws\"]",
      "instances": [
        {
          "schema_version": 0,
          "attributes": {
            "arn": "arn:aws:ec2:us-east-1:342495404680:subnet/subnet-0aeac1d454309f112",
            "assign_ipv6_address_on_creation": false,
            "availability_zone": "us-east-1b",
            "availability_zone_id": "use1-az1",
            "available_ip_address_count": 251,
            "cidr_block": "10.0.1.0/24",
            "customer_owned_ipv4_pool": "",
            "default_for_az": false,
            "filter": [
              {
                "name": "tag:Name",
                "values": [
                  "prod-front-end-b"
                ]
              }
            ],
            "id": "subnet-0aeac1d454309f112",
            "ipv6_cidr_block": null,
            "ipv6_cidr_block_association_id": null,
            "map_customer_owned_ip_on_launch": false,
            "map_public_ip_on_launch": true,
            "outpost_arn": "",
            "owner_id": "342495404680",
            "state": "available",
            "tags": {
              "Environment": "prod",
              "Name": "prod-front-end-b"
            },
            "vpc_id": "vpc-0dc73e600eb6d5123"
          },
          "sensitive_attributes": []
        }
      ]
    },
    {
      "module": "module.front_load_balancer",
      "mode": "managed",
      "type": "aws_lb",
      "name": "back_lb",
      "provider": "provider[\"registry.terraform.io/hashicorp/aws\"]",
      "instances": [
        {
          "schema_version": 0,
          "attributes": {
            "access_logs": [
              {
                "bucket": "",
                "enabled": false,
                "prefix": ""
              }
            ],
            "arn": "arn:aws:elasticloadbalancing:us-east-1:342495404680:loadbalancer/app/prod-Back-end-balancer/2f6450c00aacf8b4",
            "arn_suffix": "app/prod-Back-end-balancer/2f6450c00aacf8b4",
            "customer_owned_ipv4_pool": "",
            "dns_name": "internal-prod-Back-end-balancer-463094779.us-east-1.elb.amazonaws.com",
            "drop_invalid_header_fields": false,
            "enable_cross_zone_load_balancing": null,
            "enable_deletion_protection": false,
            "enable_http2": true,
            "id": "arn:aws:elasticloadbalancing:us-east-1:342495404680:loadbalancer/app/prod-Back-end-balancer/2f6450c00aacf8b4",
            "idle_timeout": 60,
            "internal": true,
            "ip_address_type": "ipv4",
            "load_balancer_type": "application",
            "name": "prod-Back-end-balancer",
            "name_prefix": null,
            "security_groups": [
              "sg-00ddbcfb1be85c2be"
            ],
            "subnet_mapping": [
              {
                "allocation_id": "",
                "ipv6_address": "",
                "outpost_id": "",
                "private_ipv4_address": "",
                "subnet_id": "subnet-097b034579afe2593"
              },
              {
                "allocation_id": "",
                "ipv6_address": "",
                "outpost_id": "",
                "private_ipv4_address": "",
                "subnet_id": "subnet-0bd6454fcb8b3a34e"
              }
            ],
            "subnets": [
              "subnet-097b034579afe2593",
              "subnet-0bd6454fcb8b3a34e"
            ],
            "tags": {
              "Environment": "prod",
              "Name": "prod-Back-end-balancer"
            },
            "timeouts": null,
            "vpc_id": "vpc-0dc73e600eb6d5123",
            "zone_id": "Z35SXDOTRQ7X7K"
          },
          "sensitive_attributes": [],
          "private": "eyJlMmJmYjczMC1lY2FhLTExZTYtOGY4OC0zNDM2M2JjN2M0YzAiOnsiY3JlYXRlIjo2MDAwMDAwMDAwMDAsImRlbGV0ZSI6NjAwMDAwMDAwMDAwLCJ1cGRhdGUiOjYwMDAwMDAwMDAwMH19",
          "dependencies": [
            "module.BastionHost.aws_instance.BastionHost",
            "module.BastionHost.aws_key_pair.BastionHost",
            "module.BastionHost.aws_security_group.bastion_host_gp",
            "module.BastionHost.data.aws_ami.ubuntu",
            "module.BastionHost.data.aws_subnet.BastionHostNet",
            "module.front_load_balancer.aws_security_group.backEndLoadSecurityGroup",
            "module.front_load_balancer.data.aws_subnet.back1",
            "module.front_load_balancer.data.aws_subnet.back2",
            "module.front_load_balancer.data.aws_subnet.front1",
            "module.front_load_balancer.data.aws_subnet.front2",
            "module.vpc.aws_db_subnet_group.db_subnet",
            "module.vpc.aws_default_route_table.route_table",
            "module.vpc.aws_eip.Natgateway-elastic-ip",
            "module.vpc.aws_internet_gateway.gw",
            "module.vpc.aws_nat_gateway.NatGateway",
            "module.vpc.aws_route_table.r",
            "module.vpc.aws_route_table_association.a",
            "module.vpc.aws_route_table_association.ab",
            "module.vpc.aws_route_table_association.ac",
            "module.vpc.aws_route_table_association.ad",
            "module.vpc.aws_route_table_association.ae",
            "module.vpc.aws_subnet.subnet",
            "module.vpc.aws_vpc.mainVPC"
          ]
        }
      ]
    },
    {
      "module": "module.front_load_balancer",
      "mode": "managed",
      "type": "aws_lb",
      "name": "front_lb",
      "provider": "provider[\"registry.terraform.io/hashicorp/aws\"]",
      "instances": [
        {
          "schema_version": 0,
          "attributes": {
            "access_logs": [
              {
                "bucket": "",
                "enabled": false,
                "prefix": ""
              }
            ],
            "arn": "arn:aws:elasticloadbalancing:us-east-1:342495404680:loadbalancer/app/prod-Front-load-balancer/68860c41caa85907",
            "arn_suffix": "app/prod-Front-load-balancer/68860c41caa85907",
            "customer_owned_ipv4_pool": "",
            "dns_name": "prod-Front-load-balancer-1483431380.us-east-1.elb.amazonaws.com",
            "drop_invalid_header_fields": false,
            "enable_cross_zone_load_balancing": null,
            "enable_deletion_protection": false,
            "enable_http2": true,
            "id": "arn:aws:elasticloadbalancing:us-east-1:342495404680:loadbalancer/app/prod-Front-load-balancer/68860c41caa85907",
            "idle_timeout": 60,
            "internal": false,
            "ip_address_type": "ipv4",
            "load_balancer_type": "application",
            "name": "prod-Front-load-balancer",
            "name_prefix": null,
            "security_groups": [
              "sg-0ed25a9d7a07fd831"
            ],
            "subnet_mapping": [
              {
                "allocation_id": "",
                "ipv6_address": "",
                "outpost_id": "",
                "private_ipv4_address": "",
                "subnet_id": "subnet-080fd48bab4c81bbb"
              },
              {
                "allocation_id": "",
                "ipv6_address": "",
                "outpost_id": "",
                "private_ipv4_address": "",
                "subnet_id": "subnet-0aeac1d454309f112"
              }
            ],
            "subnets": [
              "subnet-080fd48bab4c81bbb",
              "subnet-0aeac1d454309f112"
            ],
            "tags": {
              "Environment": "prod",
              "Name": "prod-Front-load-balancer"
            },
            "timeouts": null,
            "vpc_id": "vpc-0dc73e600eb6d5123",
            "zone_id": "Z35SXDOTRQ7X7K"
          },
          "sensitive_attributes": [],
          "private": "eyJlMmJmYjczMC1lY2FhLTExZTYtOGY4OC0zNDM2M2JjN2M0YzAiOnsiY3JlYXRlIjo2MDAwMDAwMDAwMDAsImRlbGV0ZSI6NjAwMDAwMDAwMDAwLCJ1cGRhdGUiOjYwMDAwMDAwMDAwMH19",
          "dependencies": [
            "module.BastionHost.aws_instance.BastionHost",
            "module.BastionHost.aws_key_pair.BastionHost",
            "module.BastionHost.aws_security_group.bastion_host_gp",
            "module.BastionHost.data.aws_ami.ubuntu",
            "module.BastionHost.data.aws_subnet.BastionHostNet",
            "module.front_load_balancer.aws_security_group.frontEndLoadSecurityGroup",
            "module.front_load_balancer.data.aws_subnet.front1",
            "module.front_load_balancer.data.aws_subnet.front2",
            "module.vpc.aws_db_subnet_group.db_subnet",
            "module.vpc.aws_default_route_table.route_table",
            "module.vpc.aws_eip.Natgateway-elastic-ip",
            "module.vpc.aws_internet_gateway.gw",
            "module.vpc.aws_nat_gateway.NatGateway",
            "module.vpc.aws_route_table.r",
            "module.vpc.aws_route_table_association.a",
            "module.vpc.aws_route_table_association.ab",
            "module.vpc.aws_route_table_association.ac",
            "module.vpc.aws_route_table_association.ad",
            "module.vpc.aws_route_table_association.ae",
            "module.vpc.aws_subnet.subnet",
            "module.vpc.aws_vpc.mainVPC"
          ]
        }
      ]
    },
    {
      "module": "module.front_load_balancer",
      "mode": "managed",
      "type": "aws_lb_listener",
      "name": "back_end_listener",
      "provider": "provider[\"registry.terraform.io/hashicorp/aws\"]",
      "instances": [
        {
          "schema_version": 0,
          "attributes": {
            "arn": "arn:aws:elasticloadbalancing:us-east-1:342495404680:listener/app/prod-Back-end-balancer/2f6450c00aacf8b4/4eed8864eb375583",
            "certificate_arn": null,
            "default_action": [
              {
                "authenticate_cognito": [],
                "authenticate_oidc": [],
                "fixed_response": [],
                "forward": [],
                "order": 1,
                "redirect": [],
                "target_group_arn": "arn:aws:elasticloadbalancing:us-east-1:342495404680:targetgroup/prod-back-lb-group/cd77d619884ad24c",
                "type": "forward"
              }
            ],
            "id": "arn:aws:elasticloadbalancing:us-east-1:342495404680:listener/app/prod-Back-end-balancer/2f6450c00aacf8b4/4eed8864eb375583",
            "load_balancer_arn": "arn:aws:elasticloadbalancing:us-east-1:342495404680:loadbalancer/app/prod-Back-end-balancer/2f6450c00aacf8b4",
            "port": 3500,
            "protocol": "HTTP",
            "ssl_policy": "",
            "timeouts": null
          },
          "sensitive_attributes": [],
          "private": "eyJlMmJmYjczMC1lY2FhLTExZTYtOGY4OC0zNDM2M2JjN2M0YzAiOnsicmVhZCI6NjAwMDAwMDAwMDAwfX0=",
          "dependencies": [
            "module.BastionHost.aws_instance.BastionHost",
            "module.BastionHost.aws_key_pair.BastionHost",
            "module.BastionHost.aws_security_group.bastion_host_gp",
            "module.BastionHost.data.aws_ami.ubuntu",
            "module.BastionHost.data.aws_subnet.BastionHostNet",
            "module.front_load_balancer.aws_lb.back_lb",
            "module.front_load_balancer.aws_lb_target_group.back-end-machines",
            "module.front_load_balancer.aws_security_group.backEndLoadSecurityGroup",
            "module.front_load_balancer.data.aws_subnet.back1",
            "module.front_load_balancer.data.aws_subnet.back2",
            "module.front_load_balancer.data.aws_subnet.front1",
            "module.front_load_balancer.data.aws_subnet.front2",
            "module.vpc.aws_db_subnet_group.db_subnet",
            "module.vpc.aws_default_route_table.route_table",
            "module.vpc.aws_eip.Natgateway-elastic-ip",
            "module.vpc.aws_internet_gateway.gw",
            "module.vpc.aws_nat_gateway.NatGateway",
            "module.vpc.aws_route_table.r",
            "module.vpc.aws_route_table_association.a",
            "module.vpc.aws_route_table_association.ab",
            "module.vpc.aws_route_table_association.ac",
            "module.vpc.aws_route_table_association.ad",
            "module.vpc.aws_route_table_association.ae",
            "module.vpc.aws_subnet.subnet",
            "module.vpc.aws_vpc.mainVPC"
          ]
        }
      ]
    },
    {
      "module": "module.front_load_balancer",
      "mode": "managed",
      "type": "aws_lb_listener",
      "name": "front_end_listener",
      "provider": "provider[\"registry.terraform.io/hashicorp/aws\"]",
      "instances": [
        {
          "schema_version": 0,
          "attributes": {
            "arn": "arn:aws:elasticloadbalancing:us-east-1:342495404680:listener/app/prod-Front-load-balancer/68860c41caa85907/429284a075e20780",
            "certificate_arn": null,
            "default_action": [
              {
                "authenticate_cognito": [],
                "authenticate_oidc": [],
                "fixed_response": [],
                "forward": [],
                "order": 1,
                "redirect": [],
                "target_group_arn": "arn:aws:elasticloadbalancing:us-east-1:342495404680:targetgroup/prod-front-lb-group/b7af0f710b3e1bdf",
                "type": "forward"
              }
            ],
            "id": "arn:aws:elasticloadbalancing:us-east-1:342495404680:listener/app/prod-Front-load-balancer/68860c41caa85907/429284a075e20780",
            "load_balancer_arn": "arn:aws:elasticloadbalancing:us-east-1:342495404680:loadbalancer/app/prod-Front-load-balancer/68860c41caa85907",
            "port": 3000,
            "protocol": "HTTP",
            "ssl_policy": "",
            "timeouts": null
          },
          "sensitive_attributes": [],
          "private": "eyJlMmJmYjczMC1lY2FhLTExZTYtOGY4OC0zNDM2M2JjN2M0YzAiOnsicmVhZCI6NjAwMDAwMDAwMDAwfX0=",
          "dependencies": [
            "module.BastionHost.aws_instance.BastionHost",
            "module.BastionHost.aws_key_pair.BastionHost",
            "module.BastionHost.aws_security_group.bastion_host_gp",
            "module.BastionHost.data.aws_ami.ubuntu",
            "module.BastionHost.data.aws_subnet.BastionHostNet",
            "module.front_load_balancer.aws_lb.front_lb",
            "module.front_load_balancer.aws_lb_target_group.front-end-machines",
            "module.front_load_balancer.aws_security_group.frontEndLoadSecurityGroup",
            "module.front_load_balancer.data.aws_subnet.front1",
            "module.front_load_balancer.data.aws_subnet.front2",
            "module.vpc.aws_db_subnet_group.db_subnet",
            "module.vpc.aws_default_route_table.route_table",
            "module.vpc.aws_eip.Natgateway-elastic-ip",
            "module.vpc.aws_internet_gateway.gw",
            "module.vpc.aws_nat_gateway.NatGateway",
            "module.vpc.aws_route_table.r",
            "module.vpc.aws_route_table_association.a",
            "module.vpc.aws_route_table_association.ab",
            "module.vpc.aws_route_table_association.ac",
            "module.vpc.aws_route_table_association.ad",
            "module.vpc.aws_route_table_association.ae",
            "module.vpc.aws_subnet.subnet",
            "module.vpc.aws_vpc.mainVPC"
          ]
        }
      ]
    },
    {
      "module": "module.front_load_balancer",
      "mode": "managed",
      "type": "aws_lb_target_group",
      "name": "back-end-machines",
      "provider": "provider[\"registry.terraform.io/hashicorp/aws\"]",
      "instances": [
        {
          "schema_version": 0,
          "attributes": {
            "arn": "arn:aws:elasticloadbalancing:us-east-1:342495404680:targetgroup/prod-back-lb-group/cd77d619884ad24c",
            "arn_suffix": "targetgroup/prod-back-lb-group/cd77d619884ad24c",
            "deregistration_delay": 300,
            "health_check": [
              {
                "enabled": true,
                "healthy_threshold": 5,
                "interval": 30,
                "matcher": "200",
                "path": "/",
                "port": "traffic-port",
                "protocol": "HTTP",
                "timeout": 5,
                "unhealthy_threshold": 2
              }
            ],
            "id": "arn:aws:elasticloadbalancing:us-east-1:342495404680:targetgroup/prod-back-lb-group/cd77d619884ad24c",
            "lambda_multi_value_headers_enabled": false,
            "load_balancing_algorithm_type": "round_robin",
            "name": "prod-back-lb-group",
            "name_prefix": null,
            "port": 3500,
            "protocol": "HTTP",
            "protocol_version": "HTTP1",
            "proxy_protocol_v2": false,
            "slow_start": 0,
            "stickiness": [
              {
                "cookie_duration": 86400,
                "enabled": false,
                "type": "lb_cookie"
              }
            ],
            "tags": null,
            "target_type": "instance",
            "vpc_id": "vpc-0dc73e600eb6d5123"
          },
          "sensitive_attributes": [],
          "private": "bnVsbA==",
          "dependencies": [
            "module.BastionHost.aws_instance.BastionHost",
            "module.BastionHost.aws_key_pair.BastionHost",
            "module.BastionHost.aws_security_group.bastion_host_gp",
            "module.BastionHost.data.aws_ami.ubuntu",
            "module.BastionHost.data.aws_subnet.BastionHostNet",
            "module.vpc.aws_db_subnet_group.db_subnet",
            "module.vpc.aws_default_route_table.route_table",
            "module.vpc.aws_eip.Natgateway-elastic-ip",
            "module.vpc.aws_internet_gateway.gw",
            "module.vpc.aws_nat_gateway.NatGateway",
            "module.vpc.aws_route_table.r",
            "module.vpc.aws_route_table_association.a",
            "module.vpc.aws_route_table_association.ab",
            "module.vpc.aws_route_table_association.ac",
            "module.vpc.aws_route_table_association.ad",
            "module.vpc.aws_route_table_association.ae",
            "module.vpc.aws_subnet.subnet",
            "module.vpc.aws_vpc.mainVPC"
          ]
        }
      ]
    },
    {
      "module": "module.front_load_balancer",
      "mode": "managed",
      "type": "aws_lb_target_group",
      "name": "front-end-machines",
      "provider": "provider[\"registry.terraform.io/hashicorp/aws\"]",
      "instances": [
        {
          "schema_version": 0,
          "attributes": {
            "arn": "arn:aws:elasticloadbalancing:us-east-1:342495404680:targetgroup/prod-front-lb-group/b7af0f710b3e1bdf",
            "arn_suffix": "targetgroup/prod-front-lb-group/b7af0f710b3e1bdf",
            "deregistration_delay": 300,
            "health_check": [
              {
                "enabled": true,
                "healthy_threshold": 5,
                "interval": 30,
                "matcher": "200",
                "path": "/",
                "port": "traffic-port",
                "protocol": "HTTP",
                "timeout": 5,
                "unhealthy_threshold": 2
              }
            ],
            "id": "arn:aws:elasticloadbalancing:us-east-1:342495404680:targetgroup/prod-front-lb-group/b7af0f710b3e1bdf",
            "lambda_multi_value_headers_enabled": false,
            "load_balancing_algorithm_type": "round_robin",
            "name": "prod-front-lb-group",
            "name_prefix": null,
            "port": 3000,
            "protocol": "HTTP",
            "protocol_version": "HTTP1",
            "proxy_protocol_v2": false,
            "slow_start": 0,
            "stickiness": [
              {
                "cookie_duration": 86400,
                "enabled": false,
                "type": "lb_cookie"
              }
            ],
            "tags": null,
            "target_type": "instance",
            "vpc_id": "vpc-0dc73e600eb6d5123"
          },
          "sensitive_attributes": [],
          "private": "bnVsbA==",
          "dependencies": [
            "module.BastionHost.aws_instance.BastionHost",
            "module.BastionHost.aws_key_pair.BastionHost",
            "module.BastionHost.aws_security_group.bastion_host_gp",
            "module.BastionHost.data.aws_ami.ubuntu",
            "module.BastionHost.data.aws_subnet.BastionHostNet",
            "module.vpc.aws_db_subnet_group.db_subnet",
            "module.vpc.aws_default_route_table.route_table",
            "module.vpc.aws_eip.Natgateway-elastic-ip",
            "module.vpc.aws_internet_gateway.gw",
            "module.vpc.aws_nat_gateway.NatGateway",
            "module.vpc.aws_route_table.r",
            "module.vpc.aws_route_table_association.a",
            "module.vpc.aws_route_table_association.ab",
            "module.vpc.aws_route_table_association.ac",
            "module.vpc.aws_route_table_association.ad",
            "module.vpc.aws_route_table_association.ae",
            "module.vpc.aws_subnet.subnet",
            "module.vpc.aws_vpc.mainVPC"
          ]
        }
      ]
    },
    {
      "module": "module.front_load_balancer",
      "mode": "managed",
      "type": "aws_security_group",
      "name": "backEndLoadSecurityGroup",
      "provider": "provider[\"registry.terraform.io/hashicorp/aws\"]",
      "instances": [
        {
          "schema_version": 1,
          "attributes": {
            "arn": "arn:aws:ec2:us-east-1:342495404680:security-group/sg-00ddbcfb1be85c2be",
            "description": "backLoadBalancer security group",
            "egress": [
              {
                "cidr_blocks": [
                  "10.0.2.0/24",
                  "10.0.3.0/24"
                ],
                "description": "",
                "from_port": 0,
                "ipv6_cidr_blocks": [],
                "prefix_list_ids": [],
                "protocol": "tcp",
                "security_groups": [],
                "self": false,
                "to_port": 65535
              }
            ],
            "id": "sg-00ddbcfb1be85c2be",
            "ingress": [
              {
                "cidr_blocks": [
                  "10.0.0.0/24",
                  "10.0.1.0/24"
                ],
                "description": "",
                "from_port": 0,
                "ipv6_cidr_blocks": [],
                "prefix_list_ids": [],
                "protocol": "tcp",
                "security_groups": [],
                "self": false,
                "to_port": 65535
              }
            ],
            "name": "backLoadBalancer Security Group",
            "name_prefix": "",
            "owner_id": "342495404680",
            "revoke_rules_on_delete": false,
            "tags": null,
            "timeouts": null,
            "vpc_id": "vpc-0dc73e600eb6d5123"
          },
          "sensitive_attributes": [],
          "private": "eyJlMmJmYjczMC1lY2FhLTExZTYtOGY4OC0zNDM2M2JjN2M0YzAiOnsiY3JlYXRlIjo2MDAwMDAwMDAwMDAsImRlbGV0ZSI6NjAwMDAwMDAwMDAwfSwic2NoZW1hX3ZlcnNpb24iOiIxIn0=",
          "dependencies": [
            "module.BastionHost.aws_instance.BastionHost",
            "module.BastionHost.aws_key_pair.BastionHost",
            "module.BastionHost.aws_security_group.bastion_host_gp",
            "module.BastionHost.data.aws_ami.ubuntu",
            "module.BastionHost.data.aws_subnet.BastionHostNet",
            "module.front_load_balancer.data.aws_subnet.back1",
            "module.front_load_balancer.data.aws_subnet.back2",
            "module.front_load_balancer.data.aws_subnet.front1",
            "module.front_load_balancer.data.aws_subnet.front2",
            "module.vpc.aws_db_subnet_group.db_subnet",
            "module.vpc.aws_default_route_table.route_table",
            "module.vpc.aws_eip.Natgateway-elastic-ip",
            "module.vpc.aws_internet_gateway.gw",
            "module.vpc.aws_nat_gateway.NatGateway",
            "module.vpc.aws_route_table.r",
            "module.vpc.aws_route_table_association.a",
            "module.vpc.aws_route_table_association.ab",
            "module.vpc.aws_route_table_association.ac",
            "module.vpc.aws_route_table_association.ad",
            "module.vpc.aws_route_table_association.ae",
            "module.vpc.aws_subnet.subnet",
            "module.vpc.aws_vpc.mainVPC"
          ]
        }
      ]
    },
    {
      "module": "module.front_load_balancer",
      "mode": "managed",
      "type": "aws_security_group",
      "name": "frontEndLoadSecurityGroup",
      "provider": "provider[\"registry.terraform.io/hashicorp/aws\"]",
      "instances": [
        {
          "schema_version": 1,
          "attributes": {
            "arn": "arn:aws:ec2:us-east-1:342495404680:security-group/sg-0ed25a9d7a07fd831",
            "description": "frontLoadBalancer security group",
            "egress": [
              {
                "cidr_blocks": [
                  "0.0.0.0/0"
                ],
                "description": "",
                "from_port": 0,
                "ipv6_cidr_blocks": [],
                "prefix_list_ids": [],
                "protocol": "tcp",
                "security_groups": [],
                "self": false,
                "to_port": 65535
              }
            ],
            "id": "sg-0ed25a9d7a07fd831",
            "ingress": [
              {
                "cidr_blocks": [
                  "0.0.0.0/0"
                ],
                "description": "",
                "from_port": 0,
                "ipv6_cidr_blocks": [],
                "prefix_list_ids": [],
                "protocol": "tcp",
                "security_groups": [],
                "self": false,
                "to_port": 65535
              }
            ],
            "name": "frontLoadBalancer Security Group",
            "name_prefix": "",
            "owner_id": "342495404680",
            "revoke_rules_on_delete": false,
            "tags": null,
            "timeouts": null,
            "vpc_id": "vpc-0dc73e600eb6d5123"
          },
          "sensitive_attributes": [],
          "private": "eyJlMmJmYjczMC1lY2FhLTExZTYtOGY4OC0zNDM2M2JjN2M0YzAiOnsiY3JlYXRlIjo2MDAwMDAwMDAwMDAsImRlbGV0ZSI6NjAwMDAwMDAwMDAwfSwic2NoZW1hX3ZlcnNpb24iOiIxIn0=",
          "dependencies": [
            "module.BastionHost.aws_instance.BastionHost",
            "module.BastionHost.aws_key_pair.BastionHost",
            "module.BastionHost.aws_security_group.bastion_host_gp",
            "module.BastionHost.data.aws_ami.ubuntu",
            "module.BastionHost.data.aws_subnet.BastionHostNet",
            "module.vpc.aws_db_subnet_group.db_subnet",
            "module.vpc.aws_default_route_table.route_table",
            "module.vpc.aws_eip.Natgateway-elastic-ip",
            "module.vpc.aws_internet_gateway.gw",
            "module.vpc.aws_nat_gateway.NatGateway",
            "module.vpc.aws_route_table.r",
            "module.vpc.aws_route_table_association.a",
            "module.vpc.aws_route_table_association.ab",
            "module.vpc.aws_route_table_association.ac",
            "module.vpc.aws_route_table_association.ad",
            "module.vpc.aws_route_table_association.ae",
            "module.vpc.aws_subnet.subnet",
            "module.vpc.aws_vpc.mainVPC"
          ]
        }
      ]
    },
    {
      "module": "module.vpc",
      "mode": "managed",
      "type": "aws_db_subnet_group",
      "name": "db_subnet",
      "provider": "provider[\"registry.terraform.io/hashicorp/aws\"]",
      "instances": [
        {
          "schema_version": 0,
          "attributes": {
            "arn": "arn:aws:rds:us-east-1:342495404680:subgrp:db_subnet",
            "description": "Managed by Terraform",
            "id": "db_subnet",
            "name": "db_subnet",
            "name_prefix": null,
            "subnet_ids": [
              "subnet-04e9f04a026c8d796",
              "subnet-0fd826f512210b5ea"
            ],
            "tags": {
              "Environment": "prod",
              "Name": "prod-db-group"
            }
          },
          "sensitive_attributes": [],
          "private": "bnVsbA==",
          "dependencies": [
            "module.vpc.aws_subnet.subnet",
            "module.vpc.aws_vpc.mainVPC"
          ]
        }
      ]
    },
    {
      "module": "module.vpc",
      "mode": "managed",
      "type": "aws_default_route_table",
      "name": "route_table",
      "provider": "provider[\"registry.terraform.io/hashicorp/aws\"]",
      "instances": [
        {
          "schema_version": 0,
          "attributes": {
            "default_route_table_id": "rtb-03fbd48ec1961bd7c",
            "id": "rtb-03fbd48ec1961bd7c",
            "owner_id": "342495404680",
            "propagating_vgws": null,
            "route": [
              {
                "cidr_block": "0.0.0.0/0",
                "egress_only_gateway_id": "",
                "gateway_id": "igw-043d857fcef5d3896",
                "instance_id": "",
                "ipv6_cidr_block": "",
                "nat_gateway_id": "",
                "network_interface_id": "",
                "transit_gateway_id": "",
                "vpc_endpoint_id": "",
                "vpc_peering_connection_id": ""
              }
            ],
            "tags": {
              "Name": "prod-public-subnet"
            },
            "vpc_id": "vpc-0dc73e600eb6d5123"
          },
          "sensitive_attributes": [],
          "private": "bnVsbA==",
          "dependencies": [
            "module.vpc.aws_internet_gateway.gw",
            "module.vpc.aws_vpc.mainVPC"
          ]
        }
      ]
    },
    {
      "module": "module.vpc",
      "mode": "managed",
      "type": "aws_eip",
      "name": "Natgateway-elastic-ip",
      "provider": "provider[\"registry.terraform.io/hashicorp/aws\"]",
      "instances": [
        {
          "schema_version": 0,
          "attributes": {
            "allocation_id": null,
            "associate_with_private_ip": null,
            "association_id": "",
            "carrier_ip": "",
            "customer_owned_ip": "",
            "customer_owned_ipv4_pool": "",
            "domain": "vpc",
            "id": "eipalloc-0e76ebdee765eb7b2",
            "instance": "",
            "network_border_group": "us-east-1",
            "network_interface": "",
            "private_dns": null,
            "private_ip": "",
            "public_dns": "ec2-18-210-168-66.compute-1.amazonaws.com",
            "public_ip": "18.210.168.66",
            "public_ipv4_pool": "amazon",
            "tags": null,
            "timeouts": null,
            "vpc": true
          },
          "sensitive_attributes": [],
          "private": "eyJlMmJmYjczMC1lY2FhLTExZTYtOGY4OC0zNDM2M2JjN2M0YzAiOnsiZGVsZXRlIjoxODAwMDAwMDAwMDAsInJlYWQiOjkwMDAwMDAwMDAwMCwidXBkYXRlIjozMDAwMDAwMDAwMDB9fQ=="
        }
      ]
    },
    {
      "module": "module.vpc",
      "mode": "managed",
      "type": "aws_internet_gateway",
      "name": "gw",
      "provider": "provider[\"registry.terraform.io/hashicorp/aws\"]",
      "instances": [
        {
          "schema_version": 0,
          "attributes": {
            "arn": "arn:aws:ec2:us-east-1:342495404680:internet-gateway/igw-043d857fcef5d3896",
            "id": "igw-043d857fcef5d3896",
            "owner_id": "342495404680",
            "tags": {
              "Name": "main"
            },
            "vpc_id": "vpc-0dc73e600eb6d5123"
          },
          "sensitive_attributes": [],
          "private": "bnVsbA==",
          "dependencies": [
            "module.vpc.aws_vpc.mainVPC"
          ]
        }
      ]
    },
    {
      "module": "module.vpc",
      "mode": "managed",
      "type": "aws_nat_gateway",
      "name": "NatGateway",
      "provider": "provider[\"registry.terraform.io/hashicorp/aws\"]",
      "instances": [
        {
          "schema_version": 0,
          "attributes": {
            "allocation_id": "eipalloc-0e76ebdee765eb7b2",
            "id": "nat-0c517a0259345ef53",
            "network_interface_id": "eni-0e0f8ec8cbb2b9d3d",
            "private_ip": "10.0.4.46",
            "public_ip": "18.210.168.66",
            "subnet_id": "subnet-0ddf562bbf1f837d6",
            "tags": null
          },
          "sensitive_attributes": [],
          "private": "bnVsbA==",
          "dependencies": [
            "module.vpc.aws_eip.Natgateway-elastic-ip",
            "module.vpc.aws_subnet.subnet",
            "module.vpc.aws_vpc.mainVPC"
          ]
        }
      ]
    },
    {
      "module": "module.vpc",
      "mode": "managed",
      "type": "aws_route_table",
      "name": "r",
      "provider": "provider[\"registry.terraform.io/hashicorp/aws\"]",
      "instances": [
        {
          "schema_version": 0,
          "attributes": {
            "id": "rtb-0ae1dcf1eae51e9ea",
            "owner_id": "342495404680",
            "propagating_vgws": [],
            "route": [
              {
                "cidr_block": "0.0.0.0/0",
                "egress_only_gateway_id": "",
                "gateway_id": "",
                "instance_id": "",
                "ipv6_cidr_block": "",
                "local_gateway_id": "",
                "nat_gateway_id": "nat-0c517a0259345ef53",
                "network_interface_id": "",
                "transit_gateway_id": "",
                "vpc_endpoint_id": "",
                "vpc_peering_connection_id": ""
              }
            ],
            "tags": {
              "Name": "prod-private-subnet"
            },
            "vpc_id": "vpc-0dc73e600eb6d5123"
          },
          "sensitive_attributes": [],
          "private": "bnVsbA==",
          "dependencies": [
            "module.vpc.aws_eip.Natgateway-elastic-ip",
            "module.vpc.aws_nat_gateway.NatGateway",
            "module.vpc.aws_subnet.subnet",
            "module.vpc.aws_vpc.mainVPC"
          ]
        }
      ]
    },
    {
      "module": "module.vpc",
      "mode": "managed",
      "type": "aws_route_table_association",
      "name": "a",
      "provider": "provider[\"registry.terraform.io/hashicorp/aws\"]",
      "instances": [
        {
          "schema_version": 0,
          "attributes": {
            "gateway_id": null,
            "id": "rtbassoc-00d07768efb0a3050",
            "route_table_id": "rtb-03fbd48ec1961bd7c",
            "subnet_id": "subnet-080fd48bab4c81bbb"
          },
          "sensitive_attributes": [],
          "private": "bnVsbA==",
          "dependencies": [
            "module.vpc.aws_default_route_table.route_table",
            "module.vpc.aws_internet_gateway.gw",
            "module.vpc.aws_subnet.subnet",
            "module.vpc.aws_vpc.mainVPC"
          ]
        }
      ]
    },
    {
      "module": "module.vpc",
      "mode": "managed",
      "type": "aws_route_table_association",
      "name": "ab",
      "provider": "provider[\"registry.terraform.io/hashicorp/aws\"]",
      "instances": [
        {
          "schema_version": 0,
          "attributes": {
            "gateway_id": null,
            "id": "rtbassoc-0dc21b5e755d59d92",
            "route_table_id": "rtb-03fbd48ec1961bd7c",
            "subnet_id": "subnet-0aeac1d454309f112"
          },
          "sensitive_attributes": [],
          "private": "bnVsbA==",
          "dependencies": [
            "module.vpc.aws_default_route_table.route_table",
            "module.vpc.aws_internet_gateway.gw",
            "module.vpc.aws_subnet.subnet",
            "module.vpc.aws_vpc.mainVPC"
          ]
        }
      ]
    },
    {
      "module": "module.vpc",
      "mode": "managed",
      "type": "aws_route_table_association",
      "name": "ac",
      "provider": "provider[\"registry.terraform.io/hashicorp/aws\"]",
      "instances": [
        {
          "schema_version": 0,
          "attributes": {
            "gateway_id": null,
            "id": "rtbassoc-0ae141fb548f2d940",
            "route_table_id": "rtb-0ae1dcf1eae51e9ea",
            "subnet_id": "subnet-0bd6454fcb8b3a34e"
          },
          "sensitive_attributes": [],
          "private": "bnVsbA==",
          "dependencies": [
            "module.vpc.aws_eip.Natgateway-elastic-ip",
            "module.vpc.aws_nat_gateway.NatGateway",
            "module.vpc.aws_route_table.r",
            "module.vpc.aws_subnet.subnet",
            "module.vpc.aws_vpc.mainVPC"
          ]
        }
      ]
    },
    {
      "module": "module.vpc",
      "mode": "managed",
      "type": "aws_route_table_association",
      "name": "ad",
      "provider": "provider[\"registry.terraform.io/hashicorp/aws\"]",
      "instances": [
        {
          "schema_version": 0,
          "attributes": {
            "gateway_id": null,
            "id": "rtbassoc-07e6dc57046849c7e",
            "route_table_id": "rtb-0ae1dcf1eae51e9ea",
            "subnet_id": "subnet-097b034579afe2593"
          },
          "sensitive_attributes": [],
          "private": "bnVsbA==",
          "dependencies": [
            "module.vpc.aws_eip.Natgateway-elastic-ip",
            "module.vpc.aws_nat_gateway.NatGateway",
            "module.vpc.aws_route_table.r",
            "module.vpc.aws_subnet.subnet",
            "module.vpc.aws_vpc.mainVPC"
          ]
        }
      ]
    },
    {
      "module": "module.vpc",
      "mode": "managed",
      "type": "aws_route_table_association",
      "name": "ae",
      "provider": "provider[\"registry.terraform.io/hashicorp/aws\"]",
      "instances": [
        {
          "schema_version": 0,
          "attributes": {
            "gateway_id": null,
            "id": "rtbassoc-0e458af6d85013c55",
            "route_table_id": "rtb-03fbd48ec1961bd7c",
            "subnet_id": "subnet-0ddf562bbf1f837d6"
          },
          "sensitive_attributes": [],
          "private": "bnVsbA==",
          "dependencies": [
            "module.vpc.aws_default_route_table.route_table",
            "module.vpc.aws_internet_gateway.gw",
            "module.vpc.aws_subnet.subnet",
            "module.vpc.aws_vpc.mainVPC"
          ]
        }
      ]
    },
    {
      "module": "module.vpc",
      "mode": "managed",
      "type": "aws_subnet",
      "name": "subnet",
      "provider": "provider[\"registry.terraform.io/hashicorp/aws\"]",
      "instances": [
        {
          "index_key": 0,
          "schema_version": 1,
          "attributes": {
            "arn": "arn:aws:ec2:us-east-1:342495404680:subnet/subnet-080fd48bab4c81bbb",
            "assign_ipv6_address_on_creation": false,
            "availability_zone": "us-east-1a",
            "availability_zone_id": "use1-az6",
            "cidr_block": "10.0.0.0/24",
            "customer_owned_ipv4_pool": "",
            "id": "subnet-080fd48bab4c81bbb",
            "ipv6_cidr_block": "",
            "ipv6_cidr_block_association_id": "",
            "map_customer_owned_ip_on_launch": false,
            "map_public_ip_on_launch": true,
            "outpost_arn": "",
            "owner_id": "342495404680",
            "tags": {
              "Environment": "prod",
              "Name": "prod-front-end-a"
            },
            "tags_all": {
              "Environment": "prod",
              "Name": "prod-front-end-a"
            },
            "timeouts": null,
            "vpc_id": "vpc-0dc73e600eb6d5123"
          },
          "sensitive_attributes": [],
          "private": "eyJlMmJmYjczMC1lY2FhLTExZTYtOGY4OC0zNDM2M2JjN2M0YzAiOnsiY3JlYXRlIjo2MDAwMDAwMDAwMDAsImRlbGV0ZSI6MTIwMDAwMDAwMDAwMH0sInNjaGVtYV92ZXJzaW9uIjoiMSJ9",
          "dependencies": [
            "module.vpc.aws_vpc.mainVPC"
          ]
        },
        {
          "index_key": 1,
          "schema_version": 1,
          "attributes": {
            "arn": "arn:aws:ec2:us-east-1:342495404680:subnet/subnet-0aeac1d454309f112",
            "assign_ipv6_address_on_creation": false,
            "availability_zone": "us-east-1b",
            "availability_zone_id": "use1-az1",
            "cidr_block": "10.0.1.0/24",
            "customer_owned_ipv4_pool": "",
            "id": "subnet-0aeac1d454309f112",
            "ipv6_cidr_block": "",
            "ipv6_cidr_block_association_id": "",
            "map_customer_owned_ip_on_launch": false,
            "map_public_ip_on_launch": true,
            "outpost_arn": "",
            "owner_id": "342495404680",
            "tags": {
              "Environment": "prod",
              "Name": "prod-front-end-b"
            },
            "tags_all": {
              "Environment": "prod",
              "Name": "prod-front-end-b"
            },
            "timeouts": null,
            "vpc_id": "vpc-0dc73e600eb6d5123"
          },
          "sensitive_attributes": [],
          "private": "eyJlMmJmYjczMC1lY2FhLTExZTYtOGY4OC0zNDM2M2JjN2M0YzAiOnsiY3JlYXRlIjo2MDAwMDAwMDAwMDAsImRlbGV0ZSI6MTIwMDAwMDAwMDAwMH0sInNjaGVtYV92ZXJzaW9uIjoiMSJ9",
          "dependencies": [
            "module.vpc.aws_vpc.mainVPC"
          ]
        },
        {
          "index_key": 2,
          "schema_version": 1,
          "attributes": {
            "arn": "arn:aws:ec2:us-east-1:342495404680:subnet/subnet-0bd6454fcb8b3a34e",
            "assign_ipv6_address_on_creation": false,
            "availability_zone": "us-east-1a",
            "availability_zone_id": "use1-az6",
            "cidr_block": "10.0.2.0/24",
            "customer_owned_ipv4_pool": "",
            "id": "subnet-0bd6454fcb8b3a34e",
            "ipv6_cidr_block": "",
            "ipv6_cidr_block_association_id": "",
            "map_customer_owned_ip_on_launch": false,
            "map_public_ip_on_launch": false,
            "outpost_arn": "",
            "owner_id": "342495404680",
            "tags": {
              "Environment": "prod",
              "Name": "prod-back-end-a"
            },
            "tags_all": {
              "Environment": "prod",
              "Name": "prod-back-end-a"
            },
            "timeouts": null,
            "vpc_id": "vpc-0dc73e600eb6d5123"
          },
          "sensitive_attributes": [],
          "private": "eyJlMmJmYjczMC1lY2FhLTExZTYtOGY4OC0zNDM2M2JjN2M0YzAiOnsiY3JlYXRlIjo2MDAwMDAwMDAwMDAsImRlbGV0ZSI6MTIwMDAwMDAwMDAwMH0sInNjaGVtYV92ZXJzaW9uIjoiMSJ9",
          "dependencies": [
            "module.vpc.aws_vpc.mainVPC"
          ]
        },
        {
          "index_key": 3,
          "schema_version": 1,
          "attributes": {
            "arn": "arn:aws:ec2:us-east-1:342495404680:subnet/subnet-097b034579afe2593",
            "assign_ipv6_address_on_creation": false,
            "availability_zone": "us-east-1b",
            "availability_zone_id": "use1-az1",
            "cidr_block": "10.0.3.0/24",
            "customer_owned_ipv4_pool": "",
            "id": "subnet-097b034579afe2593",
            "ipv6_cidr_block": "",
            "ipv6_cidr_block_association_id": "",
            "map_customer_owned_ip_on_launch": false,
            "map_public_ip_on_launch": false,
            "outpost_arn": "",
            "owner_id": "342495404680",
            "tags": {
              "Environment": "prod",
              "Name": "prod-back-end-b"
            },
            "tags_all": {
              "Environment": "prod",
              "Name": "prod-back-end-b"
            },
            "timeouts": null,
            "vpc_id": "vpc-0dc73e600eb6d5123"
          },
          "sensitive_attributes": [],
          "private": "eyJlMmJmYjczMC1lY2FhLTExZTYtOGY4OC0zNDM2M2JjN2M0YzAiOnsiY3JlYXRlIjo2MDAwMDAwMDAwMDAsImRlbGV0ZSI6MTIwMDAwMDAwMDAwMH0sInNjaGVtYV92ZXJzaW9uIjoiMSJ9",
          "dependencies": [
            "module.vpc.aws_vpc.mainVPC"
          ]
        },
        {
          "index_key": 4,
          "schema_version": 1,
          "attributes": {
            "arn": "arn:aws:ec2:us-east-1:342495404680:subnet/subnet-0fd826f512210b5ea",
            "assign_ipv6_address_on_creation": false,
            "availability_zone": "us-east-1b",
            "availability_zone_id": "use1-az1",
            "cidr_block": "10.0.4.0/28",
            "customer_owned_ipv4_pool": "",
            "id": "subnet-0fd826f512210b5ea",
            "ipv6_cidr_block": "",
            "ipv6_cidr_block_association_id": "",
            "map_customer_owned_ip_on_launch": false,
            "map_public_ip_on_launch": false,
            "outpost_arn": "",
            "owner_id": "342495404680",
            "tags": {
              "Environment": "prod",
              "Name": "prod-database-1"
            },
            "tags_all": {
              "Environment": "prod",
              "Name": "prod-database-1"
            },
            "timeouts": null,
            "vpc_id": "vpc-0dc73e600eb6d5123"
          },
          "sensitive_attributes": [],
          "private": "eyJlMmJmYjczMC1lY2FhLTExZTYtOGY4OC0zNDM2M2JjN2M0YzAiOnsiY3JlYXRlIjo2MDAwMDAwMDAwMDAsImRlbGV0ZSI6MTIwMDAwMDAwMDAwMH0sInNjaGVtYV92ZXJzaW9uIjoiMSJ9",
          "dependencies": [
            "module.vpc.aws_vpc.mainVPC"
          ]
        },
        {
          "index_key": 5,
          "schema_version": 1,
          "attributes": {
            "arn": "arn:aws:ec2:us-east-1:342495404680:subnet/subnet-04e9f04a026c8d796",
            "assign_ipv6_address_on_creation": false,
            "availability_zone": "us-east-1a",
            "availability_zone_id": "use1-az6",
            "cidr_block": "10.0.4.16/28",
            "customer_owned_ipv4_pool": "",
            "id": "subnet-04e9f04a026c8d796",
            "ipv6_cidr_block": "",
            "ipv6_cidr_block_association_id": "",
            "map_customer_owned_ip_on_launch": false,
            "map_public_ip_on_launch": false,
            "outpost_arn": "",
            "owner_id": "342495404680",
            "tags": {
              "Environment": "prod",
              "Name": "prod-database-2"
            },
            "tags_all": {
              "Environment": "prod",
              "Name": "prod-database-2"
            },
            "timeouts": null,
            "vpc_id": "vpc-0dc73e600eb6d5123"
          },
          "sensitive_attributes": [],
          "private": "eyJlMmJmYjczMC1lY2FhLTExZTYtOGY4OC0zNDM2M2JjN2M0YzAiOnsiY3JlYXRlIjo2MDAwMDAwMDAwMDAsImRlbGV0ZSI6MTIwMDAwMDAwMDAwMH0sInNjaGVtYV92ZXJzaW9uIjoiMSJ9",
          "dependencies": [
            "module.vpc.aws_vpc.mainVPC"
          ]
        },
        {
          "index_key": 6,
          "schema_version": 1,
          "attributes": {
            "arn": "arn:aws:ec2:us-east-1:342495404680:subnet/subnet-0ddf562bbf1f837d6",
            "assign_ipv6_address_on_creation": false,
            "availability_zone": "us-east-1a",
            "availability_zone_id": "use1-az6",
            "cidr_block": "10.0.4.32/28",
            "customer_owned_ipv4_pool": "",
            "id": "subnet-0ddf562bbf1f837d6",
            "ipv6_cidr_block": "",
            "ipv6_cidr_block_association_id": "",
            "map_customer_owned_ip_on_launch": false,
            "map_public_ip_on_launch": true,
            "outpost_arn": "",
            "owner_id": "342495404680",
            "tags": {
              "Environment": "prod",
              "Name": "prod-bastion-host"
            },
            "tags_all": {
              "Environment": "prod",
              "Name": "prod-bastion-host"
            },
            "timeouts": null,
            "vpc_id": "vpc-0dc73e600eb6d5123"
          },
          "sensitive_attributes": [],
          "private": "eyJlMmJmYjczMC1lY2FhLTExZTYtOGY4OC0zNDM2M2JjN2M0YzAiOnsiY3JlYXRlIjo2MDAwMDAwMDAwMDAsImRlbGV0ZSI6MTIwMDAwMDAwMDAwMH0sInNjaGVtYV92ZXJzaW9uIjoiMSJ9",
          "dependencies": [
            "module.vpc.aws_vpc.mainVPC"
          ]
        }
      ]
    },
    {
      "module": "module.vpc",
      "mode": "managed",
      "type": "aws_vpc",
      "name": "mainVPC",
      "provider": "provider[\"registry.terraform.io/hashicorp/aws\"]",
      "instances": [
        {
          "schema_version": 1,
          "attributes": {
            "arn": "arn:aws:ec2:us-east-1:342495404680:vpc/vpc-0dc73e600eb6d5123",
            "assign_generated_ipv6_cidr_block": false,
            "cidr_block": "10.0.0.0/16",
            "default_network_acl_id": "acl-0ba2cde936bc4ee7c",
            "default_route_table_id": "rtb-03fbd48ec1961bd7c",
            "default_security_group_id": "sg-0f14be2859d72c3e5",
            "dhcp_options_id": "dopt-92bbd1e8",
            "enable_classiclink": false,
            "enable_classiclink_dns_support": false,
            "enable_dns_hostnames": false,
            "enable_dns_support": true,
            "id": "vpc-0dc73e600eb6d5123",
            "instance_tenancy": "default",
            "ipv6_association_id": "",
            "ipv6_cidr_block": "",
            "main_route_table_id": "rtb-03fbd48ec1961bd7c",
            "owner_id": "342495404680",
            "tags": {
              "Environment": "prod",
              "Name": "prod-life-project-vpc"
            },
            "tags_all": {
              "Environment": "prod",
              "Name": "prod-life-project-vpc"
            }
          },
          "sensitive_attributes": [],
          "private": "eyJzY2hlbWFfdmVyc2lvbiI6IjEifQ=="
        }
      ]
    }
  ]
}
