{
  "version": 4,
  "terraform_version": "0.14.8",
  "serial": 37,
  "lineage": "2d5211b9-6d9d-1922-c6e9-707a2eb25299",
  "outputs": {},
  "resources": [
    {
      "module": "module.BastionHost",
      "mode": "data",
      "type": "aws_ami",
      "name": "ubuntu",
      "provider": "provider[\"registry.terraform.io/hashicorp/aws\"]",
      "instances": [
        {
          "schema_version": 0,
          "attributes": {
            "architecture": "x86_64",
            "arn": "arn:aws:ec2:us-east-1::image/ami-0fa37863afb290840",
            "block_device_mappings": [
              {
                "device_name": "/dev/sda1",
                "ebs": {
                  "delete_on_termination": "true",
                  "encrypted": "false",
                  "iops": "0",
                  "snapshot_id": "snap-08dcc63a77cdebe56",
                  "throughput": "0",
                  "volume_size": "8",
                  "volume_type": "gp2"
                },
                "no_device": "",
                "virtual_name": ""
              },
              {
                "device_name": "/dev/sdb",
                "ebs": {},
                "no_device": "",
                "virtual_name": "ephemeral0"
              },
              {
                "device_name": "/dev/sdc",
                "ebs": {},
                "no_device": "",
                "virtual_name": "ephemeral1"
              }
            ],
            "creation_date": "2021-03-16T00:50:17.000Z",
            "description": "Canonical, Ubuntu, 20.04 LTS, amd64 focal image build on 2021-03-15",
            "ena_support": true,
            "executable_users": null,
            "filter": [
              {
                "name": "name",
                "values": [
                  "ubuntu/images/hvm-ssd/ubuntu-focal-20.04-amd64-server-*"
                ]
              },
              {
                "name": "virtualization-type",
                "values": [
                  "hvm"
                ]
              }
            ],
            "hypervisor": "xen",
            "id": "ami-0fa37863afb290840",
            "image_id": "ami-0fa37863afb290840",
            "image_location": "099720109477/ubuntu/images/hvm-ssd/ubuntu-focal-20.04-amd64-server-20210315",
            "image_owner_alias": null,
            "image_type": "machine",
            "kernel_id": null,
            "most_recent": true,
            "name": "ubuntu/images/hvm-ssd/ubuntu-focal-20.04-amd64-server-20210315",
            "name_regex": null,
            "owner_id": "099720109477",
            "owners": [
              "099720109477"
            ],
            "platform": null,
            "platform_details": "Linux/UNIX",
            "product_codes": [],
            "public": true,
            "ramdisk_id": null,
            "root_device_name": "/dev/sda1",
            "root_device_type": "ebs",
            "root_snapshot_id": "snap-08dcc63a77cdebe56",
            "sriov_net_support": "simple",
            "state": "available",
            "state_reason": {
              "code": "UNSET",
              "message": "UNSET"
            },
            "tags": {},
            "usage_operation": "RunInstances",
            "virtualization_type": "hvm"
          },
          "sensitive_attributes": []
        }
      ]
    },
    {
      "module": "module.BastionHost",
      "mode": "data",
      "type": "aws_subnet",
      "name": "BastionHostNet",
      "provider": "provider[\"registry.terraform.io/hashicorp/aws\"]",
      "instances": [
        {
          "schema_version": 0,
          "attributes": {
            "arn": "arn:aws:ec2:us-east-1:342495404680:subnet/subnet-051f0a37d44c8305e",
            "assign_ipv6_address_on_creation": false,
            "availability_zone": "us-east-1a",
            "availability_zone_id": "use1-az6",
            "available_ip_address_count": 11,
            "cidr_block": "10.0.4.16/28",
            "customer_owned_ipv4_pool": "",
            "default_for_az": false,
            "filter": [
              {
                "name": "tag:Name",
                "values": [
                  "prod-bastion-host"
                ]
              }
            ],
            "id": "subnet-051f0a37d44c8305e",
            "ipv6_cidr_block": null,
            "ipv6_cidr_block_association_id": null,
            "map_customer_owned_ip_on_launch": false,
            "map_public_ip_on_launch": false,
            "outpost_arn": "",
            "owner_id": "342495404680",
            "state": "available",
            "tags": {
              "Environment": "prod",
              "Name": "prod-bastion-host"
            },
            "vpc_id": "vpc-0ca35057e85d5db5c"
          },
          "sensitive_attributes": []
        }
      ]
    },
    {
      "module": "module.BastionHost",
      "mode": "managed",
      "type": "aws_eip",
      "name": "BastionHost",
      "provider": "provider[\"registry.terraform.io/hashicorp/aws\"]",
      "instances": []
    },
    {
      "module": "module.BastionHost",
      "mode": "managed",
      "type": "aws_instance",
      "name": "BastionHost",
      "provider": "provider[\"registry.terraform.io/hashicorp/aws\"]",
      "instances": []
    },
    {
      "module": "module.BastionHost",
      "mode": "managed",
      "type": "aws_network_interface",
      "name": "bastion-host-nic",
      "provider": "provider[\"registry.terraform.io/hashicorp/aws\"]",
      "instances": [
        {
          "schema_version": 0,
          "attributes": {
            "attachment": [],
            "description": "",
            "id": "eni-099ac99e5d9b8e0a3",
            "ipv6_address_count": 0,
            "ipv6_addresses": [],
            "mac_address": "0e:23:13:1a:34:e9",
            "outpost_arn": "",
            "private_dns_name": "",
            "private_ip": "10.0.4.21",
            "private_ips": [
              "10.0.4.21"
            ],
            "private_ips_count": 0,
            "security_groups": [
              "sg-0da491587f43ae401"
            ],
            "source_dest_check": true,
            "subnet_id": "subnet-051f0a37d44c8305e",
            "tags": {
              "Environment": "prod",
              "Name": "prod-BastionHost-nic"
            }
          },
          "sensitive_attributes": [],
          "private": "bnVsbA==",
          "dependencies": [
            "module.BastionHost.data.aws_subnet.BastionHostNet",
            "module.vpc.aws_internet_gateway.internet_gateway",
            "module.vpc.aws_subnet.subnet",
            "module.vpc.aws_vpc.mainVPC"
          ]
        }
      ]
    },
    {
      "module": "module.front_load_balancer",
      "mode": "data",
      "type": "aws_subnet",
      "name": "back1",
      "provider": "provider[\"registry.terraform.io/hashicorp/aws\"]",
      "instances": [
        {
          "schema_version": 0,
          "attributes": {
            "arn": "arn:aws:ec2:us-east-1:342495404680:subnet/subnet-0ba2f51a09cb8a350",
            "assign_ipv6_address_on_creation": false,
            "availability_zone": "us-east-1a",
            "availability_zone_id": "use1-az6",
            "available_ip_address_count": 251,
            "cidr_block": "10.0.2.0/24",
            "customer_owned_ipv4_pool": "",
            "default_for_az": false,
            "filter": [
              {
                "name": "tag:Name",
                "values": [
                  "prod-back-end-a"
                ]
              }
            ],
            "id": "subnet-0ba2f51a09cb8a350",
            "ipv6_cidr_block": null,
            "ipv6_cidr_block_association_id": null,
            "map_customer_owned_ip_on_launch": false,
            "map_public_ip_on_launch": false,
            "outpost_arn": "",
            "owner_id": "342495404680",
            "state": "available",
            "tags": {
              "Environment": "prod",
              "Name": "prod-back-end-a"
            },
            "vpc_id": "vpc-0ca35057e85d5db5c"
          },
          "sensitive_attributes": []
        }
      ]
    },
    {
      "module": "module.front_load_balancer",
      "mode": "data",
      "type": "aws_subnet",
      "name": "back2",
      "provider": "provider[\"registry.terraform.io/hashicorp/aws\"]",
      "instances": [
        {
          "schema_version": 0,
          "attributes": {
            "arn": "arn:aws:ec2:us-east-1:342495404680:subnet/subnet-0bbc3940a9ba3c40f",
            "assign_ipv6_address_on_creation": false,
            "availability_zone": "us-east-1b",
            "availability_zone_id": "use1-az1",
            "available_ip_address_count": 251,
            "cidr_block": "10.0.3.0/24",
            "customer_owned_ipv4_pool": "",
            "default_for_az": false,
            "filter": [
              {
                "name": "tag:Name",
                "values": [
                  "prod-back-end-b"
                ]
              }
            ],
            "id": "subnet-0bbc3940a9ba3c40f",
            "ipv6_cidr_block": null,
            "ipv6_cidr_block_association_id": null,
            "map_customer_owned_ip_on_launch": false,
            "map_public_ip_on_launch": false,
            "outpost_arn": "",
            "owner_id": "342495404680",
            "state": "available",
            "tags": {
              "Environment": "prod",
              "Name": "prod-back-end-b"
            },
            "vpc_id": "vpc-0ca35057e85d5db5c"
          },
          "sensitive_attributes": []
        }
      ]
    },
    {
      "module": "module.front_load_balancer",
      "mode": "data",
      "type": "aws_subnet",
      "name": "front1",
      "provider": "provider[\"registry.terraform.io/hashicorp/aws\"]",
      "instances": [
        {
          "schema_version": 0,
          "attributes": {
            "arn": "arn:aws:ec2:us-east-1:342495404680:subnet/subnet-0cdc31c3d523bb8fa",
            "assign_ipv6_address_on_creation": false,
            "availability_zone": "us-east-1a",
            "availability_zone_id": "use1-az6",
            "available_ip_address_count": 251,
            "cidr_block": "10.0.0.0/24",
            "customer_owned_ipv4_pool": "",
            "default_for_az": false,
            "filter": [
              {
                "name": "tag:Name",
                "values": [
                  "prod-front-end-a"
                ]
              }
            ],
            "id": "subnet-0cdc31c3d523bb8fa",
            "ipv6_cidr_block": null,
            "ipv6_cidr_block_association_id": null,
            "map_customer_owned_ip_on_launch": false,
            "map_public_ip_on_launch": false,
            "outpost_arn": "",
            "owner_id": "342495404680",
            "state": "available",
            "tags": {
              "Environment": "prod",
              "Name": "prod-front-end-a"
            },
            "vpc_id": "vpc-0ca35057e85d5db5c"
          },
          "sensitive_attributes": []
        }
      ]
    },
    {
      "module": "module.front_load_balancer",
      "mode": "data",
      "type": "aws_subnet",
      "name": "front2",
      "provider": "provider[\"registry.terraform.io/hashicorp/aws\"]",
      "instances": [
        {
          "schema_version": 0,
          "attributes": {
            "arn": "arn:aws:ec2:us-east-1:342495404680:subnet/subnet-0ffd35c304db3297c",
            "assign_ipv6_address_on_creation": false,
            "availability_zone": "us-east-1b",
            "availability_zone_id": "use1-az1",
            "available_ip_address_count": 251,
            "cidr_block": "10.0.1.0/24",
            "customer_owned_ipv4_pool": "",
            "default_for_az": false,
            "filter": [
              {
                "name": "tag:Name",
                "values": [
                  "prod-front-end-b"
                ]
              }
            ],
            "id": "subnet-0ffd35c304db3297c",
            "ipv6_cidr_block": null,
            "ipv6_cidr_block_association_id": null,
            "map_customer_owned_ip_on_launch": false,
            "map_public_ip_on_launch": false,
            "outpost_arn": "",
            "owner_id": "342495404680",
            "state": "available",
            "tags": {
              "Environment": "prod",
              "Name": "prod-front-end-b"
            },
            "vpc_id": "vpc-0ca35057e85d5db5c"
          },
          "sensitive_attributes": []
        }
      ]
    },
    {
      "module": "module.front_load_balancer",
      "mode": "managed",
      "type": "aws_lb",
      "name": "back_lb",
      "provider": "provider[\"registry.terraform.io/hashicorp/aws\"]",
      "instances": [
        {
          "schema_version": 0,
          "attributes": {
            "access_logs": [
              {
                "bucket": "",
                "enabled": false,
                "prefix": ""
              }
            ],
            "arn": "arn:aws:elasticloadbalancing:us-east-1:342495404680:loadbalancer/app/prod-Back-end-balancer/c5c67008d12cd64f",
            "arn_suffix": "app/prod-Back-end-balancer/c5c67008d12cd64f",
            "customer_owned_ipv4_pool": "",
            "dns_name": "internal-prod-Back-end-balancer-356461786.us-east-1.elb.amazonaws.com",
            "drop_invalid_header_fields": false,
            "enable_cross_zone_load_balancing": null,
            "enable_deletion_protection": false,
            "enable_http2": true,
            "id": "arn:aws:elasticloadbalancing:us-east-1:342495404680:loadbalancer/app/prod-Back-end-balancer/c5c67008d12cd64f",
            "idle_timeout": 60,
            "internal": true,
            "ip_address_type": "ipv4",
            "load_balancer_type": "application",
            "name": "prod-Back-end-balancer",
            "name_prefix": null,
            "security_groups": [
              "sg-0da491587f43ae401"
            ],
            "subnet_mapping": [
              {
                "allocation_id": "",
                "ipv6_address": "",
                "outpost_id": "",
                "private_ipv4_address": "",
                "subnet_id": "subnet-0ba2f51a09cb8a350"
              },
              {
                "allocation_id": "",
                "ipv6_address": "",
                "outpost_id": "",
                "private_ipv4_address": "",
                "subnet_id": "subnet-0bbc3940a9ba3c40f"
              }
            ],
            "subnets": [
              "subnet-0ba2f51a09cb8a350",
              "subnet-0bbc3940a9ba3c40f"
            ],
            "tags": {
              "Environment": "prod",
              "Name": "prod-Back-end-balancer"
            },
            "timeouts": null,
            "vpc_id": "vpc-0ca35057e85d5db5c",
            "zone_id": "Z35SXDOTRQ7X7K"
          },
          "sensitive_attributes": [],
          "private": "eyJlMmJmYjczMC1lY2FhLTExZTYtOGY4OC0zNDM2M2JjN2M0YzAiOnsiY3JlYXRlIjo2MDAwMDAwMDAwMDAsImRlbGV0ZSI6NjAwMDAwMDAwMDAwLCJ1cGRhdGUiOjYwMDAwMDAwMDAwMH19",
          "dependencies": [
            "module.front_load_balancer.data.aws_subnet.back1",
            "module.front_load_balancer.data.aws_subnet.back2",
            "module.vpc.aws_internet_gateway.internet_gateway",
            "module.vpc.aws_subnet.subnet",
            "module.vpc.aws_vpc.mainVPC"
          ]
        }
      ]
    },
    {
      "module": "module.front_load_balancer",
      "mode": "managed",
      "type": "aws_lb",
      "name": "front_lb",
      "provider": "provider[\"registry.terraform.io/hashicorp/aws\"]",
      "instances": [
        {
          "schema_version": 0,
          "attributes": {
            "access_logs": [
              {
                "bucket": "",
                "enabled": false,
                "prefix": ""
              }
            ],
            "arn": "arn:aws:elasticloadbalancing:us-east-1:342495404680:loadbalancer/app/prod-Front-load-balancer/3973e2f535eebac2",
            "arn_suffix": "app/prod-Front-load-balancer/3973e2f535eebac2",
            "customer_owned_ipv4_pool": "",
            "dns_name": "prod-Front-load-balancer-2030120010.us-east-1.elb.amazonaws.com",
            "drop_invalid_header_fields": false,
            "enable_cross_zone_load_balancing": null,
            "enable_deletion_protection": false,
            "enable_http2": true,
            "id": "arn:aws:elasticloadbalancing:us-east-1:342495404680:loadbalancer/app/prod-Front-load-balancer/3973e2f535eebac2",
            "idle_timeout": 60,
            "internal": false,
            "ip_address_type": "ipv4",
            "load_balancer_type": "application",
            "name": "prod-Front-load-balancer",
            "name_prefix": null,
            "security_groups": [
              "sg-0da491587f43ae401"
            ],
            "subnet_mapping": [
              {
                "allocation_id": "",
                "ipv6_address": "",
                "outpost_id": "",
                "private_ipv4_address": "",
                "subnet_id": "subnet-0cdc31c3d523bb8fa"
              },
              {
                "allocation_id": "",
                "ipv6_address": "",
                "outpost_id": "",
                "private_ipv4_address": "",
                "subnet_id": "subnet-0ffd35c304db3297c"
              }
            ],
            "subnets": [
              "subnet-0cdc31c3d523bb8fa",
              "subnet-0ffd35c304db3297c"
            ],
            "tags": {
              "Environment": "prod",
              "Name": "prod-Front-load-balancer"
            },
            "timeouts": null,
            "vpc_id": "vpc-0ca35057e85d5db5c",
            "zone_id": "Z35SXDOTRQ7X7K"
          },
          "sensitive_attributes": [],
          "private": "eyJlMmJmYjczMC1lY2FhLTExZTYtOGY4OC0zNDM2M2JjN2M0YzAiOnsiY3JlYXRlIjo2MDAwMDAwMDAwMDAsImRlbGV0ZSI6NjAwMDAwMDAwMDAwLCJ1cGRhdGUiOjYwMDAwMDAwMDAwMH19",
          "dependencies": [
            "module.front_load_balancer.data.aws_subnet.front1",
            "module.front_load_balancer.data.aws_subnet.front2",
            "module.vpc.aws_internet_gateway.internet_gateway",
            "module.vpc.aws_subnet.subnet",
            "module.vpc.aws_vpc.mainVPC"
          ]
        }
      ]
    },
    {
      "module": "module.front_load_balancer",
      "mode": "managed",
      "type": "aws_lb_listener",
      "name": "back_end_listener",
      "provider": "provider[\"registry.terraform.io/hashicorp/aws\"]",
      "instances": [
        {
          "schema_version": 0,
          "attributes": {
            "arn": "arn:aws:elasticloadbalancing:us-east-1:342495404680:listener/app/prod-Back-end-balancer/c5c67008d12cd64f/468796e0dc855284",
            "certificate_arn": null,
            "default_action": [
              {
                "authenticate_cognito": [],
                "authenticate_oidc": [],
                "fixed_response": [],
                "forward": [],
                "order": 1,
                "redirect": [],
                "target_group_arn": "arn:aws:elasticloadbalancing:us-east-1:342495404680:targetgroup/prod-back-lb-group/29dd08d9db3da8e5",
                "type": "forward"
              }
            ],
            "id": "arn:aws:elasticloadbalancing:us-east-1:342495404680:listener/app/prod-Back-end-balancer/c5c67008d12cd64f/468796e0dc855284",
            "load_balancer_arn": "arn:aws:elasticloadbalancing:us-east-1:342495404680:loadbalancer/app/prod-Back-end-balancer/c5c67008d12cd64f",
            "port": 3500,
            "protocol": "HTTP",
            "ssl_policy": "",
            "timeouts": null
          },
          "sensitive_attributes": [],
          "private": "eyJlMmJmYjczMC1lY2FhLTExZTYtOGY4OC0zNDM2M2JjN2M0YzAiOnsicmVhZCI6NjAwMDAwMDAwMDAwfX0=",
          "dependencies": [
            "module.front_load_balancer.aws_lb.back_lb",
            "module.front_load_balancer.aws_lb_target_group.back-end-machines",
            "module.front_load_balancer.data.aws_subnet.back1",
            "module.front_load_balancer.data.aws_subnet.back2",
            "module.vpc.aws_internet_gateway.internet_gateway",
            "module.vpc.aws_subnet.subnet",
            "module.vpc.aws_vpc.mainVPC"
          ]
        }
      ]
    },
    {
      "module": "module.front_load_balancer",
      "mode": "managed",
      "type": "aws_lb_listener",
      "name": "front_end_listener",
      "provider": "provider[\"registry.terraform.io/hashicorp/aws\"]",
      "instances": [
        {
          "schema_version": 0,
          "attributes": {
            "arn": "arn:aws:elasticloadbalancing:us-east-1:342495404680:listener/app/prod-Front-load-balancer/3973e2f535eebac2/5f79a7303e9113ac",
            "certificate_arn": null,
            "default_action": [
              {
                "authenticate_cognito": [],
                "authenticate_oidc": [],
                "fixed_response": [],
                "forward": [],
                "order": 1,
                "redirect": [],
                "target_group_arn": "arn:aws:elasticloadbalancing:us-east-1:342495404680:targetgroup/prod-front-lb-group/83157848130acefa",
                "type": "forward"
              }
            ],
            "id": "arn:aws:elasticloadbalancing:us-east-1:342495404680:listener/app/prod-Front-load-balancer/3973e2f535eebac2/5f79a7303e9113ac",
            "load_balancer_arn": "arn:aws:elasticloadbalancing:us-east-1:342495404680:loadbalancer/app/prod-Front-load-balancer/3973e2f535eebac2",
            "port": 3000,
            "protocol": "HTTP",
            "ssl_policy": "",
            "timeouts": null
          },
          "sensitive_attributes": [],
          "private": "eyJlMmJmYjczMC1lY2FhLTExZTYtOGY4OC0zNDM2M2JjN2M0YzAiOnsicmVhZCI6NjAwMDAwMDAwMDAwfX0=",
          "dependencies": [
            "module.front_load_balancer.aws_lb.front_lb",
            "module.front_load_balancer.aws_lb_target_group.front-end-machines",
            "module.front_load_balancer.data.aws_subnet.front1",
            "module.front_load_balancer.data.aws_subnet.front2",
            "module.vpc.aws_internet_gateway.internet_gateway",
            "module.vpc.aws_subnet.subnet",
            "module.vpc.aws_vpc.mainVPC"
          ]
        }
      ]
    },
    {
      "module": "module.front_load_balancer",
      "mode": "managed",
      "type": "aws_lb_target_group",
      "name": "back-end-machines",
      "provider": "provider[\"registry.terraform.io/hashicorp/aws\"]",
      "instances": [
        {
          "schema_version": 0,
          "attributes": {
            "arn": "arn:aws:elasticloadbalancing:us-east-1:342495404680:targetgroup/prod-back-lb-group/29dd08d9db3da8e5",
            "arn_suffix": "targetgroup/prod-back-lb-group/29dd08d9db3da8e5",
            "deregistration_delay": 300,
            "health_check": [
              {
                "enabled": true,
                "healthy_threshold": 5,
                "interval": 30,
                "matcher": "200",
                "path": "/",
                "port": "traffic-port",
                "protocol": "HTTP",
                "timeout": 5,
                "unhealthy_threshold": 2
              }
            ],
            "id": "arn:aws:elasticloadbalancing:us-east-1:342495404680:targetgroup/prod-back-lb-group/29dd08d9db3da8e5",
            "lambda_multi_value_headers_enabled": false,
            "load_balancing_algorithm_type": "round_robin",
            "name": "prod-back-lb-group",
            "name_prefix": null,
            "port": 3500,
            "protocol": "HTTP",
            "protocol_version": "HTTP1",
            "proxy_protocol_v2": false,
            "slow_start": 0,
            "stickiness": [
              {
                "cookie_duration": 86400,
                "enabled": false,
                "type": "lb_cookie"
              }
            ],
            "tags": null,
            "target_type": "instance",
            "vpc_id": "vpc-0ca35057e85d5db5c"
          },
          "sensitive_attributes": [],
          "private": "bnVsbA==",
          "dependencies": [
            "module.vpc.aws_internet_gateway.internet_gateway",
            "module.vpc.aws_subnet.subnet",
            "module.vpc.aws_vpc.mainVPC"
          ]
        }
      ]
    },
    {
      "module": "module.front_load_balancer",
      "mode": "managed",
      "type": "aws_lb_target_group",
      "name": "front-end-machines",
      "provider": "provider[\"registry.terraform.io/hashicorp/aws\"]",
      "instances": [
        {
          "schema_version": 0,
          "attributes": {
            "arn": "arn:aws:elasticloadbalancing:us-east-1:342495404680:targetgroup/prod-front-lb-group/83157848130acefa",
            "arn_suffix": "targetgroup/prod-front-lb-group/83157848130acefa",
            "deregistration_delay": 300,
            "health_check": [
              {
                "enabled": true,
                "healthy_threshold": 5,
                "interval": 30,
                "matcher": "200",
                "path": "/",
                "port": "traffic-port",
                "protocol": "HTTP",
                "timeout": 5,
                "unhealthy_threshold": 2
              }
            ],
            "id": "arn:aws:elasticloadbalancing:us-east-1:342495404680:targetgroup/prod-front-lb-group/83157848130acefa",
            "lambda_multi_value_headers_enabled": false,
            "load_balancing_algorithm_type": "round_robin",
            "name": "prod-front-lb-group",
            "name_prefix": null,
            "port": 3000,
            "protocol": "HTTP",
            "protocol_version": "HTTP1",
            "proxy_protocol_v2": false,
            "slow_start": 0,
            "stickiness": [
              {
                "cookie_duration": 86400,
                "enabled": false,
                "type": "lb_cookie"
              }
            ],
            "tags": null,
            "target_type": "instance",
            "vpc_id": "vpc-0ca35057e85d5db5c"
          },
          "sensitive_attributes": [],
          "private": "bnVsbA==",
          "dependencies": [
            "module.vpc.aws_internet_gateway.internet_gateway",
            "module.vpc.aws_subnet.subnet",
            "module.vpc.aws_vpc.mainVPC"
          ]
        }
      ]
    },
    {
      "module": "module.vpc",
      "mode": "managed",
      "type": "aws_internet_gateway",
      "name": "internet_gateway",
      "provider": "provider[\"registry.terraform.io/hashicorp/aws\"]",
      "instances": [
        {
          "schema_version": 0,
          "attributes": {
            "arn": "arn:aws:ec2:us-east-1:342495404680:internet-gateway/igw-06c9ff1b93fc68e33",
            "id": "igw-06c9ff1b93fc68e33",
            "owner_id": "342495404680",
            "tags": {
              "Name": "prod-internet-gateway"
            },
            "vpc_id": "vpc-0ca35057e85d5db5c"
          },
          "sensitive_attributes": [],
          "private": "bnVsbA==",
          "dependencies": [
            "module.vpc.aws_vpc.mainVPC"
          ]
        }
      ]
    },
    {
      "module": "module.vpc",
      "mode": "managed",
      "type": "aws_subnet",
      "name": "subnet",
      "provider": "provider[\"registry.terraform.io/hashicorp/aws\"]",
      "instances": [
        {
          "index_key": 0,
          "schema_version": 1,
          "attributes": {
            "arn": "arn:aws:ec2:us-east-1:342495404680:subnet/subnet-0cdc31c3d523bb8fa",
            "assign_ipv6_address_on_creation": false,
            "availability_zone": "us-east-1a",
            "availability_zone_id": "use1-az6",
            "cidr_block": "10.0.0.0/24",
            "customer_owned_ipv4_pool": "",
            "id": "subnet-0cdc31c3d523bb8fa",
            "ipv6_cidr_block": "",
            "ipv6_cidr_block_association_id": "",
            "map_customer_owned_ip_on_launch": false,
            "map_public_ip_on_launch": false,
            "outpost_arn": "",
            "owner_id": "342495404680",
            "tags": {
              "Environment": "prod",
              "Name": "prod-front-end-a"
            },
            "tags_all": {
              "Environment": "prod",
              "Name": "prod-front-end-a"
            },
            "timeouts": null,
            "vpc_id": "vpc-0ca35057e85d5db5c"
          },
          "sensitive_attributes": [],
          "private": "eyJlMmJmYjczMC1lY2FhLTExZTYtOGY4OC0zNDM2M2JjN2M0YzAiOnsiY3JlYXRlIjo2MDAwMDAwMDAwMDAsImRlbGV0ZSI6MTIwMDAwMDAwMDAwMH0sInNjaGVtYV92ZXJzaW9uIjoiMSJ9",
          "dependencies": [
            "module.vpc.aws_vpc.mainVPC"
          ]
        },
        {
          "index_key": 1,
          "schema_version": 1,
          "attributes": {
            "arn": "arn:aws:ec2:us-east-1:342495404680:subnet/subnet-0ffd35c304db3297c",
            "assign_ipv6_address_on_creation": false,
            "availability_zone": "us-east-1b",
            "availability_zone_id": "use1-az1",
            "cidr_block": "10.0.1.0/24",
            "customer_owned_ipv4_pool": "",
            "id": "subnet-0ffd35c304db3297c",
            "ipv6_cidr_block": "",
            "ipv6_cidr_block_association_id": "",
            "map_customer_owned_ip_on_launch": false,
            "map_public_ip_on_launch": false,
            "outpost_arn": "",
            "owner_id": "342495404680",
            "tags": {
              "Environment": "prod",
              "Name": "prod-front-end-b"
            },
            "tags_all": {
              "Environment": "prod",
              "Name": "prod-front-end-b"
            },
            "timeouts": null,
            "vpc_id": "vpc-0ca35057e85d5db5c"
          },
          "sensitive_attributes": [],
          "private": "eyJlMmJmYjczMC1lY2FhLTExZTYtOGY4OC0zNDM2M2JjN2M0YzAiOnsiY3JlYXRlIjo2MDAwMDAwMDAwMDAsImRlbGV0ZSI6MTIwMDAwMDAwMDAwMH0sInNjaGVtYV92ZXJzaW9uIjoiMSJ9",
          "dependencies": [
            "module.vpc.aws_vpc.mainVPC"
          ]
        },
        {
          "index_key": 2,
          "schema_version": 1,
          "attributes": {
            "arn": "arn:aws:ec2:us-east-1:342495404680:subnet/subnet-0ba2f51a09cb8a350",
            "assign_ipv6_address_on_creation": false,
            "availability_zone": "us-east-1a",
            "availability_zone_id": "use1-az6",
            "cidr_block": "10.0.2.0/24",
            "customer_owned_ipv4_pool": "",
            "id": "subnet-0ba2f51a09cb8a350",
            "ipv6_cidr_block": "",
            "ipv6_cidr_block_association_id": "",
            "map_customer_owned_ip_on_launch": false,
            "map_public_ip_on_launch": false,
            "outpost_arn": "",
            "owner_id": "342495404680",
            "tags": {
              "Environment": "prod",
              "Name": "prod-back-end-a"
            },
            "tags_all": {
              "Environment": "prod",
              "Name": "prod-back-end-a"
            },
            "timeouts": null,
            "vpc_id": "vpc-0ca35057e85d5db5c"
          },
          "sensitive_attributes": [],
          "private": "eyJlMmJmYjczMC1lY2FhLTExZTYtOGY4OC0zNDM2M2JjN2M0YzAiOnsiY3JlYXRlIjo2MDAwMDAwMDAwMDAsImRlbGV0ZSI6MTIwMDAwMDAwMDAwMH0sInNjaGVtYV92ZXJzaW9uIjoiMSJ9",
          "dependencies": [
            "module.vpc.aws_vpc.mainVPC"
          ]
        },
        {
          "index_key": 3,
          "schema_version": 1,
          "attributes": {
            "arn": "arn:aws:ec2:us-east-1:342495404680:subnet/subnet-0bbc3940a9ba3c40f",
            "assign_ipv6_address_on_creation": false,
            "availability_zone": "us-east-1b",
            "availability_zone_id": "use1-az1",
            "cidr_block": "10.0.3.0/24",
            "customer_owned_ipv4_pool": "",
            "id": "subnet-0bbc3940a9ba3c40f",
            "ipv6_cidr_block": "",
            "ipv6_cidr_block_association_id": "",
            "map_customer_owned_ip_on_launch": false,
            "map_public_ip_on_launch": false,
            "outpost_arn": "",
            "owner_id": "342495404680",
            "tags": {
              "Environment": "prod",
              "Name": "prod-back-end-b"
            },
            "tags_all": {
              "Environment": "prod",
              "Name": "prod-back-end-b"
            },
            "timeouts": null,
            "vpc_id": "vpc-0ca35057e85d5db5c"
          },
          "sensitive_attributes": [],
          "private": "eyJlMmJmYjczMC1lY2FhLTExZTYtOGY4OC0zNDM2M2JjN2M0YzAiOnsiY3JlYXRlIjo2MDAwMDAwMDAwMDAsImRlbGV0ZSI6MTIwMDAwMDAwMDAwMH0sInNjaGVtYV92ZXJzaW9uIjoiMSJ9",
          "dependencies": [
            "module.vpc.aws_vpc.mainVPC"
          ]
        },
        {
          "index_key": 4,
          "schema_version": 1,
          "attributes": {
            "arn": "arn:aws:ec2:us-east-1:342495404680:subnet/subnet-0efca8ef4064e0c22",
            "assign_ipv6_address_on_creation": false,
            "availability_zone": "us-east-1b",
            "availability_zone_id": "use1-az1",
            "cidr_block": "10.0.4.0/28",
            "customer_owned_ipv4_pool": "",
            "id": "subnet-0efca8ef4064e0c22",
            "ipv6_cidr_block": "",
            "ipv6_cidr_block_association_id": "",
            "map_customer_owned_ip_on_launch": false,
            "map_public_ip_on_launch": false,
            "outpost_arn": "",
            "owner_id": "342495404680",
            "tags": {
              "Environment": "prod",
              "Name": "prod-database"
            },
            "tags_all": {
              "Environment": "prod",
              "Name": "prod-database"
            },
            "timeouts": null,
            "vpc_id": "vpc-0ca35057e85d5db5c"
          },
          "sensitive_attributes": [],
          "private": "eyJlMmJmYjczMC1lY2FhLTExZTYtOGY4OC0zNDM2M2JjN2M0YzAiOnsiY3JlYXRlIjo2MDAwMDAwMDAwMDAsImRlbGV0ZSI6MTIwMDAwMDAwMDAwMH0sInNjaGVtYV92ZXJzaW9uIjoiMSJ9",
          "dependencies": [
            "module.vpc.aws_vpc.mainVPC"
          ]
        },
        {
          "index_key": 5,
          "schema_version": 1,
          "attributes": {
            "arn": "arn:aws:ec2:us-east-1:342495404680:subnet/subnet-051f0a37d44c8305e",
            "assign_ipv6_address_on_creation": false,
            "availability_zone": "us-east-1a",
            "availability_zone_id": "use1-az6",
            "cidr_block": "10.0.4.16/28",
            "customer_owned_ipv4_pool": "",
            "id": "subnet-051f0a37d44c8305e",
            "ipv6_cidr_block": "",
            "ipv6_cidr_block_association_id": "",
            "map_customer_owned_ip_on_launch": false,
            "map_public_ip_on_launch": false,
            "outpost_arn": "",
            "owner_id": "342495404680",
            "tags": {
              "Environment": "prod",
              "Name": "prod-bastion-host"
            },
            "tags_all": {
              "Environment": "prod",
              "Name": "prod-bastion-host"
            },
            "timeouts": null,
            "vpc_id": "vpc-0ca35057e85d5db5c"
          },
          "sensitive_attributes": [],
          "private": "eyJlMmJmYjczMC1lY2FhLTExZTYtOGY4OC0zNDM2M2JjN2M0YzAiOnsiY3JlYXRlIjo2MDAwMDAwMDAwMDAsImRlbGV0ZSI6MTIwMDAwMDAwMDAwMH0sInNjaGVtYV92ZXJzaW9uIjoiMSJ9",
          "dependencies": [
            "module.vpc.aws_vpc.mainVPC"
          ]
        }
      ]
    },
    {
      "module": "module.vpc",
      "mode": "managed",
      "type": "aws_vpc",
      "name": "mainVPC",
      "provider": "provider[\"registry.terraform.io/hashicorp/aws\"]",
      "instances": [
        {
          "schema_version": 1,
          "attributes": {
            "arn": "arn:aws:ec2:us-east-1:342495404680:vpc/vpc-0ca35057e85d5db5c",
            "assign_generated_ipv6_cidr_block": false,
            "cidr_block": "10.0.0.0/16",
            "default_network_acl_id": "acl-0cbed3df332b08b3a",
            "default_route_table_id": "rtb-0d778cf58cfdd5c7d",
            "default_security_group_id": "sg-0da491587f43ae401",
            "dhcp_options_id": "dopt-92bbd1e8",
            "enable_classiclink": false,
            "enable_classiclink_dns_support": false,
            "enable_dns_hostnames": false,
            "enable_dns_support": true,
            "id": "vpc-0ca35057e85d5db5c",
            "instance_tenancy": "default",
            "ipv6_association_id": "",
            "ipv6_cidr_block": "",
            "main_route_table_id": "rtb-0d778cf58cfdd5c7d",
            "owner_id": "342495404680",
            "tags": {
              "Environment": "prod",
              "Name": "prod-life-project-vpc"
            },
            "tags_all": {
              "Environment": "prod",
              "Name": "prod-life-project-vpc"
            }
          },
          "sensitive_attributes": [],
          "private": "eyJzY2hlbWFfdmVyc2lvbiI6IjEifQ=="
        }
      ]
    }
  ]
}
